PODS:
  - FMDB (2.6.2):
    - FMDB/standard (= 2.6.2)
  - FMDB/standard (2.6.2)
  - ObjcExceptionBridging (1.0.1):
    - ObjcExceptionBridging/ObjcExceptionBridging (= 1.0.1)
  - ObjcExceptionBridging/ObjcExceptionBridging (1.0.1)
  - Ono (1.2.2)
  - SAMKeychain (1.5.0)
  - Sparkle (1.14.0)
  - XCGLogger (6.1.0):
    - XCGLogger/Core (= 6.1.0)
  - XCGLogger/Core (6.1.0):
    - ObjcExceptionBridging

DEPENDENCIES:
  - FMDB (~> 2.6.2)
  - Ono (~> 1.2.2)
  - SAMKeychain (~> 1.5.0)
  - Sparkle (~> 1.14.0)
  - XCGLogger (~> 6.1.0)

SPEC REPOS:
  https://github.com/cocoapods/specs.git:
    - FMDB
    - ObjcExceptionBridging
    - Ono
    - SAMKeychain
    - Sparkle
    - XCGLogger

SPEC CHECKSUMS:
  FMDB: 854a0341b4726e53276f2a8996f06f1b80f9259a
  ObjcExceptionBridging: c30e00eb3700467e695faeea30e26e18bd445001
  Ono: 80b1c686777d3f6d5d5ce6fcac8a74afef4ca197
  SAMKeychain: 1fc9ae02f576365395758b12888c84704eebc423
  Sparkle: ccd95233b12a3e3d4eeb55ff01dd4c8bb8188b07
  XCGLogger: 7f7f43f15dfe3a305fa1342b7dc29af656289abd

PODFILE CHECKSUM: 9af8353de7594e1723c4ec64bd1bbac57af96af5

COCOAPODS: 1.5.3
