PODS:
  - Alamofire (5.6.0)
  - DGCharts (5.0.0):
    - DGCharts/Core (= 5.0.0)
  - DGCharts/Core (5.0.0)
  - FMDB (2.7.5):
    - FMDB/standard (= 2.7.5)
  - FMDB/standard (2.7.5)
  - Kanna (5.2.7)
  - Kingfisher (6.3.1)
  - ObjcExceptionBridging (1.0.1):
    - ObjcExceptionBridging/ObjcExceptionBridging (= 1.0.1)
  - ObjcExceptionBridging/ObjcExceptionBridging (1.0.1)
  - SAMKeychain (1.5.3)
  - SnapKit (5.6.0)
  - Sparkle (2.1.0)
  - Starscream (4.0.4)
  - SwiftGen (6.5.1)
  - SwiftLint (0.47.0)
  - XCGLogger (7.0.1):
    - XCGLogger/Core (= 7.0.1)
  - XCGLogger/Core (7.0.1):
    - ObjcExceptionBridging

DEPENDENCIES:
  - Alamofire (~> 5.6.0)
  - DGCharts (~> 5.0.0)
  - FMDB (~> 2.7.5)
  - Kanna (~> 5.2.7)
  - Kingfisher (~> 6.3.1)
  - SAMKeychain (~> 1.5.3)
  - SnapKit (~> 5.6.0)
  - Sparkle (~> 2.1.0)
  - Starscream (~> 4.0.4)
  - SwiftGen (~> 6.5.1)
  - SwiftLint (~> 0.47.0)
  - XCGLogger (~> 7.0.1)

SPEC REPOS:
  trunk:
    - Alamofire
    - DGCharts
    - FMDB
    - Kanna
    - Kingfisher
    - ObjcExceptionBridging
    - SAMKeychain
    - SnapKit
    - Sparkle
    - Starscream
    - SwiftGen
    - SwiftLint
    - XCGLogger

SPEC CHECKSUMS:
  Alamofire: 0c07058209f211e3d32824f8e0766d7c44ac83b3
  DGCharts: 6e0cf2644e8f81ad13f04caa8bc18502870a1c54
  FMDB: 2ce00b547f966261cd18927a3ddb07cb6f3db82a
  Kanna: 01cfbddc127f5ff0963692f285fcbc8a9d62d234
  Kingfisher: 016c8b653a35add51dd34a3aba36b580041acc74
  ObjcExceptionBridging: c30e00eb3700467e695faeea30e26e18bd445001
  SAMKeychain: 483e1c9f32984d50ca961e26818a534283b4cd5c
  SnapKit: e01d52ebb8ddbc333eefe2132acf85c8227d9c25
  Sparkle: 7f5f6d4328458515e23272f4138e610c1fa3e32d
  Starscream: 5178aed56b316f13fa3bc55694e583d35dd414d9
  SwiftGen: a6d22010845f08fe18fbdf3a07a8e380fd22e0ea
  SwiftLint: d41cc46a2ae58ac6d9f26954bc89f1d72e71fdef
  XCGLogger: 1943831ef907df55108b0b18657953f868de973b

PODFILE CHECKSUM: fcce2743d22469df910924787623be3875982228

COCOAPODS: 1.14.3
