PODS:
  - Alamofire (5.4.3)
  - Charts (4.0.2):
    - Charts/Core (= 4.0.2)
  - Charts/Core (4.0.2):
    - SwiftAlgorithms (~> 1.0)
  - FMDB (2.7.5):
    - FMDB/standard (= 2.7.5)
  - FMDB/standard (2.7.5)
  - Kanna (5.2.7)
  - Kingfisher (6.3.0)
  - ObjcExceptionBridging (1.0.1):
    - ObjcExceptionBridging/ObjcExceptionBridging (= 1.0.1)
  - ObjcExceptionBridging/ObjcExceptionBridging (1.0.1)
  - SAMKeychain (1.5.3)
  - SnapKit (5.0.1)
  - Sparkle (1.26.0)
  - Starscream (4.0.4)
  - SwiftAlgorithms (1.0.0)
  - SwiftGen (6.4.0)
  - SwiftLint (0.43.1)
  - XCGLogger (7.0.1):
    - XCGLogger/Core (= 7.0.1)
  - XCGLogger/Core (7.0.1):
    - ObjcExceptionBridging

DEPENDENCIES:
  - Alamofire (~> 5.4.3)
  - Charts (~> 4.0.2)
  - FMDB (~> 2.7.5)
  - Kanna (~> 5.2.7)
  - Kingfisher (~> 6.3.0)
  - SAMKeychain (~> 1.5.3)
  - SnapKit (~> 5.0.1)
  - Sparkle (~> 1.26.0)
  - Starscream (~> 4.0.4)
  - SwiftGen (~> 6.4.0)
  - SwiftLint (~> 0.43.1)
  - XCGLogger (~> 7.0.1)

SPEC REPOS:
  trunk:
    - Alamofire
    - Charts
    - FMDB
    - Kanna
    - Kingfisher
    - ObjcExceptionBridging
    - SAMKeychain
    - SnapKit
    - Sparkle
    - Starscream
    - SwiftAlgorithms
    - SwiftGen
    - SwiftLint
    - XCGLogger

SPEC CHECKSUMS:
  Alamofire: e447a2774a40c996748296fa2c55112fdbbc42f9
  Charts: cfa4e911e6dc289582c2fe011a0e87c03d96727f
  FMDB: 2ce00b547f966261cd18927a3ddb07cb6f3db82a
  Kanna: 01cfbddc127f5ff0963692f285fcbc8a9d62d234
  Kingfisher: 6c3df386db71d82c0817a429d2c9421a77396529
  ObjcExceptionBridging: c30e00eb3700467e695faeea30e26e18bd445001
  SAMKeychain: 483e1c9f32984d50ca961e26818a534283b4cd5c
  SnapKit: 97b92857e3df3a0c71833cce143274bf6ef8e5eb
  Sparkle: d56d028f4b0c123577825f5d1004f6140d77f90e
  Starscream: 5178aed56b316f13fa3bc55694e583d35dd414d9
  SwiftAlgorithms: 38dda4731d19027fdeee1125f973111bf3386b53
  SwiftGen: 67860cc7c3cfc2ed25b9b74cfd55495fc89f9108
  SwiftLint: 99f82d07b837b942dd563c668de129a03fc3fb52
  XCGLogger: 1943831ef907df55108b0b18657953f868de973b

PODFILE CHECKSUM: 21efe0d30adced4e131025ff8d5cce90d2a799dd

COCOAPODS: 1.11.3
