// !$*UTF8*$!
{
	archiveVersion = 1;
	classes = {
	};
	objectVersion = 46;
	objects = {

/* Begin PBXBuildFile section */
		DB080B851A17CA0100896228 /* CookieUtilityTests.swift in Sources */ = {isa = PBXBuildFile; fileRef = DB080B841A17CA0100896228 /* CookieUtilityTests.swift */; };
		DB0E10641A39B6C200A10E00 /* GeneralViewController.swift in Sources */ = {isa = PBXBuildFile; fileRef = DB0E10631A39B6C200A10E00 /* GeneralViewController.swift */; };
		DB0E10681A39B6DD00A10E00 /* MuteViewController.swift in Sources */ = {isa = PBXBuildFile; fileRef = DB0E10671A39B6DD00A10E00 /* MuteViewController.swift */; };
		DB0ED6521A20B0A7007E9318 /* ChromeCookie.swift in Sources */ = {isa = PBXBuildFile; fileRef = DB0ED6511A20B0A7007E9318 /* ChromeCookie.swift */; };
		DB0ED6531A20B0A7007E9318 /* ChromeCookie.swift in Sources */ = {isa = PBXBuildFile; fileRef = DB0ED6511A20B0A7007E9318 /* ChromeCookie.swift */; };
		DB0F0ECD1A16441D00F8BDC5 /* NicoUtilityTests.swift in Sources */ = {isa = PBXBuildFile; fileRef = DB0F0ECC1A16441D00F8BDC5 /* NicoUtilityTests.swift */; };
		DB0FC12B1A262CF0000FADDD /* XCGLogger.framework in Frameworks */ = {isa = PBXBuildFile; fileRef = DBFA88731A1BA353005349AD /* XCGLogger.framework */; };
		DB0FC12C1A262CF0000FADDD /* XCGLogger.framework in Embed Frameworks */ = {isa = PBXBuildFile; fileRef = DBFA88731A1BA353005349AD /* XCGLogger.framework */; settings = {ATTRIBUTES = (CodeSignOnCopy, RemoveHeadersOnCopy, ); }; };
		DB1CD2D01A2EE5BB00D3108A /* Message.swift in Sources */ = {isa = PBXBuildFile; fileRef = DBD65C1F1A2EB08D00B84C97 /* Message.swift */; };
		DB1E32BF1A2B95C600CD874A /* user_1.html in Resources */ = {isa = PBXBuildFile; fileRef = DB1E32BE1A2B95C600CD874A /* user_1.html */; };
		DB1E32C31A2BA53700CD874A /* user_me.html in Resources */ = {isa = PBXBuildFile; fileRef = DB1E32C21A2BA53700CD874A /* user_me.html */; };
		DB1E32C91A2CC85C00CD874A /* UserIdTableCellView.swift in Sources */ = {isa = PBXBuildFile; fileRef = DB1E32C81A2CC85C00CD874A /* UserIdTableCellView.swift */; };
		DB1E32CB1A2CC87200CD874A /* UserIdTableCellView.xib in Resources */ = {isa = PBXBuildFile; fileRef = DB1E32CA1A2CC87200CD874A /* UserIdTableCellView.xib */; };
		DB213F0D1A5D7C8C005E0D6A /* Sparkle.framework in Frameworks */ = {isa = PBXBuildFile; fileRef = DB213F001A5D787D005E0D6A /* Sparkle.framework */; };
		DB213F0E1A5D8658005E0D6A /* Sparkle.framework in Embed Frameworks */ = {isa = PBXBuildFile; fileRef = DB213F001A5D787D005E0D6A /* Sparkle.framework */; settings = {ATTRIBUTES = (CodeSignOnCopy, RemoveHeadersOnCopy, ); }; };
		DB2AE0C41A0EE2FD00B1CE4D /* AppDelegate.swift in Sources */ = {isa = PBXBuildFile; fileRef = DB2AE0C31A0EE2FD00B1CE4D /* AppDelegate.swift */; };
		DB2AE0C61A0EE2FD00B1CE4D /* MainViewController.swift in Sources */ = {isa = PBXBuildFile; fileRef = DB2AE0C51A0EE2FD00B1CE4D /* MainViewController.swift */; };
		DB2AE0C81A0EE2FD00B1CE4D /* Images.xcassets in Resources */ = {isa = PBXBuildFile; fileRef = DB2AE0C71A0EE2FD00B1CE4D /* Images.xcassets */; };
		DB2AE0CB1A0EE2FD00B1CE4D /* MainWindowController.storyboard in Resources */ = {isa = PBXBuildFile; fileRef = DB2AE0C91A0EE2FD00B1CE4D /* MainWindowController.storyboard */; };
		DB2AE0D71A0EE2FD00B1CE4D /* HakumaiTests.swift in Sources */ = {isa = PBXBuildFile; fileRef = DB2AE0D61A0EE2FD00B1CE4D /* HakumaiTests.swift */; };
		DB2AE1101A0F2BAB00B1CE4D /* FMDatabase.m in Sources */ = {isa = PBXBuildFile; fileRef = DB2AE1061A0F2BAB00B1CE4D /* FMDatabase.m */; };
		DB2AE1121A0F2BAB00B1CE4D /* FMDatabaseAdditions.m in Sources */ = {isa = PBXBuildFile; fileRef = DB2AE1081A0F2BAB00B1CE4D /* FMDatabaseAdditions.m */; };
		DB2AE1141A0F2BAB00B1CE4D /* FMDatabasePool.m in Sources */ = {isa = PBXBuildFile; fileRef = DB2AE10A1A0F2BAB00B1CE4D /* FMDatabasePool.m */; };
		DB2AE1161A0F2BAB00B1CE4D /* FMDatabaseQueue.m in Sources */ = {isa = PBXBuildFile; fileRef = DB2AE10C1A0F2BAB00B1CE4D /* FMDatabaseQueue.m */; };
		DB2AE1181A0F2BAB00B1CE4D /* FMResultSet.m in Sources */ = {isa = PBXBuildFile; fileRef = DB2AE10F1A0F2BAB00B1CE4D /* FMResultSet.m */; };
		DB2AE11A1A0F2C8200B1CE4D /* libsqlite3.dylib in Frameworks */ = {isa = PBXBuildFile; fileRef = DB2AE0F71A0EF18200B1CE4D /* libsqlite3.dylib */; };
		DB2AE11B1A0F2D4C00B1CE4D /* libsqlite3.dylib in Frameworks */ = {isa = PBXBuildFile; fileRef = DB2AE0F71A0EF18200B1CE4D /* libsqlite3.dylib */; };
		DB346B9A1A54648100137639 /* community_channel.html in Resources */ = {isa = PBXBuildFile; fileRef = DB346B991A54648100137639 /* community_channel.html */; };
		DB346B9C1A548C3B00137639 /* CommunityTests.swift in Sources */ = {isa = PBXBuildFile; fileRef = DB346B9B1A548C3B00137639 /* CommunityTests.swift */; };
		DB346BA11A548FC600137639 /* ONOXMLDocument.m in Sources */ = {isa = PBXBuildFile; fileRef = DB346BA01A548FC600137639 /* ONOXMLDocument.m */; };
		DB346BA21A548FC600137639 /* ONOXMLDocument.m in Sources */ = {isa = PBXBuildFile; fileRef = DB346BA01A548FC600137639 /* ONOXMLDocument.m */; };
		DB346BA41A5491B400137639 /* libxml2.dylib in Frameworks */ = {isa = PBXBuildFile; fileRef = DB346BA31A5491B400137639 /* libxml2.dylib */; };
		DB346BA51A54928A00137639 /* libxml2.dylib in Frameworks */ = {isa = PBXBuildFile; fileRef = DB346BA31A5491B400137639 /* libxml2.dylib */; };
		DB414C071A4810A5008D2F40 /* UserViewController.swift in Sources */ = {isa = PBXBuildFile; fileRef = DB414C061A4810A5008D2F40 /* UserViewController.swift */; };
		DB414C091A481138008D2F40 /* UserWindowController.swift in Sources */ = {isa = PBXBuildFile; fileRef = DB414C081A481138008D2F40 /* UserWindowController.swift */; };
		DB414C0B1A4811C4008D2F40 /* Global.swift in Sources */ = {isa = PBXBuildFile; fileRef = DB414C0A1A4811C4008D2F40 /* Global.swift */; };
		DB414C0C1A4814EF008D2F40 /* UserWindowController.swift in Sources */ = {isa = PBXBuildFile; fileRef = DB414C081A481138008D2F40 /* UserWindowController.swift */; };
		DB414C0D1A4814F2008D2F40 /* UserViewController.swift in Sources */ = {isa = PBXBuildFile; fileRef = DB414C061A4810A5008D2F40 /* UserViewController.swift */; };
		DB414C0E1A481530008D2F40 /* Global.swift in Sources */ = {isa = PBXBuildFile; fileRef = DB414C0A1A4811C4008D2F40 /* Global.swift */; };
		DB52B0AD1A2102C700E78C6A /* User.swift in Sources */ = {isa = PBXBuildFile; fileRef = DB52B0AC1A2102C700E78C6A /* User.swift */; };
		DB52B0AE1A2102C700E78C6A /* User.swift in Sources */ = {isa = PBXBuildFile; fileRef = DB52B0AC1A2102C700E78C6A /* User.swift */; };
		DB52B0B21A21226900E78C6A /* ChatResult.swift in Sources */ = {isa = PBXBuildFile; fileRef = DB52B0B11A21226900E78C6A /* ChatResult.swift */; };
		DB52B0B31A21226900E78C6A /* ChatResult.swift in Sources */ = {isa = PBXBuildFile; fileRef = DB52B0B11A21226900E78C6A /* ChatResult.swift */; };
		DB55AC641A33905200CFAD99 /* PremiumTableCellView.xib in Resources */ = {isa = PBXBuildFile; fileRef = DB55AC631A33905200CFAD99 /* PremiumTableCellView.xib */; };
		DB55AC681A33908300CFAD99 /* PremiumTableCellView.swift in Sources */ = {isa = PBXBuildFile; fileRef = DB55AC671A33908300CFAD99 /* PremiumTableCellView.swift */; };
		DB55AC691A3394EE00CFAD99 /* PremiumTableCellView.swift in Sources */ = {isa = PBXBuildFile; fileRef = DB55AC671A33908300CFAD99 /* PremiumTableCellView.swift */; };
		DB5D21EC1A603973006ECD54 /* MainTextField.swift in Sources */ = {isa = PBXBuildFile; fileRef = DB5D21EB1A603973006ECD54 /* MainTextField.swift */; };
		DB682D421A36E6AE00499C72 /* Parameter.swift in Sources */ = {isa = PBXBuildFile; fileRef = DB682D411A36E6AE00499C72 /* Parameter.swift */; };
		DB682D451A36E73D00499C72 /* Parameter.swift in Sources */ = {isa = PBXBuildFile; fileRef = DB682D411A36E6AE00499C72 /* Parameter.swift */; };
		DB73A38C1A4F43F6008423D0 /* MuteAddViewController.swift in Sources */ = {isa = PBXBuildFile; fileRef = DB73A38B1A4F43F6008423D0 /* MuteAddViewController.swift */; };
		DB73A38D1A4F43F6008423D0 /* MuteAddViewController.swift in Sources */ = {isa = PBXBuildFile; fileRef = DB73A38B1A4F43F6008423D0 /* MuteAddViewController.swift */; };
		DB74B86C1A6E790C0064AC28 /* BrowserHelper.swift in Sources */ = {isa = PBXBuildFile; fileRef = DB74B86B1A6E790C0064AC28 /* BrowserHelper.swift */; };
		DB74B86D1A6E790C0064AC28 /* BrowserHelper.swift in Sources */ = {isa = PBXBuildFile; fileRef = DB74B86B1A6E790C0064AC28 /* BrowserHelper.swift */; };
		DB7B3DDC1A23B35300205470 /* ColoredView.swift in Sources */ = {isa = PBXBuildFile; fileRef = DB7B3DDB1A23B35300205470 /* ColoredView.swift */; };
		DB7B3DDF1A23B4D700205470 /* ColoredView.swift in Sources */ = {isa = PBXBuildFile; fileRef = DB7B3DDB1A23B35300205470 /* ColoredView.swift */; };
		DB7B3DE21A242D7B00205470 /* ScoreTableCellView.xib in Resources */ = {isa = PBXBuildFile; fileRef = DB7B3DE11A242D7B00205470 /* ScoreTableCellView.xib */; };
		DB7B3DE31A242D7B00205470 /* ScoreTableCellView.xib in Resources */ = {isa = PBXBuildFile; fileRef = DB7B3DE11A242D7B00205470 /* ScoreTableCellView.xib */; };
		DB7B3DE51A2434FB00205470 /* ScoreTableCellView.swift in Sources */ = {isa = PBXBuildFile; fileRef = DB7B3DE41A2434FB00205470 /* ScoreTableCellView.swift */; };
		DB7B3DE61A2434FB00205470 /* ScoreTableCellView.swift in Sources */ = {isa = PBXBuildFile; fileRef = DB7B3DE41A2434FB00205470 /* ScoreTableCellView.swift */; };
		DB7B3DE81A246EE200205470 /* UIHelper.swift in Sources */ = {isa = PBXBuildFile; fileRef = DB7B3DE71A246EE200205470 /* UIHelper.swift */; };
		DB7B3DE91A246EE200205470 /* UIHelper.swift in Sources */ = {isa = PBXBuildFile; fileRef = DB7B3DE71A246EE200205470 /* UIHelper.swift */; };
		DB7BA06E1A58B6B7000778CF /* ChatTests.swift in Sources */ = {isa = PBXBuildFile; fileRef = DB7BA06D1A58B6B7000778CF /* ChatTests.swift */; };
		DB7BA0721A58C021000778CF /* HandleNameAddViewController.swift in Sources */ = {isa = PBXBuildFile; fileRef = DB7BA0711A58C021000778CF /* HandleNameAddViewController.swift */; };
		DB7BA0731A58C021000778CF /* HandleNameAddViewController.swift in Sources */ = {isa = PBXBuildFile; fileRef = DB7BA0711A58C021000778CF /* HandleNameAddViewController.swift */; };
		DB7EB89C1A24AA3700C3BFB5 /* RoomPositionTableCellView.xib in Resources */ = {isa = PBXBuildFile; fileRef = DB7EB89B1A24AA3700C3BFB5 /* RoomPositionTableCellView.xib */; };
		DB7EB89D1A24AA3700C3BFB5 /* RoomPositionTableCellView.xib in Resources */ = {isa = PBXBuildFile; fileRef = DB7EB89B1A24AA3700C3BFB5 /* RoomPositionTableCellView.xib */; };
		DB7EB8A21A24AA5100C3BFB5 /* RoomPositionTableCellView.swift in Sources */ = {isa = PBXBuildFile; fileRef = DB7EB8A11A24AA5100C3BFB5 /* RoomPositionTableCellView.swift */; };
		DB7EB8A31A24AA5100C3BFB5 /* RoomPositionTableCellView.swift in Sources */ = {isa = PBXBuildFile; fileRef = DB7EB8A11A24AA5100C3BFB5 /* RoomPositionTableCellView.swift */; };
		DB7F21B01A210017008D17E0 /* Community.swift in Sources */ = {isa = PBXBuildFile; fileRef = DB7F21AF1A210017008D17E0 /* Community.swift */; };
		DB7F21B11A210017008D17E0 /* Community.swift in Sources */ = {isa = PBXBuildFile; fileRef = DB7F21AF1A210017008D17E0 /* Community.swift */; };
		DB80CA821A256F9A002636E0 /* MessageContainer.swift in Sources */ = {isa = PBXBuildFile; fileRef = DB80CA811A256F9A002636E0 /* MessageContainer.swift */; };
		DB80CA831A256F9A002636E0 /* MessageContainer.swift in Sources */ = {isa = PBXBuildFile; fileRef = DB80CA811A256F9A002636E0 /* MessageContainer.swift */; };
		DB80CA871A2575A0002636E0 /* MainViewControllerExtensions.swift in Sources */ = {isa = PBXBuildFile; fileRef = DB80CA861A2575A0002636E0 /* MainViewControllerExtensions.swift */; };
		DB80CA881A2575A0002636E0 /* MainViewControllerExtensions.swift in Sources */ = {isa = PBXBuildFile; fileRef = DB80CA861A2575A0002636E0 /* MainViewControllerExtensions.swift */; };
		DB8E71B51A544A5E00C6E696 /* NicoUtilityExtractor.swift in Sources */ = {isa = PBXBuildFile; fileRef = DB8E71B41A544A5E00C6E696 /* NicoUtilityExtractor.swift */; };
		DB8E71B61A544A5E00C6E696 /* NicoUtilityExtractor.swift in Sources */ = {isa = PBXBuildFile; fileRef = DB8E71B41A544A5E00C6E696 /* NicoUtilityExtractor.swift */; };
		DB8E71BA1A544D7B00C6E696 /* NicoUtilityHttpClient.swift in Sources */ = {isa = PBXBuildFile; fileRef = DB8E71B91A544D7B00C6E696 /* NicoUtilityHttpClient.swift */; };
		DB8E71BB1A544D7B00C6E696 /* NicoUtilityHttpClient.swift in Sources */ = {isa = PBXBuildFile; fileRef = DB8E71B91A544D7B00C6E696 /* NicoUtilityHttpClient.swift */; };
		DB9EFC741A3E974A0087D302 /* NSWindowExtension.swift in Sources */ = {isa = PBXBuildFile; fileRef = DB9EFC731A3E974A0087D302 /* NSWindowExtension.swift */; };
		DB9EFC781A3E9EB10087D302 /* PreferenceWindow.swift in Sources */ = {isa = PBXBuildFile; fileRef = DB9EFC771A3E9EB10087D302 /* PreferenceWindow.swift */; };
		DBA414C61A188A7400E0CAD3 /* RoomListener.swift in Sources */ = {isa = PBXBuildFile; fileRef = DBA414C51A188A7400E0CAD3 /* RoomListener.swift */; };
		DBA414C71A18915C00E0CAD3 /* RoomListener.swift in Sources */ = {isa = PBXBuildFile; fileRef = DBA414C51A188A7400E0CAD3 /* RoomListener.swift */; };
		DBA414C91A189D7D00E0CAD3 /* RoomListenerTests.swift in Sources */ = {isa = PBXBuildFile; fileRef = DBA414C81A189D7D00E0CAD3 /* RoomListenerTests.swift */; };
		DBA414CC1A1A16F300E0CAD3 /* StringExtension.swift in Sources */ = {isa = PBXBuildFile; fileRef = DBA414CB1A1A16F300E0CAD3 /* StringExtension.swift */; };
		DBA414CD1A1A16F300E0CAD3 /* StringExtension.swift in Sources */ = {isa = PBXBuildFile; fileRef = DBA414CB1A1A16F300E0CAD3 /* StringExtension.swift */; };
		DBA414D21A1A176E00E0CAD3 /* StringExtensionTests.swift in Sources */ = {isa = PBXBuildFile; fileRef = DBA414D11A1A176E00E0CAD3 /* StringExtensionTests.swift */; };
		DBA541E31A4821D4005FF218 /* UserWindow.swift in Sources */ = {isa = PBXBuildFile; fileRef = DBA541E21A4821D4005FF218 /* UserWindow.swift */; };
		DBA541E61A4821DE005FF218 /* UserWindow.swift in Sources */ = {isa = PBXBuildFile; fileRef = DBA541E21A4821D4005FF218 /* UserWindow.swift */; };
		DBA541E81A483710005FF218 /* UserWindowController.storyboard in Resources */ = {isa = PBXBuildFile; fileRef = DBA541E71A483710005FF218 /* UserWindowController.storyboard */; };
		DBA541EA1A4838F4005FF218 /* PreferenceWindowController.storyboard in Resources */ = {isa = PBXBuildFile; fileRef = DBA541E91A4838F4005FF218 /* PreferenceWindowController.storyboard */; };
		DBAAA7321A0F43BB00981004 /* CookieUtility.swift in Sources */ = {isa = PBXBuildFile; fileRef = DBAAA7311A0F43BB00981004 /* CookieUtility.swift */; };
		DBAAA7331A0F43BB00981004 /* CookieUtility.swift in Sources */ = {isa = PBXBuildFile; fileRef = DBAAA7311A0F43BB00981004 /* CookieUtility.swift */; };
		DBAAA7391A0F592300981004 /* SSKeychain.m in Sources */ = {isa = PBXBuildFile; fileRef = DBAAA7361A0F592300981004 /* SSKeychain.m */; };
		DBAAA73B1A0F592300981004 /* SSKeychainQuery.m in Sources */ = {isa = PBXBuildFile; fileRef = DBAAA7381A0F592300981004 /* SSKeychainQuery.m */; };
		DBAAA73E1A0F594700981004 /* Security.framework in Frameworks */ = {isa = PBXBuildFile; fileRef = DBAAA73D1A0F594700981004 /* Security.framework */; };
		DBAAA7421A0F5FEF00981004 /* SystemConfiguration.framework in Frameworks */ = {isa = PBXBuildFile; fileRef = DBAAA7411A0F5FEF00981004 /* SystemConfiguration.framework */; };
		DBAAA7511A0FDA4500981004 /* NicoUtility.swift in Sources */ = {isa = PBXBuildFile; fileRef = DBAAA7501A0FDA4500981004 /* NicoUtility.swift */; };
		DBAAA7521A0FDA4500981004 /* NicoUtility.swift in Sources */ = {isa = PBXBuildFile; fileRef = DBAAA7501A0FDA4500981004 /* NicoUtility.swift */; };
		DBAB695C1A5B70A5002FCD95 /* LoginCookie.swift in Sources */ = {isa = PBXBuildFile; fileRef = DBAB695B1A5B70A5002FCD95 /* LoginCookie.swift */; };
		DBAB695F1A5B79AF002FCD95 /* LoginCookie.swift in Sources */ = {isa = PBXBuildFile; fileRef = DBAB695B1A5B70A5002FCD95 /* LoginCookie.swift */; };
		DBAB69621A5C1A70002FCD95 /* KeychainUtility.swift in Sources */ = {isa = PBXBuildFile; fileRef = DBAB69611A5C1A70002FCD95 /* KeychainUtility.swift */; };
		DBAB69631A5C1A70002FCD95 /* KeychainUtility.swift in Sources */ = {isa = PBXBuildFile; fileRef = DBAB69611A5C1A70002FCD95 /* KeychainUtility.swift */; };
		DBADF3311A5EFA4D00A3A037 /* MainWindowController.swift in Sources */ = {isa = PBXBuildFile; fileRef = DBADF3301A5EFA4D00A3A037 /* MainWindowController.swift */; };
		DBADF3321A5EFA4D00A3A037 /* MainWindowController.swift in Sources */ = {isa = PBXBuildFile; fileRef = DBADF3301A5EFA4D00A3A037 /* MainWindowController.swift */; };
		DBB473001A358FFC002C797E /* CharacterExtension.swift in Sources */ = {isa = PBXBuildFile; fileRef = DBB472FF1A358FFC002C797E /* CharacterExtension.swift */; };
		DBB473041A359082002C797E /* IntExtension.swift in Sources */ = {isa = PBXBuildFile; fileRef = DBB473031A359082002C797E /* IntExtension.swift */; };
		DBB473061A35909F002C797E /* NSXMLElementExtension.swift in Sources */ = {isa = PBXBuildFile; fileRef = DBB473051A35909F002C797E /* NSXMLElementExtension.swift */; };
		DBB473071A3590BE002C797E /* CharacterExtension.swift in Sources */ = {isa = PBXBuildFile; fileRef = DBB472FF1A358FFC002C797E /* CharacterExtension.swift */; };
		DBB473081A3590C2002C797E /* IntExtension.swift in Sources */ = {isa = PBXBuildFile; fileRef = DBB473031A359082002C797E /* IntExtension.swift */; };
		DBB473091A3590C5002C797E /* NSXMLElementExtension.swift in Sources */ = {isa = PBXBuildFile; fileRef = DBB473051A35909F002C797E /* NSXMLElementExtension.swift */; };
		DBB4730B1A35951C002C797E /* Heartbeat.swift in Sources */ = {isa = PBXBuildFile; fileRef = DBB4730A1A35951C002C797E /* Heartbeat.swift */; };
		DBB4730C1A359685002C797E /* Heartbeat.swift in Sources */ = {isa = PBXBuildFile; fileRef = DBB4730A1A35951C002C797E /* Heartbeat.swift */; };
		DBB473101A35CE72002C797E /* heartbeat_ok.xml in Resources */ = {isa = PBXBuildFile; fileRef = DBB4730F1A35CE72002C797E /* heartbeat_ok.xml */; };
		DBB473121A35CE86002C797E /* heartbeat_fail.xml in Resources */ = {isa = PBXBuildFile; fileRef = DBB473111A35CE86002C797E /* heartbeat_fail.xml */; };
		DBB952161A8655AB0059850A /* ApiHelper.swift in Sources */ = {isa = PBXBuildFile; fileRef = DBB952151A8655AB0059850A /* ApiHelper.swift */; };
		DBB952171A8655AB0059850A /* ApiHelper.swift in Sources */ = {isa = PBXBuildFile; fileRef = DBB952151A8655AB0059850A /* ApiHelper.swift */; };
		DBCA40D41A30AD48006299A9 /* MenuDelegate.swift in Sources */ = {isa = PBXBuildFile; fileRef = DBCA40D31A30AD48006299A9 /* MenuDelegate.swift */; };
		DBCA40D51A30B607006299A9 /* MenuDelegate.swift in Sources */ = {isa = PBXBuildFile; fileRef = DBCA40D31A30AD48006299A9 /* MenuDelegate.swift */; };
		DBCA40D71A30BC38006299A9 /* MenuDelegateTests.swift in Sources */ = {isa = PBXBuildFile; fileRef = DBCA40D61A30BC38006299A9 /* MenuDelegateTests.swift */; };
		DBD65C121A2CD1AD00B84C97 /* UserIdTableCellView.swift in Sources */ = {isa = PBXBuildFile; fileRef = DB1E32C81A2CC85C00CD874A /* UserIdTableCellView.swift */; };
		DBD65C1B1A2E0C6600B84C97 /* LayeredClipView.swift in Sources */ = {isa = PBXBuildFile; fileRef = DBD65C1A1A2E0C6600B84C97 /* LayeredClipView.swift */; };
		DBD65C1D1A2E0FB900B84C97 /* LayeredScrollView.swift in Sources */ = {isa = PBXBuildFile; fileRef = DBD65C1C1A2E0FB900B84C97 /* LayeredScrollView.swift */; };
		DBD65C201A2EB08D00B84C97 /* Message.swift in Sources */ = {isa = PBXBuildFile; fileRef = DBD65C1F1A2EB08D00B84C97 /* Message.swift */; };
		DBD675A71A7738110068A558 /* user_2.html in Resources */ = {isa = PBXBuildFile; fileRef = DBD675A61A7738110068A558 /* user_2.html */; };
		DBE093FF1A5869A2004554FD /* HandleNameManagerTests.swift in Sources */ = {isa = PBXBuildFile; fileRef = DBE093FE1A5869A2004554FD /* HandleNameManagerTests.swift */; };
		DBE094021A586FFC004554FD /* HandleNameManager.swift in Sources */ = {isa = PBXBuildFile; fileRef = DBE094011A586FFC004554FD /* HandleNameManager.swift */; };
		DBE094031A586FFC004554FD /* HandleNameManager.swift in Sources */ = {isa = PBXBuildFile; fileRef = DBE094011A586FFC004554FD /* HandleNameManager.swift */; };
		DBE73ECA1A1A1B6A00A8BCA9 /* MainViewControllerTests.swift in Sources */ = {isa = PBXBuildFile; fileRef = DBE73EC91A1A1B6A00A8BCA9 /* MainViewControllerTests.swift */; };
		DBE73ECD1A1A1CE500A8BCA9 /* MainViewController.swift in Sources */ = {isa = PBXBuildFile; fileRef = DB2AE0C51A0EE2FD00B1CE4D /* MainViewController.swift */; };
		DBFA88791A1BA3B5005349AD /* XCGLogger.framework in Frameworks */ = {isa = PBXBuildFile; fileRef = DBFA88731A1BA353005349AD /* XCGLogger.framework */; };
		DBFA887B1A1BC25A005349AD /* Chat.swift in Sources */ = {isa = PBXBuildFile; fileRef = DBFA887A1A1BC25A005349AD /* Chat.swift */; };
		DBFA887C1A1BC25A005349AD /* Chat.swift in Sources */ = {isa = PBXBuildFile; fileRef = DBFA887A1A1BC25A005349AD /* Chat.swift */; };
		DBFA887F1A1BC7FF005349AD /* Thread.swift in Sources */ = {isa = PBXBuildFile; fileRef = DBFA887E1A1BC7FF005349AD /* Thread.swift */; };
		DBFA88801A1BC7FF005349AD /* Thread.swift in Sources */ = {isa = PBXBuildFile; fileRef = DBFA887E1A1BC7FF005349AD /* Thread.swift */; };
		DBFA88821A1BC8C9005349AD /* Enum.swift in Sources */ = {isa = PBXBuildFile; fileRef = DBFA88811A1BC8C9005349AD /* Enum.swift */; };
		DBFA88831A1BC8C9005349AD /* Enum.swift in Sources */ = {isa = PBXBuildFile; fileRef = DBFA88811A1BC8C9005349AD /* Enum.swift */; };
		DBFA88851A1BC925005349AD /* MessageServer.swift in Sources */ = {isa = PBXBuildFile; fileRef = DBFA88841A1BC925005349AD /* MessageServer.swift */; };
		DBFA88861A1BC925005349AD /* MessageServer.swift in Sources */ = {isa = PBXBuildFile; fileRef = DBFA88841A1BC925005349AD /* MessageServer.swift */; };
		DBFA88891A1BCF77005349AD /* MessageServerTests.swift in Sources */ = {isa = PBXBuildFile; fileRef = DBFA88871A1BCF77005349AD /* MessageServerTests.swift */; };
		DBFA888B1A1C9A56005349AD /* Live.swift in Sources */ = {isa = PBXBuildFile; fileRef = DBFA888A1A1C9A56005349AD /* Live.swift */; };
		DBFA888C1A1C9A56005349AD /* Live.swift in Sources */ = {isa = PBXBuildFile; fileRef = DBFA888A1A1C9A56005349AD /* Live.swift */; };
		DBFA88911A1CAE85005349AD /* community_user.html in Resources */ = {isa = PBXBuildFile; fileRef = DBFA88901A1CAE85005349AD /* community_user.html */; };
		DBFB81511A36B52E00294934 /* PreferenceWindowController.swift in Sources */ = {isa = PBXBuildFile; fileRef = DBFB81501A36B52E00294934 /* PreferenceWindowController.swift */; };
/* End PBXBuildFile section */

/* Begin PBXContainerItemProxy section */
		DB0FC12D1A262CF0000FADDD /* PBXContainerItemProxy */ = {
			isa = PBXContainerItemProxy;
			containerPortal = DBFA886A1A1BA353005349AD /* XCGLogger.xcodeproj */;
			proxyType = 1;
			remoteGlobalIDString = 554DF41619D76FE7005708BE;
			remoteInfo = "XCGLogger (OS X)";
		};
		DB213EFF1A5D787D005E0D6A /* PBXContainerItemProxy */ = {
			isa = PBXContainerItemProxy;
			containerPortal = DB213EF41A5D787C005E0D6A /* Sparkle.xcodeproj */;
			proxyType = 2;
			remoteGlobalIDString = 8DC2EF5B0486A6940098B216;
			remoteInfo = Sparkle;
		};
		DB213F011A5D787D005E0D6A /* PBXContainerItemProxy */ = {
			isa = PBXContainerItemProxy;
			containerPortal = DB213EF41A5D787C005E0D6A /* Sparkle.xcodeproj */;
			proxyType = 2;
			remoteGlobalIDString = 61B5F90209C4CEE200B25A18;
			remoteInfo = "Sparkle Test App";
		};
		DB213F031A5D787D005E0D6A /* PBXContainerItemProxy */ = {
			isa = PBXContainerItemProxy;
			containerPortal = DB213EF41A5D787C005E0D6A /* Sparkle.xcodeproj */;
			proxyType = 2;
			remoteGlobalIDString = 612279D90DB5470200AB99EA;
			remoteInfo = "Sparkle Unit Tests";
		};
		DB213F051A5D787D005E0D6A /* PBXContainerItemProxy */ = {
			isa = PBXContainerItemProxy;
			containerPortal = DB213EF41A5D787C005E0D6A /* Sparkle.xcodeproj */;
			proxyType = 2;
			remoteGlobalIDString = 5D06E8D00FD68C7C005AE3F6;
			remoteInfo = BinaryDelta;
		};
		DB213F071A5D787D005E0D6A /* PBXContainerItemProxy */ = {
			isa = PBXContainerItemProxy;
			containerPortal = DB213EF41A5D787C005E0D6A /* Sparkle.xcodeproj */;
			proxyType = 2;
			remoteGlobalIDString = 55C14BB7136EEF1500649790;
			remoteInfo = Autoupdate;
		};
		DB213F0B1A5D78DD005E0D6A /* PBXContainerItemProxy */ = {
			isa = PBXContainerItemProxy;
			containerPortal = DB213EF41A5D787C005E0D6A /* Sparkle.xcodeproj */;
			proxyType = 1;
			remoteGlobalIDString = 8DC2EF4F0486A6940098B216;
			remoteInfo = Sparkle;
		};
		DB2AE0D11A0EE2FD00B1CE4D /* PBXContainerItemProxy */ = {
			isa = PBXContainerItemProxy;
			containerPortal = DB2AE0B61A0EE2FD00B1CE4D /* Project object */;
			proxyType = 1;
			remoteGlobalIDString = DB2AE0BD1A0EE2FD00B1CE4D;
			remoteInfo = Hakumai;
		};
		DBFA88701A1BA353005349AD /* PBXContainerItemProxy */ = {
			isa = PBXContainerItemProxy;
			containerPortal = DBFA886A1A1BA353005349AD /* XCGLogger.xcodeproj */;
			proxyType = 2;
			remoteGlobalIDString = 55E3EE4519D76F280068C3A7;
			remoteInfo = "XCGLogger (iOS)";
		};
		DBFA88721A1BA353005349AD /* PBXContainerItemProxy */ = {
			isa = PBXContainerItemProxy;
			containerPortal = DBFA886A1A1BA353005349AD /* XCGLogger.xcodeproj */;
			proxyType = 2;
			remoteGlobalIDString = 554DF41719D76FE7005708BE;
			remoteInfo = "XCGLogger (OS X)";
		};
		DBFA88741A1BA353005349AD /* PBXContainerItemProxy */ = {
			isa = PBXContainerItemProxy;
			containerPortal = DBFA886A1A1BA353005349AD /* XCGLogger.xcodeproj */;
			proxyType = 2;
			remoteGlobalIDString = 55E3EE5019D76F280068C3A7;
			remoteInfo = XCGLoggerTests;
		};
		DBFA88761A1BA385005349AD /* PBXContainerItemProxy */ = {
			isa = PBXContainerItemProxy;
			containerPortal = DBFA886A1A1BA353005349AD /* XCGLogger.xcodeproj */;
			proxyType = 1;
			remoteGlobalIDString = 554DF41619D76FE7005708BE;
			remoteInfo = "XCGLogger (OS X)";
		};
/* End PBXContainerItemProxy section */

/* Begin PBXCopyFilesBuildPhase section */
		DB0FC12F1A262CF0000FADDD /* Embed Frameworks */ = {
			isa = PBXCopyFilesBuildPhase;
			buildActionMask = 2147483647;
			dstPath = "";
			dstSubfolderSpec = 10;
			files = (
				DB213F0E1A5D8658005E0D6A /* Sparkle.framework in Embed Frameworks */,
				DB0FC12C1A262CF0000FADDD /* XCGLogger.framework in Embed Frameworks */,
			);
			name = "Embed Frameworks";
			runOnlyForDeploymentPostprocessing = 0;
		};
/* End PBXCopyFilesBuildPhase section */

/* Begin PBXFileReference section */
		DB080B841A17CA0100896228 /* CookieUtilityTests.swift */ = {isa = PBXFileReference; fileEncoding = 4; lastKnownFileType = sourcecode.swift; path = CookieUtilityTests.swift; sourceTree = "<group>"; };
		DB0E10631A39B6C200A10E00 /* GeneralViewController.swift */ = {isa = PBXFileReference; fileEncoding = 4; lastKnownFileType = sourcecode.swift; path = GeneralViewController.swift; sourceTree = "<group>"; };
		DB0E10671A39B6DD00A10E00 /* MuteViewController.swift */ = {isa = PBXFileReference; fileEncoding = 4; lastKnownFileType = sourcecode.swift; path = MuteViewController.swift; sourceTree = "<group>"; };
		DB0ED6511A20B0A7007E9318 /* ChromeCookie.swift */ = {isa = PBXFileReference; fileEncoding = 4; lastKnownFileType = sourcecode.swift; path = ChromeCookie.swift; sourceTree = "<group>"; };
		DB0F0ECC1A16441D00F8BDC5 /* NicoUtilityTests.swift */ = {isa = PBXFileReference; fileEncoding = 4; lastKnownFileType = sourcecode.swift; path = NicoUtilityTests.swift; sourceTree = "<group>"; };
		DB1E32BE1A2B95C600CD874A /* user_1.html */ = {isa = PBXFileReference; fileEncoding = 4; lastKnownFileType = text.html; path = user_1.html; sourceTree = "<group>"; };
		DB1E32C21A2BA53700CD874A /* user_me.html */ = {isa = PBXFileReference; fileEncoding = 4; lastKnownFileType = text.html; path = user_me.html; sourceTree = "<group>"; };
		DB1E32C81A2CC85C00CD874A /* UserIdTableCellView.swift */ = {isa = PBXFileReference; fileEncoding = 4; lastKnownFileType = sourcecode.swift; path = UserIdTableCellView.swift; sourceTree = "<group>"; };
		DB1E32CA1A2CC87200CD874A /* UserIdTableCellView.xib */ = {isa = PBXFileReference; fileEncoding = 4; lastKnownFileType = file.xib; path = UserIdTableCellView.xib; sourceTree = "<group>"; };
		DB213EF41A5D787C005E0D6A /* Sparkle.xcodeproj */ = {isa = PBXFileReference; lastKnownFileType = "wrapper.pb-project"; name = Sparkle.xcodeproj; path = vendor/Sparkle/Sparkle.xcodeproj; sourceTree = "<group>"; };
		DB2AE0BE1A0EE2FD00B1CE4D /* Hakumai.app */ = {isa = PBXFileReference; explicitFileType = wrapper.application; includeInIndex = 0; path = Hakumai.app; sourceTree = BUILT_PRODUCTS_DIR; };
		DB2AE0C21A0EE2FD00B1CE4D /* Info.plist */ = {isa = PBXFileReference; lastKnownFileType = text.plist.xml; path = Info.plist; sourceTree = "<group>"; };
		DB2AE0C31A0EE2FD00B1CE4D /* AppDelegate.swift */ = {isa = PBXFileReference; lastKnownFileType = sourcecode.swift; path = AppDelegate.swift; sourceTree = "<group>"; };
		DB2AE0C51A0EE2FD00B1CE4D /* MainViewController.swift */ = {isa = PBXFileReference; lastKnownFileType = sourcecode.swift; path = MainViewController.swift; sourceTree = "<group>"; };
		DB2AE0C71A0EE2FD00B1CE4D /* Images.xcassets */ = {isa = PBXFileReference; lastKnownFileType = folder.assetcatalog; path = Images.xcassets; sourceTree = "<group>"; };
		DB2AE0CA1A0EE2FD00B1CE4D /* Base */ = {isa = PBXFileReference; lastKnownFileType = file.storyboard; name = Base; path = Base.lproj/MainWindowController.storyboard; sourceTree = "<group>"; };
		DB2AE0D01A0EE2FD00B1CE4D /* HakumaiTests.xctest */ = {isa = PBXFileReference; explicitFileType = wrapper.cfbundle; includeInIndex = 0; path = HakumaiTests.xctest; sourceTree = BUILT_PRODUCTS_DIR; };
		DB2AE0D51A0EE2FD00B1CE4D /* Info.plist */ = {isa = PBXFileReference; lastKnownFileType = text.plist.xml; path = Info.plist; sourceTree = "<group>"; };
		DB2AE0D61A0EE2FD00B1CE4D /* HakumaiTests.swift */ = {isa = PBXFileReference; lastKnownFileType = sourcecode.swift; path = HakumaiTests.swift; sourceTree = "<group>"; };
		DB2AE0F71A0EF18200B1CE4D /* libsqlite3.dylib */ = {isa = PBXFileReference; lastKnownFileType = "compiled.mach-o.dylib"; name = libsqlite3.dylib; path = usr/lib/libsqlite3.dylib; sourceTree = SDKROOT; };
		DB2AE1031A0F2BAA00B1CE4D /* Hakumai-Bridging-Header.h */ = {isa = PBXFileReference; lastKnownFileType = sourcecode.c.h; path = "Hakumai-Bridging-Header.h"; sourceTree = "<group>"; };
		DB2AE1041A0F2BAA00B1CE4D /* HakumaiTests-Bridging-Header.h */ = {isa = PBXFileReference; lastKnownFileType = sourcecode.c.h; path = "HakumaiTests-Bridging-Header.h"; sourceTree = "<group>"; };
		DB2AE1051A0F2BAB00B1CE4D /* FMDatabase.h */ = {isa = PBXFileReference; fileEncoding = 4; lastKnownFileType = sourcecode.c.h; name = FMDatabase.h; path = vendor/fmdb/src/fmdb/FMDatabase.h; sourceTree = "<group>"; };
		DB2AE1061A0F2BAB00B1CE4D /* FMDatabase.m */ = {isa = PBXFileReference; fileEncoding = 4; lastKnownFileType = sourcecode.c.objc; name = FMDatabase.m; path = vendor/fmdb/src/fmdb/FMDatabase.m; sourceTree = "<group>"; };
		DB2AE1071A0F2BAB00B1CE4D /* FMDatabaseAdditions.h */ = {isa = PBXFileReference; fileEncoding = 4; lastKnownFileType = sourcecode.c.h; name = FMDatabaseAdditions.h; path = vendor/fmdb/src/fmdb/FMDatabaseAdditions.h; sourceTree = "<group>"; };
		DB2AE1081A0F2BAB00B1CE4D /* FMDatabaseAdditions.m */ = {isa = PBXFileReference; fileEncoding = 4; lastKnownFileType = sourcecode.c.objc; name = FMDatabaseAdditions.m; path = vendor/fmdb/src/fmdb/FMDatabaseAdditions.m; sourceTree = "<group>"; };
		DB2AE1091A0F2BAB00B1CE4D /* FMDatabasePool.h */ = {isa = PBXFileReference; fileEncoding = 4; lastKnownFileType = sourcecode.c.h; name = FMDatabasePool.h; path = vendor/fmdb/src/fmdb/FMDatabasePool.h; sourceTree = "<group>"; };
		DB2AE10A1A0F2BAB00B1CE4D /* FMDatabasePool.m */ = {isa = PBXFileReference; fileEncoding = 4; lastKnownFileType = sourcecode.c.objc; name = FMDatabasePool.m; path = vendor/fmdb/src/fmdb/FMDatabasePool.m; sourceTree = "<group>"; };
		DB2AE10B1A0F2BAB00B1CE4D /* FMDatabaseQueue.h */ = {isa = PBXFileReference; fileEncoding = 4; lastKnownFileType = sourcecode.c.h; name = FMDatabaseQueue.h; path = vendor/fmdb/src/fmdb/FMDatabaseQueue.h; sourceTree = "<group>"; };
		DB2AE10C1A0F2BAB00B1CE4D /* FMDatabaseQueue.m */ = {isa = PBXFileReference; fileEncoding = 4; lastKnownFileType = sourcecode.c.objc; name = FMDatabaseQueue.m; path = vendor/fmdb/src/fmdb/FMDatabaseQueue.m; sourceTree = "<group>"; };
		DB2AE10D1A0F2BAB00B1CE4D /* FMDB.h */ = {isa = PBXFileReference; fileEncoding = 4; lastKnownFileType = sourcecode.c.h; name = FMDB.h; path = vendor/fmdb/src/fmdb/FMDB.h; sourceTree = "<group>"; };
		DB2AE10E1A0F2BAB00B1CE4D /* FMResultSet.h */ = {isa = PBXFileReference; fileEncoding = 4; lastKnownFileType = sourcecode.c.h; name = FMResultSet.h; path = vendor/fmdb/src/fmdb/FMResultSet.h; sourceTree = "<group>"; };
		DB2AE10F1A0F2BAB00B1CE4D /* FMResultSet.m */ = {isa = PBXFileReference; fileEncoding = 4; lastKnownFileType = sourcecode.c.objc; name = FMResultSet.m; path = vendor/fmdb/src/fmdb/FMResultSet.m; sourceTree = "<group>"; };
		DB346B991A54648100137639 /* community_channel.html */ = {isa = PBXFileReference; fileEncoding = 4; lastKnownFileType = text.html; path = community_channel.html; sourceTree = "<group>"; };
		DB346B9B1A548C3B00137639 /* CommunityTests.swift */ = {isa = PBXFileReference; fileEncoding = 4; lastKnownFileType = sourcecode.swift; path = CommunityTests.swift; sourceTree = "<group>"; };
		DB346B9E1A548FC600137639 /* Ono.h */ = {isa = PBXFileReference; fileEncoding = 4; lastKnownFileType = sourcecode.c.h; name = Ono.h; path = vendor/Ono/Ono/Ono.h; sourceTree = "<group>"; };
		DB346B9F1A548FC600137639 /* ONOXMLDocument.h */ = {isa = PBXFileReference; fileEncoding = 4; lastKnownFileType = sourcecode.c.h; name = ONOXMLDocument.h; path = vendor/Ono/Ono/ONOXMLDocument.h; sourceTree = "<group>"; };
		DB346BA01A548FC600137639 /* ONOXMLDocument.m */ = {isa = PBXFileReference; fileEncoding = 4; lastKnownFileType = sourcecode.c.objc; name = ONOXMLDocument.m; path = vendor/Ono/Ono/ONOXMLDocument.m; sourceTree = "<group>"; };
		DB346BA31A5491B400137639 /* libxml2.dylib */ = {isa = PBXFileReference; lastKnownFileType = "compiled.mach-o.dylib"; name = libxml2.dylib; path = usr/lib/libxml2.dylib; sourceTree = SDKROOT; };
		DB414C061A4810A5008D2F40 /* UserViewController.swift */ = {isa = PBXFileReference; fileEncoding = 4; lastKnownFileType = sourcecode.swift; path = UserViewController.swift; sourceTree = "<group>"; };
		DB414C081A481138008D2F40 /* UserWindowController.swift */ = {isa = PBXFileReference; fileEncoding = 4; lastKnownFileType = sourcecode.swift; path = UserWindowController.swift; sourceTree = "<group>"; };
		DB414C0A1A4811C4008D2F40 /* Global.swift */ = {isa = PBXFileReference; fileEncoding = 4; lastKnownFileType = sourcecode.swift; path = Global.swift; sourceTree = "<group>"; };
		DB52B0AC1A2102C700E78C6A /* User.swift */ = {isa = PBXFileReference; fileEncoding = 4; lastKnownFileType = sourcecode.swift; path = User.swift; sourceTree = "<group>"; };
		DB52B0B11A21226900E78C6A /* ChatResult.swift */ = {isa = PBXFileReference; fileEncoding = 4; lastKnownFileType = sourcecode.swift; path = ChatResult.swift; sourceTree = "<group>"; };
		DB55AC631A33905200CFAD99 /* PremiumTableCellView.xib */ = {isa = PBXFileReference; fileEncoding = 4; lastKnownFileType = file.xib; path = PremiumTableCellView.xib; sourceTree = "<group>"; };
		DB55AC671A33908300CFAD99 /* PremiumTableCellView.swift */ = {isa = PBXFileReference; fileEncoding = 4; lastKnownFileType = sourcecode.swift; path = PremiumTableCellView.swift; sourceTree = "<group>"; };
		DB5D21EB1A603973006ECD54 /* MainTextField.swift */ = {isa = PBXFileReference; fileEncoding = 4; lastKnownFileType = sourcecode.swift; path = MainTextField.swift; sourceTree = "<group>"; };
		DB682D411A36E6AE00499C72 /* Parameter.swift */ = {isa = PBXFileReference; fileEncoding = 4; lastKnownFileType = sourcecode.swift; path = Parameter.swift; sourceTree = "<group>"; };
		DB73A38B1A4F43F6008423D0 /* MuteAddViewController.swift */ = {isa = PBXFileReference; fileEncoding = 4; lastKnownFileType = sourcecode.swift; path = MuteAddViewController.swift; sourceTree = "<group>"; };
		DB74B86B1A6E790C0064AC28 /* BrowserHelper.swift */ = {isa = PBXFileReference; fileEncoding = 4; lastKnownFileType = sourcecode.swift; path = BrowserHelper.swift; sourceTree = "<group>"; };
		DB7B3DDB1A23B35300205470 /* ColoredView.swift */ = {isa = PBXFileReference; fileEncoding = 4; lastKnownFileType = sourcecode.swift; path = ColoredView.swift; sourceTree = "<group>"; };
		DB7B3DE11A242D7B00205470 /* ScoreTableCellView.xib */ = {isa = PBXFileReference; fileEncoding = 4; lastKnownFileType = file.xib; path = ScoreTableCellView.xib; sourceTree = "<group>"; };
		DB7B3DE41A2434FB00205470 /* ScoreTableCellView.swift */ = {isa = PBXFileReference; fileEncoding = 4; lastKnownFileType = sourcecode.swift; path = ScoreTableCellView.swift; sourceTree = "<group>"; };
		DB7B3DE71A246EE200205470 /* UIHelper.swift */ = {isa = PBXFileReference; fileEncoding = 4; lastKnownFileType = sourcecode.swift; path = UIHelper.swift; sourceTree = "<group>"; };
		DB7BA06D1A58B6B7000778CF /* ChatTests.swift */ = {isa = PBXFileReference; fileEncoding = 4; lastKnownFileType = sourcecode.swift; path = ChatTests.swift; sourceTree = "<group>"; };
		DB7BA0711A58C021000778CF /* HandleNameAddViewController.swift */ = {isa = PBXFileReference; fileEncoding = 4; lastKnownFileType = sourcecode.swift; path = HandleNameAddViewController.swift; sourceTree = "<group>"; };
		DB7EB89B1A24AA3700C3BFB5 /* RoomPositionTableCellView.xib */ = {isa = PBXFileReference; fileEncoding = 4; lastKnownFileType = file.xib; path = RoomPositionTableCellView.xib; sourceTree = "<group>"; };
		DB7EB8A11A24AA5100C3BFB5 /* RoomPositionTableCellView.swift */ = {isa = PBXFileReference; fileEncoding = 4; lastKnownFileType = sourcecode.swift; path = RoomPositionTableCellView.swift; sourceTree = "<group>"; };
		DB7F21AF1A210017008D17E0 /* Community.swift */ = {isa = PBXFileReference; fileEncoding = 4; lastKnownFileType = sourcecode.swift; path = Community.swift; sourceTree = "<group>"; };
		DB80CA811A256F9A002636E0 /* MessageContainer.swift */ = {isa = PBXFileReference; fileEncoding = 4; lastKnownFileType = sourcecode.swift; path = MessageContainer.swift; sourceTree = "<group>"; };
		DB80CA861A2575A0002636E0 /* MainViewControllerExtensions.swift */ = {isa = PBXFileReference; fileEncoding = 4; lastKnownFileType = sourcecode.swift; path = MainViewControllerExtensions.swift; sourceTree = "<group>"; };
		DB8E71B41A544A5E00C6E696 /* NicoUtilityExtractor.swift */ = {isa = PBXFileReference; fileEncoding = 4; lastKnownFileType = sourcecode.swift; path = NicoUtilityExtractor.swift; sourceTree = "<group>"; };
		DB8E71B91A544D7B00C6E696 /* NicoUtilityHttpClient.swift */ = {isa = PBXFileReference; fileEncoding = 4; lastKnownFileType = sourcecode.swift; path = NicoUtilityHttpClient.swift; sourceTree = "<group>"; };
		DB9EFC731A3E974A0087D302 /* NSWindowExtension.swift */ = {isa = PBXFileReference; fileEncoding = 4; lastKnownFileType = sourcecode.swift; path = NSWindowExtension.swift; sourceTree = "<group>"; };
		DB9EFC771A3E9EB10087D302 /* PreferenceWindow.swift */ = {isa = PBXFileReference; fileEncoding = 4; lastKnownFileType = sourcecode.swift; path = PreferenceWindow.swift; sourceTree = "<group>"; };
		DBA414C51A188A7400E0CAD3 /* RoomListener.swift */ = {isa = PBXFileReference; fileEncoding = 4; lastKnownFileType = sourcecode.swift; path = RoomListener.swift; sourceTree = "<group>"; };
		DBA414C81A189D7D00E0CAD3 /* RoomListenerTests.swift */ = {isa = PBXFileReference; fileEncoding = 4; lastKnownFileType = sourcecode.swift; path = RoomListenerTests.swift; sourceTree = "<group>"; };
		DBA414CB1A1A16F300E0CAD3 /* StringExtension.swift */ = {isa = PBXFileReference; fileEncoding = 4; lastKnownFileType = sourcecode.swift; path = StringExtension.swift; sourceTree = "<group>"; };
		DBA414D11A1A176E00E0CAD3 /* StringExtensionTests.swift */ = {isa = PBXFileReference; fileEncoding = 4; lastKnownFileType = sourcecode.swift; path = StringExtensionTests.swift; sourceTree = "<group>"; };
		DBA541E21A4821D4005FF218 /* UserWindow.swift */ = {isa = PBXFileReference; fileEncoding = 4; lastKnownFileType = sourcecode.swift; path = UserWindow.swift; sourceTree = "<group>"; };
		DBA541E71A483710005FF218 /* UserWindowController.storyboard */ = {isa = PBXFileReference; fileEncoding = 4; lastKnownFileType = file.storyboard; path = UserWindowController.storyboard; sourceTree = "<group>"; };
		DBA541E91A4838F4005FF218 /* PreferenceWindowController.storyboard */ = {isa = PBXFileReference; fileEncoding = 4; lastKnownFileType = file.storyboard; path = PreferenceWindowController.storyboard; sourceTree = "<group>"; };
		DBAAA7311A0F43BB00981004 /* CookieUtility.swift */ = {isa = PBXFileReference; fileEncoding = 4; lastKnownFileType = sourcecode.swift; path = CookieUtility.swift; sourceTree = "<group>"; };
		DBAAA7351A0F592300981004 /* SSKeychain.h */ = {isa = PBXFileReference; fileEncoding = 4; lastKnownFileType = sourcecode.c.h; name = SSKeychain.h; path = vendor/SSKeychain/SSKeychain/SSKeychain.h; sourceTree = "<group>"; };
		DBAAA7361A0F592300981004 /* SSKeychain.m */ = {isa = PBXFileReference; fileEncoding = 4; lastKnownFileType = sourcecode.c.objc; name = SSKeychain.m; path = vendor/SSKeychain/SSKeychain/SSKeychain.m; sourceTree = "<group>"; };
		DBAAA7371A0F592300981004 /* SSKeychainQuery.h */ = {isa = PBXFileReference; fileEncoding = 4; lastKnownFileType = sourcecode.c.h; name = SSKeychainQuery.h; path = vendor/SSKeychain/SSKeychain/SSKeychainQuery.h; sourceTree = "<group>"; };
		DBAAA7381A0F592300981004 /* SSKeychainQuery.m */ = {isa = PBXFileReference; fileEncoding = 4; lastKnownFileType = sourcecode.c.objc; name = SSKeychainQuery.m; path = vendor/SSKeychain/SSKeychain/SSKeychainQuery.m; sourceTree = "<group>"; };
		DBAAA73D1A0F594700981004 /* Security.framework */ = {isa = PBXFileReference; lastKnownFileType = wrapper.framework; name = Security.framework; path = System/Library/Frameworks/Security.framework; sourceTree = SDKROOT; };
		DBAAA7411A0F5FEF00981004 /* SystemConfiguration.framework */ = {isa = PBXFileReference; lastKnownFileType = wrapper.framework; name = SystemConfiguration.framework; path = System/Library/Frameworks/SystemConfiguration.framework; sourceTree = SDKROOT; };
		DBAAA7501A0FDA4500981004 /* NicoUtility.swift */ = {isa = PBXFileReference; fileEncoding = 4; lastKnownFileType = sourcecode.swift; path = NicoUtility.swift; sourceTree = "<group>"; };
		DBAB695B1A5B70A5002FCD95 /* LoginCookie.swift */ = {isa = PBXFileReference; fileEncoding = 4; lastKnownFileType = sourcecode.swift; path = LoginCookie.swift; sourceTree = "<group>"; };
		DBAB69611A5C1A70002FCD95 /* KeychainUtility.swift */ = {isa = PBXFileReference; fileEncoding = 4; lastKnownFileType = sourcecode.swift; name = KeychainUtility.swift; path = Hakumai/Models/Keychain/KeychainUtility.swift; sourceTree = SOURCE_ROOT; };
		DBADF3301A5EFA4D00A3A037 /* MainWindowController.swift */ = {isa = PBXFileReference; fileEncoding = 4; lastKnownFileType = sourcecode.swift; path = MainWindowController.swift; sourceTree = "<group>"; };
		DBB472FF1A358FFC002C797E /* CharacterExtension.swift */ = {isa = PBXFileReference; fileEncoding = 4; lastKnownFileType = sourcecode.swift; path = CharacterExtension.swift; sourceTree = "<group>"; };
		DBB473031A359082002C797E /* IntExtension.swift */ = {isa = PBXFileReference; fileEncoding = 4; lastKnownFileType = sourcecode.swift; path = IntExtension.swift; sourceTree = "<group>"; };
		DBB473051A35909F002C797E /* NSXMLElementExtension.swift */ = {isa = PBXFileReference; fileEncoding = 4; lastKnownFileType = sourcecode.swift; path = NSXMLElementExtension.swift; sourceTree = "<group>"; };
		DBB4730A1A35951C002C797E /* Heartbeat.swift */ = {isa = PBXFileReference; fileEncoding = 4; lastKnownFileType = sourcecode.swift; path = Heartbeat.swift; sourceTree = "<group>"; };
		DBB4730F1A35CE72002C797E /* heartbeat_ok.xml */ = {isa = PBXFileReference; fileEncoding = 4; lastKnownFileType = text.xml; path = heartbeat_ok.xml; sourceTree = "<group>"; };
		DBB473111A35CE86002C797E /* heartbeat_fail.xml */ = {isa = PBXFileReference; fileEncoding = 4; lastKnownFileType = text.xml; path = heartbeat_fail.xml; sourceTree = "<group>"; };
		DBB952151A8655AB0059850A /* ApiHelper.swift */ = {isa = PBXFileReference; fileEncoding = 4; lastKnownFileType = sourcecode.swift; path = ApiHelper.swift; sourceTree = "<group>"; };
		DBCA40D31A30AD48006299A9 /* MenuDelegate.swift */ = {isa = PBXFileReference; fileEncoding = 4; lastKnownFileType = sourcecode.swift; path = MenuDelegate.swift; sourceTree = "<group>"; };
		DBCA40D61A30BC38006299A9 /* MenuDelegateTests.swift */ = {isa = PBXFileReference; fileEncoding = 4; lastKnownFileType = sourcecode.swift; path = MenuDelegateTests.swift; sourceTree = "<group>"; };
		DBD65C1A1A2E0C6600B84C97 /* LayeredClipView.swift */ = {isa = PBXFileReference; fileEncoding = 4; lastKnownFileType = sourcecode.swift; path = LayeredClipView.swift; sourceTree = "<group>"; };
		DBD65C1C1A2E0FB900B84C97 /* LayeredScrollView.swift */ = {isa = PBXFileReference; fileEncoding = 4; lastKnownFileType = sourcecode.swift; path = LayeredScrollView.swift; sourceTree = "<group>"; };
		DBD65C1F1A2EB08D00B84C97 /* Message.swift */ = {isa = PBXFileReference; fileEncoding = 4; lastKnownFileType = sourcecode.swift; path = Message.swift; sourceTree = "<group>"; };
		DBD675A61A7738110068A558 /* user_2.html */ = {isa = PBXFileReference; fileEncoding = 4; lastKnownFileType = text.html; path = user_2.html; sourceTree = "<group>"; };
		DBE093FE1A5869A2004554FD /* HandleNameManagerTests.swift */ = {isa = PBXFileReference; fileEncoding = 4; lastKnownFileType = sourcecode.swift; path = HandleNameManagerTests.swift; sourceTree = "<group>"; };
		DBE094011A586FFC004554FD /* HandleNameManager.swift */ = {isa = PBXFileReference; fileEncoding = 4; lastKnownFileType = sourcecode.swift; path = HandleNameManager.swift; sourceTree = "<group>"; };
		DBE73EC91A1A1B6A00A8BCA9 /* MainViewControllerTests.swift */ = {isa = PBXFileReference; fileEncoding = 4; lastKnownFileType = sourcecode.swift; path = MainViewControllerTests.swift; sourceTree = "<group>"; };
		DBFA886A1A1BA353005349AD /* XCGLogger.xcodeproj */ = {isa = PBXFileReference; lastKnownFileType = "wrapper.pb-project"; name = XCGLogger.xcodeproj; path = vendor/XCGLogger/XCGLogger/Library/XCGLogger.xcodeproj; sourceTree = "<group>"; };
		DBFA887A1A1BC25A005349AD /* Chat.swift */ = {isa = PBXFileReference; fileEncoding = 4; lastKnownFileType = sourcecode.swift; path = Chat.swift; sourceTree = "<group>"; };
		DBFA887E1A1BC7FF005349AD /* Thread.swift */ = {isa = PBXFileReference; fileEncoding = 4; lastKnownFileType = sourcecode.swift; path = Thread.swift; sourceTree = "<group>"; };
		DBFA88811A1BC8C9005349AD /* Enum.swift */ = {isa = PBXFileReference; fileEncoding = 4; lastKnownFileType = sourcecode.swift; path = Enum.swift; sourceTree = "<group>"; };
		DBFA88841A1BC925005349AD /* MessageServer.swift */ = {isa = PBXFileReference; fileEncoding = 4; lastKnownFileType = sourcecode.swift; path = MessageServer.swift; sourceTree = "<group>"; };
		DBFA88871A1BCF77005349AD /* MessageServerTests.swift */ = {isa = PBXFileReference; fileEncoding = 4; lastKnownFileType = sourcecode.swift; path = MessageServerTests.swift; sourceTree = "<group>"; };
		DBFA888A1A1C9A56005349AD /* Live.swift */ = {isa = PBXFileReference; fileEncoding = 4; lastKnownFileType = sourcecode.swift; path = Live.swift; sourceTree = "<group>"; };
		DBFA88901A1CAE85005349AD /* community_user.html */ = {isa = PBXFileReference; fileEncoding = 4; lastKnownFileType = text.html; path = community_user.html; sourceTree = "<group>"; };
		DBFB81501A36B52E00294934 /* PreferenceWindowController.swift */ = {isa = PBXFileReference; fileEncoding = 4; lastKnownFileType = sourcecode.swift; path = PreferenceWindowController.swift; sourceTree = "<group>"; };
/* End PBXFileReference section */

/* Begin PBXFrameworksBuildPhase section */
		DB2AE0BB1A0EE2FD00B1CE4D /* Frameworks */ = {
			isa = PBXFrameworksBuildPhase;
			buildActionMask = 2147483647;
			files = (
				DB213F0D1A5D7C8C005E0D6A /* Sparkle.framework in Frameworks */,
				DB346BA41A5491B400137639 /* libxml2.dylib in Frameworks */,
				DB0FC12B1A262CF0000FADDD /* XCGLogger.framework in Frameworks */,
				DBAAA7421A0F5FEF00981004 /* SystemConfiguration.framework in Frameworks */,
				DBAAA73E1A0F594700981004 /* Security.framework in Frameworks */,
				DB2AE11A1A0F2C8200B1CE4D /* libsqlite3.dylib in Frameworks */,
			);
			runOnlyForDeploymentPostprocessing = 0;
		};
		DB2AE0CD1A0EE2FD00B1CE4D /* Frameworks */ = {
			isa = PBXFrameworksBuildPhase;
			buildActionMask = 2147483647;
			files = (
				DB346BA51A54928A00137639 /* libxml2.dylib in Frameworks */,
				DBFA88791A1BA3B5005349AD /* XCGLogger.framework in Frameworks */,
				DB2AE11B1A0F2D4C00B1CE4D /* libsqlite3.dylib in Frameworks */,
			);
			runOnlyForDeploymentPostprocessing = 0;
		};
/* End PBXFrameworksBuildPhase section */

/* Begin PBXGroup section */
		DB0ED64E1A20B07E007E9318 /* Cookie */ = {
			isa = PBXGroup;
			children = (
				DBAAA7311A0F43BB00981004 /* CookieUtility.swift */,
				DB0ED6541A20B0AD007E9318 /* Browsers */,
			);
			path = Cookie;
			sourceTree = "<group>";
		};
		DB0ED6541A20B0AD007E9318 /* Browsers */ = {
			isa = PBXGroup;
			children = (
				DBAB695B1A5B70A5002FCD95 /* LoginCookie.swift */,
				DB0ED6511A20B0A7007E9318 /* ChromeCookie.swift */,
			);
			name = Browsers;
			path = Browser;
			sourceTree = "<group>";
		};
		DB1E32C41A2C0CCE00CD874A /* MessageContainer */ = {
			isa = PBXGroup;
			children = (
				DB80CA811A256F9A002636E0 /* MessageContainer.swift */,
				DBD65C1F1A2EB08D00B84C97 /* Message.swift */,
			);
			path = MessageContainer;
			sourceTree = "<group>";
		};
		DB213EF51A5D787C005E0D6A /* Products */ = {
			isa = PBXGroup;
			children = (
				DB213F001A5D787D005E0D6A /* Sparkle.framework */,
				DB213F021A5D787D005E0D6A /* Sparkle Test App.app */,
				DB213F041A5D787D005E0D6A /* Sparkle Unit Tests.xctest */,
				DB213F061A5D787D005E0D6A /* BinaryDelta */,
				DB213F081A5D787D005E0D6A /* Autoupdate.app */,
			);
			name = Products;
			sourceTree = "<group>";
		};
		DB2AE0B51A0EE2FD00B1CE4D = {
			isa = PBXGroup;
			children = (
				DB2AE0C01A0EE2FD00B1CE4D /* Hakumai */,
				DB2AE1011A0F29BA00B1CE4D /* frameworks */,
				DB2AE0EF1A0EECD300B1CE4D /* vendor */,
				DB2AE0D31A0EE2FD00B1CE4D /* HakumaiTests */,
				DB2AE0BF1A0EE2FD00B1CE4D /* Products */,
			);
			sourceTree = "<group>";
		};
		DB2AE0BF1A0EE2FD00B1CE4D /* Products */ = {
			isa = PBXGroup;
			children = (
				DB2AE0BE1A0EE2FD00B1CE4D /* Hakumai.app */,
				DB2AE0D01A0EE2FD00B1CE4D /* HakumaiTests.xctest */,
			);
			name = Products;
			sourceTree = "<group>";
		};
		DB2AE0C01A0EE2FD00B1CE4D /* Hakumai */ = {
			isa = PBXGroup;
			children = (
				DB2AE1031A0F2BAA00B1CE4D /* Hakumai-Bridging-Header.h */,
				DB414C0A1A4811C4008D2F40 /* Global.swift */,
				DB682D411A36E6AE00499C72 /* Parameter.swift */,
				DB2AE0C31A0EE2FD00B1CE4D /* AppDelegate.swift */,
				DBA414CE1A1A16FB00E0CAD3 /* Extensions */,
				DBA414CA1A1A13FC00E0CAD3 /* Models */,
				DBE73ECC1A1A1B9600A8BCA9 /* Controllers */,
				DB2AE0C71A0EE2FD00B1CE4D /* Images.xcassets */,
				DB2AE0C11A0EE2FD00B1CE4D /* Supporting Files */,
			);
			path = Hakumai;
			sourceTree = "<group>";
		};
		DB2AE0C11A0EE2FD00B1CE4D /* Supporting Files */ = {
			isa = PBXGroup;
			children = (
				DB2AE0C21A0EE2FD00B1CE4D /* Info.plist */,
			);
			name = "Supporting Files";
			sourceTree = "<group>";
		};
		DB2AE0D31A0EE2FD00B1CE4D /* HakumaiTests */ = {
			isa = PBXGroup;
			children = (
				DB2AE1041A0F2BAA00B1CE4D /* HakumaiTests-Bridging-Header.h */,
				DB2AE0D61A0EE2FD00B1CE4D /* HakumaiTests.swift */,
				DBFA88921A1CAE8B005349AD /* Resources */,
				DBA414D01A1A175000E0CAD3 /* Extensions */,
				DBA414CF1A1A174500E0CAD3 /* Models */,
				DBE73ECB1A1A1B7E00A8BCA9 /* Controllers */,
				DB2AE0D41A0EE2FD00B1CE4D /* Supporting Files */,
			);
			path = HakumaiTests;
			sourceTree = "<group>";
		};
		DB2AE0D41A0EE2FD00B1CE4D /* Supporting Files */ = {
			isa = PBXGroup;
			children = (
				DB2AE0D51A0EE2FD00B1CE4D /* Info.plist */,
			);
			name = "Supporting Files";
			sourceTree = "<group>";
		};
		DB2AE0EF1A0EECD300B1CE4D /* vendor */ = {
			isa = PBXGroup;
			children = (
				DBFA886A1A1BA353005349AD /* XCGLogger.xcodeproj */,
				DBAAA7341A0F58E700981004 /* SSKeychain */,
				DB2AE1021A0F2B7C00B1CE4D /* FMDB */,
				DB346B9D1A548F8400137639 /* Ono */,
				DB213EF41A5D787C005E0D6A /* Sparkle.xcodeproj */,
			);
			name = vendor;
			sourceTree = "<group>";
		};
		DB2AE1011A0F29BA00B1CE4D /* frameworks */ = {
			isa = PBXGroup;
			children = (
				DB2AE0F71A0EF18200B1CE4D /* libsqlite3.dylib */,
				DB346BA31A5491B400137639 /* libxml2.dylib */,
				DBAAA7411A0F5FEF00981004 /* SystemConfiguration.framework */,
				DBAAA73D1A0F594700981004 /* Security.framework */,
			);
			name = frameworks;
			sourceTree = "<group>";
		};
		DB2AE1021A0F2B7C00B1CE4D /* FMDB */ = {
			isa = PBXGroup;
			children = (
				DB2AE1051A0F2BAB00B1CE4D /* FMDatabase.h */,
				DB2AE1061A0F2BAB00B1CE4D /* FMDatabase.m */,
				DB2AE1071A0F2BAB00B1CE4D /* FMDatabaseAdditions.h */,
				DB2AE1081A0F2BAB00B1CE4D /* FMDatabaseAdditions.m */,
				DB2AE1091A0F2BAB00B1CE4D /* FMDatabasePool.h */,
				DB2AE10A1A0F2BAB00B1CE4D /* FMDatabasePool.m */,
				DB2AE10B1A0F2BAB00B1CE4D /* FMDatabaseQueue.h */,
				DB2AE10C1A0F2BAB00B1CE4D /* FMDatabaseQueue.m */,
				DB2AE10D1A0F2BAB00B1CE4D /* FMDB.h */,
				DB2AE10E1A0F2BAB00B1CE4D /* FMResultSet.h */,
				DB2AE10F1A0F2BAB00B1CE4D /* FMResultSet.m */,
			);
			name = FMDB;
			sourceTree = "<group>";
		};
		DB346B9D1A548F8400137639 /* Ono */ = {
			isa = PBXGroup;
			children = (
				DB346B9E1A548FC600137639 /* Ono.h */,
				DB346B9F1A548FC600137639 /* ONOXMLDocument.h */,
				DB346BA01A548FC600137639 /* ONOXMLDocument.m */,
			);
			name = Ono;
			sourceTree = "<group>";
		};
		DB414C031A48106B008D2F40 /* UserWindowController */ = {
			isa = PBXGroup;
			children = (
				DBA541E71A483710005FF218 /* UserWindowController.storyboard */,
				DB414C081A481138008D2F40 /* UserWindowController.swift */,
				DBA541E21A4821D4005FF218 /* UserWindow.swift */,
				DB414C061A4810A5008D2F40 /* UserViewController.swift */,
			);
			path = UserWindowController;
			sourceTree = "<group>";
		};
		DB7B3DE01A242D4100205470 /* TableCellView */ = {
			isa = PBXGroup;
			children = (
				DB7B3DDB1A23B35300205470 /* ColoredView.swift */,
				DB7B3DE41A2434FB00205470 /* ScoreTableCellView.swift */,
				DB7B3DE11A242D7B00205470 /* ScoreTableCellView.xib */,
				DB7EB8A11A24AA5100C3BFB5 /* RoomPositionTableCellView.swift */,
				DB7EB89B1A24AA3700C3BFB5 /* RoomPositionTableCellView.xib */,
				DB1E32C81A2CC85C00CD874A /* UserIdTableCellView.swift */,
				DB1E32CA1A2CC87200CD874A /* UserIdTableCellView.xib */,
				DB55AC671A33908300CFAD99 /* PremiumTableCellView.swift */,
				DB55AC631A33905200CFAD99 /* PremiumTableCellView.xib */,
			);
			path = TableCellView;
			sourceTree = "<group>";
		};
		DBA414CA1A1A13FC00E0CAD3 /* Models */ = {
			isa = PBXGroup;
			children = (
				DBB952211A865A470059850A /* Helper */,
				DBAB69601A5C1A2F002FCD95 /* Keychain */,
				DB0ED64E1A20B07E007E9318 /* Cookie */,
				DBFA887D1A1BC264005349AD /* Entities */,
				DBE093F61A585EC5004554FD /* Api */,
				DB1E32C41A2C0CCE00CD874A /* MessageContainer */,
				DBE093F91A5867A7004554FD /* HandleNameManager */,
			);
			path = Models;
			sourceTree = "<group>";
		};
		DBA414CE1A1A16FB00E0CAD3 /* Extensions */ = {
			isa = PBXGroup;
			children = (
				DBA414CB1A1A16F300E0CAD3 /* StringExtension.swift */,
				DBB472FF1A358FFC002C797E /* CharacterExtension.swift */,
				DBB473031A359082002C797E /* IntExtension.swift */,
				DB9EFC731A3E974A0087D302 /* NSWindowExtension.swift */,
				DBB473051A35909F002C797E /* NSXMLElementExtension.swift */,
			);
			path = Extensions;
			sourceTree = "<group>";
		};
		DBA414CF1A1A174500E0CAD3 /* Models */ = {
			isa = PBXGroup;
			children = (
				DB7BA06D1A58B6B7000778CF /* ChatTests.swift */,
				DB346B9B1A548C3B00137639 /* CommunityTests.swift */,
				DBFA88871A1BCF77005349AD /* MessageServerTests.swift */,
				DB080B841A17CA0100896228 /* CookieUtilityTests.swift */,
				DB0F0ECC1A16441D00F8BDC5 /* NicoUtilityTests.swift */,
				DBA414C81A189D7D00E0CAD3 /* RoomListenerTests.swift */,
				DBE093FE1A5869A2004554FD /* HandleNameManagerTests.swift */,
			);
			path = Models;
			sourceTree = "<group>";
		};
		DBA414D01A1A175000E0CAD3 /* Extensions */ = {
			isa = PBXGroup;
			children = (
				DBA414D11A1A176E00E0CAD3 /* StringExtensionTests.swift */,
			);
			path = Extensions;
			sourceTree = "<group>";
		};
		DBAAA7341A0F58E700981004 /* SSKeychain */ = {
			isa = PBXGroup;
			children = (
				DBAAA7351A0F592300981004 /* SSKeychain.h */,
				DBAAA7361A0F592300981004 /* SSKeychain.m */,
				DBAAA7371A0F592300981004 /* SSKeychainQuery.h */,
				DBAAA7381A0F592300981004 /* SSKeychainQuery.m */,
			);
			name = SSKeychain;
			sourceTree = "<group>";
		};
		DBAB69601A5C1A2F002FCD95 /* Keychain */ = {
			isa = PBXGroup;
			children = (
				DBAB69611A5C1A70002FCD95 /* KeychainUtility.swift */,
			);
			name = Keychain;
			path = HandleNameManager;
			sourceTree = "<group>";
		};
		DBB952211A865A470059850A /* Helper */ = {
			isa = PBXGroup;
			children = (
				DBB952151A8655AB0059850A /* ApiHelper.swift */,
			);
			path = Helper;
			sourceTree = "<group>";
		};
		DBD65C191A2E0C3200B84C97 /* MainWindowController */ = {
			isa = PBXGroup;
			children = (
				DBD65C1E1A2E2EA600B84C97 /* Unused */,
				DB7B3DE01A242D4100205470 /* TableCellView */,
				DB2AE0C91A0EE2FD00B1CE4D /* MainWindowController.storyboard */,
				DBADF3301A5EFA4D00A3A037 /* MainWindowController.swift */,
				DB2AE0C51A0EE2FD00B1CE4D /* MainViewController.swift */,
				DB80CA861A2575A0002636E0 /* MainViewControllerExtensions.swift */,
				DBCA40D31A30AD48006299A9 /* MenuDelegate.swift */,
				DB7BA0711A58C021000778CF /* HandleNameAddViewController.swift */,
			);
			path = MainWindowController;
			sourceTree = "<group>";
		};
		DBD65C1E1A2E2EA600B84C97 /* Unused */ = {
			isa = PBXGroup;
			children = (
				DBD65C1C1A2E0FB900B84C97 /* LayeredScrollView.swift */,
				DBD65C1A1A2E0C6600B84C97 /* LayeredClipView.swift */,
				DB5D21EB1A603973006ECD54 /* MainTextField.swift */,
			);
			path = Unused;
			sourceTree = "<group>";
		};
		DBE093F61A585EC5004554FD /* Api */ = {
			isa = PBXGroup;
			children = (
				DBAAA7501A0FDA4500981004 /* NicoUtility.swift */,
				DB8E71B41A544A5E00C6E696 /* NicoUtilityExtractor.swift */,
				DB8E71B91A544D7B00C6E696 /* NicoUtilityHttpClient.swift */,
				DBA414C51A188A7400E0CAD3 /* RoomListener.swift */,
			);
			path = Api;
			sourceTree = "<group>";
		};
		DBE093F91A5867A7004554FD /* HandleNameManager */ = {
			isa = PBXGroup;
			children = (
				DBE094011A586FFC004554FD /* HandleNameManager.swift */,
			);
			path = HandleNameManager;
			sourceTree = "<group>";
		};
		DBE73ECB1A1A1B7E00A8BCA9 /* Controllers */ = {
			isa = PBXGroup;
			children = (
				DBE73EC91A1A1B6A00A8BCA9 /* MainViewControllerTests.swift */,
				DBCA40D61A30BC38006299A9 /* MenuDelegateTests.swift */,
			);
			path = Controllers;
			sourceTree = "<group>";
		};
		DBE73ECC1A1A1B9600A8BCA9 /* Controllers */ = {
			isa = PBXGroup;
			children = (
				DB7B3DE71A246EE200205470 /* UIHelper.swift */,
				DB74B86B1A6E790C0064AC28 /* BrowserHelper.swift */,
				DBD65C191A2E0C3200B84C97 /* MainWindowController */,
				DB414C031A48106B008D2F40 /* UserWindowController */,
				DBFB814D1A36B4F300294934 /* PreferenceWindowController */,
			);
			path = Controllers;
			sourceTree = "<group>";
		};
		DBFA886B1A1BA353005349AD /* Products */ = {
			isa = PBXGroup;
			children = (
				DBFA88711A1BA353005349AD /* XCGLogger.framework */,
				DBFA88731A1BA353005349AD /* XCGLogger.framework */,
				DBFA88751A1BA353005349AD /* XCGLoggerTests.xctest */,
			);
			name = Products;
			sourceTree = "<group>";
		};
		DBFA887D1A1BC264005349AD /* Entities */ = {
			isa = PBXGroup;
			children = (
				DBFA88811A1BC8C9005349AD /* Enum.swift */,
				DBFA888A1A1C9A56005349AD /* Live.swift */,
				DB7F21AF1A210017008D17E0 /* Community.swift */,
				DBFA88841A1BC925005349AD /* MessageServer.swift */,
				DB52B0AC1A2102C700E78C6A /* User.swift */,
				DBB4730A1A35951C002C797E /* Heartbeat.swift */,
				DBFA887E1A1BC7FF005349AD /* Thread.swift */,
				DBFA887A1A1BC25A005349AD /* Chat.swift */,
				DB52B0B11A21226900E78C6A /* ChatResult.swift */,
			);
			path = Entities;
			sourceTree = "<group>";
		};
		DBFA88921A1CAE8B005349AD /* Resources */ = {
			isa = PBXGroup;
			children = (
				DBFA88901A1CAE85005349AD /* community_user.html */,
				DB346B991A54648100137639 /* community_channel.html */,
				DB1E32BE1A2B95C600CD874A /* user_1.html */,
				DBD675A61A7738110068A558 /* user_2.html */,
				DB1E32C21A2BA53700CD874A /* user_me.html */,
				DBB4730F1A35CE72002C797E /* heartbeat_ok.xml */,
				DBB473111A35CE86002C797E /* heartbeat_fail.xml */,
			);
			path = Resources;
			sourceTree = "<group>";
		};
		DBFB814D1A36B4F300294934 /* PreferenceWindowController */ = {
			isa = PBXGroup;
			children = (
				DBA541E91A4838F4005FF218 /* PreferenceWindowController.storyboard */,
				DBFB81501A36B52E00294934 /* PreferenceWindowController.swift */,
				DB9EFC771A3E9EB10087D302 /* PreferenceWindow.swift */,
				DB0E10631A39B6C200A10E00 /* GeneralViewController.swift */,
				DB0E10671A39B6DD00A10E00 /* MuteViewController.swift */,
				DB73A38B1A4F43F6008423D0 /* MuteAddViewController.swift */,
			);
			path = PreferenceWindowController;
			sourceTree = "<group>";
		};
/* End PBXGroup section */

/* Begin PBXNativeTarget section */
		DB2AE0BD1A0EE2FD00B1CE4D /* Hakumai */ = {
			isa = PBXNativeTarget;
			buildConfigurationList = DB2AE0DA1A0EE2FD00B1CE4D /* Build configuration list for PBXNativeTarget "Hakumai" */;
			buildPhases = (
				DB2AE0BA1A0EE2FD00B1CE4D /* Sources */,
				DB2AE0BB1A0EE2FD00B1CE4D /* Frameworks */,
				DB2AE0BC1A0EE2FD00B1CE4D /* Resources */,
				DB0FC12F1A262CF0000FADDD /* Embed Frameworks */,
			);
			buildRules = (
			);
			dependencies = (
				DB213F0C1A5D78DD005E0D6A /* PBXTargetDependency */,
				DBFA88771A1BA385005349AD /* PBXTargetDependency */,
				DB0FC12E1A262CF0000FADDD /* PBXTargetDependency */,
			);
			name = Hakumai;
			productName = Hakumai;
			productReference = DB2AE0BE1A0EE2FD00B1CE4D /* Hakumai.app */;
			productType = "com.apple.product-type.application";
		};
		DB2AE0CF1A0EE2FD00B1CE4D /* HakumaiTests */ = {
			isa = PBXNativeTarget;
			buildConfigurationList = DB2AE0DD1A0EE2FD00B1CE4D /* Build configuration list for PBXNativeTarget "HakumaiTests" */;
			buildPhases = (
				DB2AE0CC1A0EE2FD00B1CE4D /* Sources */,
				DB2AE0CD1A0EE2FD00B1CE4D /* Frameworks */,
				DB2AE0CE1A0EE2FD00B1CE4D /* Resources */,
			);
			buildRules = (
			);
			dependencies = (
				DB2AE0D21A0EE2FD00B1CE4D /* PBXTargetDependency */,
			);
			name = HakumaiTests;
			productName = HakumaiTests;
			productReference = DB2AE0D01A0EE2FD00B1CE4D /* HakumaiTests.xctest */;
			productType = "com.apple.product-type.bundle.unit-test";
		};
/* End PBXNativeTarget section */

/* Begin PBXProject section */
		DB2AE0B61A0EE2FD00B1CE4D /* Project object */ = {
			isa = PBXProject;
			attributes = {
				LastUpgradeCheck = 0610;
				ORGANIZATIONNAME = "Hiroyuki Onishi";
				TargetAttributes = {
					DB2AE0BD1A0EE2FD00B1CE4D = {
						CreatedOnToolsVersion = 6.1;
					};
					DB2AE0CF1A0EE2FD00B1CE4D = {
						CreatedOnToolsVersion = 6.1;
						TestTargetID = DB2AE0BD1A0EE2FD00B1CE4D;
					};
				};
			};
			buildConfigurationList = DB2AE0B91A0EE2FD00B1CE4D /* Build configuration list for PBXProject "Hakumai" */;
			compatibilityVersion = "Xcode 3.2";
			developmentRegion = English;
			hasScannedForEncodings = 0;
			knownRegions = (
				en,
				Base,
			);
			mainGroup = DB2AE0B51A0EE2FD00B1CE4D;
			productRefGroup = DB2AE0BF1A0EE2FD00B1CE4D /* Products */;
			projectDirPath = "";
			projectReferences = (
				{
					ProductGroup = DB213EF51A5D787C005E0D6A /* Products */;
					ProjectRef = DB213EF41A5D787C005E0D6A /* Sparkle.xcodeproj */;
				},
				{
					ProductGroup = DBFA886B1A1BA353005349AD /* Products */;
					ProjectRef = DBFA886A1A1BA353005349AD /* XCGLogger.xcodeproj */;
				},
			);
			projectRoot = "";
			targets = (
				DB2AE0BD1A0EE2FD00B1CE4D /* Hakumai */,
				DB2AE0CF1A0EE2FD00B1CE4D /* HakumaiTests */,
			);
		};
/* End PBXProject section */

/* Begin PBXReferenceProxy section */
		DB213F001A5D787D005E0D6A /* Sparkle.framework */ = {
			isa = PBXReferenceProxy;
			fileType = wrapper.framework;
			path = Sparkle.framework;
			remoteRef = DB213EFF1A5D787D005E0D6A /* PBXContainerItemProxy */;
			sourceTree = BUILT_PRODUCTS_DIR;
		};
		DB213F021A5D787D005E0D6A /* Sparkle Test App.app */ = {
			isa = PBXReferenceProxy;
			fileType = wrapper.application;
			path = "Sparkle Test App.app";
			remoteRef = DB213F011A5D787D005E0D6A /* PBXContainerItemProxy */;
			sourceTree = BUILT_PRODUCTS_DIR;
		};
		DB213F041A5D787D005E0D6A /* Sparkle Unit Tests.xctest */ = {
			isa = PBXReferenceProxy;
			fileType = wrapper.cfbundle;
			path = "Sparkle Unit Tests.xctest";
			remoteRef = DB213F031A5D787D005E0D6A /* PBXContainerItemProxy */;
			sourceTree = BUILT_PRODUCTS_DIR;
		};
		DB213F061A5D787D005E0D6A /* BinaryDelta */ = {
			isa = PBXReferenceProxy;
			fileType = "compiled.mach-o.executable";
			path = BinaryDelta;
			remoteRef = DB213F051A5D787D005E0D6A /* PBXContainerItemProxy */;
			sourceTree = BUILT_PRODUCTS_DIR;
		};
		DB213F081A5D787D005E0D6A /* Autoupdate.app */ = {
			isa = PBXReferenceProxy;
			fileType = wrapper.application;
			path = Autoupdate.app;
			remoteRef = DB213F071A5D787D005E0D6A /* PBXContainerItemProxy */;
			sourceTree = BUILT_PRODUCTS_DIR;
		};
		DBFA88711A1BA353005349AD /* XCGLogger.framework */ = {
			isa = PBXReferenceProxy;
			fileType = wrapper.framework;
			path = XCGLogger.framework;
			remoteRef = DBFA88701A1BA353005349AD /* PBXContainerItemProxy */;
			sourceTree = BUILT_PRODUCTS_DIR;
		};
		DBFA88731A1BA353005349AD /* XCGLogger.framework */ = {
			isa = PBXReferenceProxy;
			fileType = wrapper.framework;
			path = XCGLogger.framework;
			remoteRef = DBFA88721A1BA353005349AD /* PBXContainerItemProxy */;
			sourceTree = BUILT_PRODUCTS_DIR;
		};
		DBFA88751A1BA353005349AD /* XCGLoggerTests.xctest */ = {
			isa = PBXReferenceProxy;
			fileType = wrapper.cfbundle;
			path = XCGLoggerTests.xctest;
			remoteRef = DBFA88741A1BA353005349AD /* PBXContainerItemProxy */;
			sourceTree = BUILT_PRODUCTS_DIR;
		};
/* End PBXReferenceProxy section */

/* Begin PBXResourcesBuildPhase section */
		DB2AE0BC1A0EE2FD00B1CE4D /* Resources */ = {
			isa = PBXResourcesBuildPhase;
			buildActionMask = 2147483647;
			files = (
				DBA541E81A483710005FF218 /* UserWindowController.storyboard in Resources */,
				DB2AE0C81A0EE2FD00B1CE4D /* Images.xcassets in Resources */,
				DB55AC641A33905200CFAD99 /* PremiumTableCellView.xib in Resources */,
				DB2AE0CB1A0EE2FD00B1CE4D /* MainWindowController.storyboard in Resources */,
				DB1E32CB1A2CC87200CD874A /* UserIdTableCellView.xib in Resources */,
				DB7B3DE21A242D7B00205470 /* ScoreTableCellView.xib in Resources */,
				DB7EB89C1A24AA3700C3BFB5 /* RoomPositionTableCellView.xib in Resources */,
				DBA541EA1A4838F4005FF218 /* PreferenceWindowController.storyboard in Resources */,
			);
			runOnlyForDeploymentPostprocessing = 0;
		};
		DB2AE0CE1A0EE2FD00B1CE4D /* Resources */ = {
			isa = PBXResourcesBuildPhase;
			buildActionMask = 2147483647;
			files = (
				DBB473101A35CE72002C797E /* heartbeat_ok.xml in Resources */,
				DB7B3DE31A242D7B00205470 /* ScoreTableCellView.xib in Resources */,
				DBD675A71A7738110068A558 /* user_2.html in Resources */,
				DBB473121A35CE86002C797E /* heartbeat_fail.xml in Resources */,
				DB7EB89D1A24AA3700C3BFB5 /* RoomPositionTableCellView.xib in Resources */,
				DBFA88911A1CAE85005349AD /* community_user.html in Resources */,
				DB1E32BF1A2B95C600CD874A /* user_1.html in Resources */,
				DB346B9A1A54648100137639 /* community_channel.html in Resources */,
				DB1E32C31A2BA53700CD874A /* user_me.html in Resources */,
			);
			runOnlyForDeploymentPostprocessing = 0;
		};
/* End PBXResourcesBuildPhase section */

/* Begin PBXSourcesBuildPhase section */
		DB2AE0BA1A0EE2FD00B1CE4D /* Sources */ = {
			isa = PBXSourcesBuildPhase;
			buildActionMask = 2147483647;
			files = (
				DB9EFC781A3E9EB10087D302 /* PreferenceWindow.swift in Sources */,
				DB414C071A4810A5008D2F40 /* UserViewController.swift in Sources */,
				DB5D21EC1A603973006ECD54 /* MainTextField.swift in Sources */,
				DB7B3DDC1A23B35300205470 /* ColoredView.swift in Sources */,
				DBD65C1D1A2E0FB900B84C97 /* LayeredScrollView.swift in Sources */,
				DB2AE1101A0F2BAB00B1CE4D /* FMDatabase.m in Sources */,
				DBFA887F1A1BC7FF005349AD /* Thread.swift in Sources */,
				DBAB695C1A5B70A5002FCD95 /* LoginCookie.swift in Sources */,
				DB52B0B21A21226900E78C6A /* ChatResult.swift in Sources */,
				DBB473041A359082002C797E /* IntExtension.swift in Sources */,
				DBD65C201A2EB08D00B84C97 /* Message.swift in Sources */,
				DB0E10641A39B6C200A10E00 /* GeneralViewController.swift in Sources */,
				DB414C0B1A4811C4008D2F40 /* Global.swift in Sources */,
				DB2AE0C61A0EE2FD00B1CE4D /* MainViewController.swift in Sources */,
				DBAB69621A5C1A70002FCD95 /* KeychainUtility.swift in Sources */,
				DB80CA871A2575A0002636E0 /* MainViewControllerExtensions.swift in Sources */,
				DB1E32C91A2CC85C00CD874A /* UserIdTableCellView.swift in Sources */,
				DB2AE1181A0F2BAB00B1CE4D /* FMResultSet.m in Sources */,
				DB346BA11A548FC600137639 /* ONOXMLDocument.m in Sources */,
				DB682D421A36E6AE00499C72 /* Parameter.swift in Sources */,
				DBB473001A358FFC002C797E /* CharacterExtension.swift in Sources */,
				DB414C091A481138008D2F40 /* UserWindowController.swift in Sources */,
				DBA541E31A4821D4005FF218 /* UserWindow.swift in Sources */,
				DB7B3DE81A246EE200205470 /* UIHelper.swift in Sources */,
				DBB952161A8655AB0059850A /* ApiHelper.swift in Sources */,
				DB2AE1141A0F2BAB00B1CE4D /* FMDatabasePool.m in Sources */,
				DBA414C61A188A7400E0CAD3 /* RoomListener.swift in Sources */,
				DBE094021A586FFC004554FD /* HandleNameManager.swift in Sources */,
				DB8E71B51A544A5E00C6E696 /* NicoUtilityExtractor.swift in Sources */,
				DBD65C1B1A2E0C6600B84C97 /* LayeredClipView.swift in Sources */,
				DBFA88851A1BC925005349AD /* MessageServer.swift in Sources */,
				DBAAA7321A0F43BB00981004 /* CookieUtility.swift in Sources */,
				DB7B3DE51A2434FB00205470 /* ScoreTableCellView.swift in Sources */,
				DB55AC681A33908300CFAD99 /* PremiumTableCellView.swift in Sources */,
				DBCA40D41A30AD48006299A9 /* MenuDelegate.swift in Sources */,
				DB0ED6521A20B0A7007E9318 /* ChromeCookie.swift in Sources */,
				DBAAA7391A0F592300981004 /* SSKeychain.m in Sources */,
				DB0E10681A39B6DD00A10E00 /* MuteViewController.swift in Sources */,
				DBB4730B1A35951C002C797E /* Heartbeat.swift in Sources */,
				DBFB81511A36B52E00294934 /* PreferenceWindowController.swift in Sources */,
				DBAAA73B1A0F592300981004 /* SSKeychainQuery.m in Sources */,
				DB8E71BA1A544D7B00C6E696 /* NicoUtilityHttpClient.swift in Sources */,
				DB2AE0C41A0EE2FD00B1CE4D /* AppDelegate.swift in Sources */,
				DBFA88821A1BC8C9005349AD /* Enum.swift in Sources */,
				DB74B86C1A6E790C0064AC28 /* BrowserHelper.swift in Sources */,
				DB73A38C1A4F43F6008423D0 /* MuteAddViewController.swift in Sources */,
				DBFA887B1A1BC25A005349AD /* Chat.swift in Sources */,
				DBADF3311A5EFA4D00A3A037 /* MainWindowController.swift in Sources */,
				DB2AE1121A0F2BAB00B1CE4D /* FMDatabaseAdditions.m in Sources */,
				DB7BA0721A58C021000778CF /* HandleNameAddViewController.swift in Sources */,
				DB9EFC741A3E974A0087D302 /* NSWindowExtension.swift in Sources */,
				DB7F21B01A210017008D17E0 /* Community.swift in Sources */,
				DB2AE1161A0F2BAB00B1CE4D /* FMDatabaseQueue.m in Sources */,
				DB7EB8A21A24AA5100C3BFB5 /* RoomPositionTableCellView.swift in Sources */,
				DBA414CC1A1A16F300E0CAD3 /* StringExtension.swift in Sources */,
				DBB473061A35909F002C797E /* NSXMLElementExtension.swift in Sources */,
				DBAAA7511A0FDA4500981004 /* NicoUtility.swift in Sources */,
				DBFA888B1A1C9A56005349AD /* Live.swift in Sources */,
				DB80CA821A256F9A002636E0 /* MessageContainer.swift in Sources */,
				DB52B0AD1A2102C700E78C6A /* User.swift in Sources */,
			);
			runOnlyForDeploymentPostprocessing = 0;
		};
		DB2AE0CC1A0EE2FD00B1CE4D /* Sources */ = {
			isa = PBXSourcesBuildPhase;
			buildActionMask = 2147483647;
			files = (
				DBE093FF1A5869A2004554FD /* HandleNameManagerTests.swift in Sources */,
				DB080B851A17CA0100896228 /* CookieUtilityTests.swift in Sources */,
				DB73A38D1A4F43F6008423D0 /* MuteAddViewController.swift in Sources */,
				DBFA88861A1BC925005349AD /* MessageServer.swift in Sources */,
				DBB952171A8655AB0059850A /* ApiHelper.swift in Sources */,
				DBFA887C1A1BC25A005349AD /* Chat.swift in Sources */,
				DBB473071A3590BE002C797E /* CharacterExtension.swift in Sources */,
				DB346B9C1A548C3B00137639 /* CommunityTests.swift in Sources */,
				DBB473091A3590C5002C797E /* NSXMLElementExtension.swift in Sources */,
				DB7B3DE61A2434FB00205470 /* ScoreTableCellView.swift in Sources */,
				DB1CD2D01A2EE5BB00D3108A /* Message.swift in Sources */,
				DBE094031A586FFC004554FD /* HandleNameManager.swift in Sources */,
				DBA414D21A1A176E00E0CAD3 /* StringExtensionTests.swift in Sources */,
				DB414C0E1A481530008D2F40 /* Global.swift in Sources */,
				DB7B3DE91A246EE200205470 /* UIHelper.swift in Sources */,
				DB52B0AE1A2102C700E78C6A /* User.swift in Sources */,
				DBFA888C1A1C9A56005349AD /* Live.swift in Sources */,
				DB2AE0D71A0EE2FD00B1CE4D /* HakumaiTests.swift in Sources */,
				DB346BA21A548FC600137639 /* ONOXMLDocument.m in Sources */,
				DB7B3DDF1A23B4D700205470 /* ColoredView.swift in Sources */,
				DBE73ECA1A1A1B6A00A8BCA9 /* MainViewControllerTests.swift in Sources */,
				DBAB695F1A5B79AF002FCD95 /* LoginCookie.swift in Sources */,
				DB414C0C1A4814EF008D2F40 /* UserWindowController.swift in Sources */,
				DB7EB8A31A24AA5100C3BFB5 /* RoomPositionTableCellView.swift in Sources */,
				DB7F21B11A210017008D17E0 /* Community.swift in Sources */,
				DB80CA881A2575A0002636E0 /* MainViewControllerExtensions.swift in Sources */,
				DB0F0ECD1A16441D00F8BDC5 /* NicoUtilityTests.swift in Sources */,
				DB74B86D1A6E790C0064AC28 /* BrowserHelper.swift in Sources */,
				DB7BA0731A58C021000778CF /* HandleNameAddViewController.swift in Sources */,
				DB682D451A36E73D00499C72 /* Parameter.swift in Sources */,
				DB7BA06E1A58B6B7000778CF /* ChatTests.swift in Sources */,
				DB8E71BB1A544D7B00C6E696 /* NicoUtilityHttpClient.swift in Sources */,
				DBCA40D71A30BC38006299A9 /* MenuDelegateTests.swift in Sources */,
				DBB4730C1A359685002C797E /* Heartbeat.swift in Sources */,
				DB52B0B31A21226900E78C6A /* ChatResult.swift in Sources */,
				DBADF3321A5EFA4D00A3A037 /* MainWindowController.swift in Sources */,
				DB80CA831A256F9A002636E0 /* MessageContainer.swift in Sources */,
				DB8E71B61A544A5E00C6E696 /* NicoUtilityExtractor.swift in Sources */,
				DBAAA7521A0FDA4500981004 /* NicoUtility.swift in Sources */,
				DBFA88831A1BC8C9005349AD /* Enum.swift in Sources */,
				DBFA88801A1BC7FF005349AD /* Thread.swift in Sources */,
				DBFA88891A1BCF77005349AD /* MessageServerTests.swift in Sources */,
				DB414C0D1A4814F2008D2F40 /* UserViewController.swift in Sources */,
				DB55AC691A3394EE00CFAD99 /* PremiumTableCellView.swift in Sources */,
				DBAB69631A5C1A70002FCD95 /* KeychainUtility.swift in Sources */,
				DBD65C121A2CD1AD00B84C97 /* UserIdTableCellView.swift in Sources */,
				DBA414C71A18915C00E0CAD3 /* RoomListener.swift in Sources */,
				DBA414CD1A1A16F300E0CAD3 /* StringExtension.swift in Sources */,
				DB0ED6531A20B0A7007E9318 /* ChromeCookie.swift in Sources */,
				DBB473081A3590C2002C797E /* IntExtension.swift in Sources */,
				DBE73ECD1A1A1CE500A8BCA9 /* MainViewController.swift in Sources */,
				DBA414C91A189D7D00E0CAD3 /* RoomListenerTests.swift in Sources */,
				DBAAA7331A0F43BB00981004 /* CookieUtility.swift in Sources */,
				DBA541E61A4821DE005FF218 /* UserWindow.swift in Sources */,
				DBCA40D51A30B607006299A9 /* MenuDelegate.swift in Sources */,
			);
			runOnlyForDeploymentPostprocessing = 0;
		};
/* End PBXSourcesBuildPhase section */

/* Begin PBXTargetDependency section */
		DB0FC12E1A262CF0000FADDD /* PBXTargetDependency */ = {
			isa = PBXTargetDependency;
			name = "XCGLogger (OS X)";
			targetProxy = DB0FC12D1A262CF0000FADDD /* PBXContainerItemProxy */;
		};
		DB213F0C1A5D78DD005E0D6A /* PBXTargetDependency */ = {
			isa = PBXTargetDependency;
			name = Sparkle;
			targetProxy = DB213F0B1A5D78DD005E0D6A /* PBXContainerItemProxy */;
		};
		DB2AE0D21A0EE2FD00B1CE4D /* PBXTargetDependency */ = {
			isa = PBXTargetDependency;
			target = DB2AE0BD1A0EE2FD00B1CE4D /* Hakumai */;
			targetProxy = DB2AE0D11A0EE2FD00B1CE4D /* PBXContainerItemProxy */;
		};
		DBFA88771A1BA385005349AD /* PBXTargetDependency */ = {
			isa = PBXTargetDependency;
			name = "XCGLogger (OS X)";
			targetProxy = DBFA88761A1BA385005349AD /* PBXContainerItemProxy */;
		};
/* End PBXTargetDependency section */

/* Begin PBXVariantGroup section */
		DB2AE0C91A0EE2FD00B1CE4D /* MainWindowController.storyboard */ = {
			isa = PBXVariantGroup;
			children = (
				DB2AE0CA1A0EE2FD00B1CE4D /* Base */,
			);
			name = MainWindowController.storyboard;
			path = ../..;
			sourceTree = "<group>";
		};
/* End PBXVariantGroup section */

/* Begin XCBuildConfiguration section */
		DB2AE0D81A0EE2FD00B1CE4D /* Debug */ = {
			isa = XCBuildConfiguration;
			buildSettings = {
				ALWAYS_SEARCH_USER_PATHS = NO;
				CLANG_CXX_LANGUAGE_STANDARD = "gnu++0x";
				CLANG_CXX_LIBRARY = "libc++";
				CLANG_ENABLE_MODULES = YES;
				CLANG_ENABLE_OBJC_ARC = YES;
				CLANG_WARN_BOOL_CONVERSION = YES;
				CLANG_WARN_CONSTANT_CONVERSION = YES;
				CLANG_WARN_DIRECT_OBJC_ISA_USAGE = YES_ERROR;
				CLANG_WARN_EMPTY_BODY = YES;
				CLANG_WARN_ENUM_CONVERSION = YES;
				CLANG_WARN_INT_CONVERSION = YES;
				CLANG_WARN_OBJC_ROOT_CLASS = YES_ERROR;
				CLANG_WARN_UNREACHABLE_CODE = YES;
				CLANG_WARN__DUPLICATE_METHOD_MATCH = YES;
				CODE_SIGN_IDENTITY = "";
				COPY_PHASE_STRIP = NO;
				ENABLE_STRICT_OBJC_MSGSEND = YES;
				GCC_C_LANGUAGE_STANDARD = gnu99;
				GCC_DYNAMIC_NO_PIC = NO;
				GCC_OPTIMIZATION_LEVEL = 0;
				GCC_PREPROCESSOR_DEFINITIONS = (
					"DEBUG=1",
					"$(inherited)",
				);
				GCC_SYMBOLS_PRIVATE_EXTERN = NO;
				GCC_WARN_64_TO_32_BIT_CONVERSION = YES;
				GCC_WARN_ABOUT_RETURN_TYPE = YES_ERROR;
				GCC_WARN_UNDECLARED_SELECTOR = YES;
				GCC_WARN_UNINITIALIZED_AUTOS = YES_AGGRESSIVE;
				GCC_WARN_UNUSED_FUNCTION = YES;
				GCC_WARN_UNUSED_VARIABLE = YES;
				HEADER_SEARCH_PATHS = (
					"$(inherited)",
					/Applications/Xcode.app/Contents/Developer/Toolchains/XcodeDefault.xctoolchain/usr/include,
					"\"$(SDKROOT)/usr/include/libxml2\"",
				);
				MACOSX_DEPLOYMENT_TARGET = 10.10;
				MTL_ENABLE_DEBUG_INFO = YES;
				ONLY_ACTIVE_ARCH = YES;
				SDKROOT = macosx;
				SWIFT_OPTIMIZATION_LEVEL = "-Onone";
			};
			name = Debug;
		};
		DB2AE0D91A0EE2FD00B1CE4D /* Release */ = {
			isa = XCBuildConfiguration;
			buildSettings = {
				ALWAYS_SEARCH_USER_PATHS = NO;
				CLANG_CXX_LANGUAGE_STANDARD = "gnu++0x";
				CLANG_CXX_LIBRARY = "libc++";
				CLANG_ENABLE_MODULES = YES;
				CLANG_ENABLE_OBJC_ARC = YES;
				CLANG_WARN_BOOL_CONVERSION = YES;
				CLANG_WARN_CONSTANT_CONVERSION = YES;
				CLANG_WARN_DIRECT_OBJC_ISA_USAGE = YES_ERROR;
				CLANG_WARN_EMPTY_BODY = YES;
				CLANG_WARN_ENUM_CONVERSION = YES;
				CLANG_WARN_INT_CONVERSION = YES;
				CLANG_WARN_OBJC_ROOT_CLASS = YES_ERROR;
				CLANG_WARN_UNREACHABLE_CODE = YES;
				CLANG_WARN__DUPLICATE_METHOD_MATCH = YES;
				CODE_SIGN_IDENTITY = "";
				COPY_PHASE_STRIP = YES;
				DEBUG_INFORMATION_FORMAT = "dwarf-with-dsym";
				ENABLE_NS_ASSERTIONS = NO;
				ENABLE_STRICT_OBJC_MSGSEND = YES;
				GCC_C_LANGUAGE_STANDARD = gnu99;
				GCC_WARN_64_TO_32_BIT_CONVERSION = YES;
				GCC_WARN_ABOUT_RETURN_TYPE = YES_ERROR;
				GCC_WARN_UNDECLARED_SELECTOR = YES;
				GCC_WARN_UNINITIALIZED_AUTOS = YES_AGGRESSIVE;
				GCC_WARN_UNUSED_FUNCTION = YES;
				GCC_WARN_UNUSED_VARIABLE = YES;
				HEADER_SEARCH_PATHS = (
					"$(inherited)",
					/Applications/Xcode.app/Contents/Developer/Toolchains/XcodeDefault.xctoolchain/usr/include,
					"\"$(SDKROOT)/usr/include/libxml2\"",
				);
				MACOSX_DEPLOYMENT_TARGET = 10.10;
				MTL_ENABLE_DEBUG_INFO = NO;
				SDKROOT = macosx;
			};
			name = Release;
		};
		DB2AE0DB1A0EE2FD00B1CE4D /* Debug */ = {
			isa = XCBuildConfiguration;
			buildSettings = {
				ASSETCATALOG_COMPILER_APPICON_NAME = AppIcon;
				CLANG_ENABLE_MODULES = YES;
				CODE_SIGN_IDENTITY = "Mac Developer";
				COMBINE_HIDPI_IMAGES = YES;
				EMBEDDED_CONTENT_CONTAINS_SWIFT = YES;
				INFOPLIST_FILE = Hakumai/Info.plist;
				LD_RUNPATH_SEARCH_PATHS = "$(inherited) @executable_path/../Frameworks";
				LIBRARY_SEARCH_PATHS = (
					"$(inherited)",
					"$(SDKROOT)/usr/lib/system",
				);
				OTHER_LDFLAGS = "-Wl,-rpath,@loader_path/../Frameworks";
				OTHER_SWIFT_FLAGS = "-D DEBUG";
				PRODUCT_NAME = "$(TARGET_NAME)";
				SWIFT_OBJC_BRIDGING_HEADER = "Hakumai/Hakumai-Bridging-Header.h";
				SWIFT_OPTIMIZATION_LEVEL = "-Onone";
			};
			name = Debug;
		};
		DB2AE0DC1A0EE2FD00B1CE4D /* Release */ = {
			isa = XCBuildConfiguration;
			buildSettings = {
				ASSETCATALOG_COMPILER_APPICON_NAME = AppIcon;
				CLANG_ENABLE_MODULES = YES;
				CODE_SIGN_IDENTITY = "Developer ID Application";
				COMBINE_HIDPI_IMAGES = YES;
				EMBEDDED_CONTENT_CONTAINS_SWIFT = YES;
				INFOPLIST_FILE = Hakumai/Info.plist;
				LD_RUNPATH_SEARCH_PATHS = "$(inherited) @executable_path/../Frameworks";
				LIBRARY_SEARCH_PATHS = (
					"$(inherited)",
					"$(SDKROOT)/usr/lib/system",
				);
				OTHER_LDFLAGS = "-Wl,-rpath,@loader_path/../Frameworks";
				PRODUCT_NAME = "$(TARGET_NAME)";
				SWIFT_OBJC_BRIDGING_HEADER = "Hakumai/Hakumai-Bridging-Header.h";
			};
			name = Release;
		};
		DB2AE0DE1A0EE2FD00B1CE4D /* Debug */ = {
			isa = XCBuildConfiguration;
			buildSettings = {
				BUNDLE_LOADER = "$(TEST_HOST)";
				CLANG_ENABLE_MODULES = YES;
				COMBINE_HIDPI_IMAGES = YES;
				FRAMEWORK_SEARCH_PATHS = (
					"$(DEVELOPER_FRAMEWORKS_DIR)",
					"$(inherited)",
				);
				GCC_PREPROCESSOR_DEFINITIONS = (
					"DEBUG=1",
					"$(inherited)",
				);
				INFOPLIST_FILE = HakumaiTests/Info.plist;
				LD_RUNPATH_SEARCH_PATHS = "$(inherited) @executable_path/../Frameworks @loader_path/../Frameworks";
				PRODUCT_NAME = "$(TARGET_NAME)";
				SWIFT_OBJC_BRIDGING_HEADER = "HakumaiTests/HakumaiTests-Bridging-Header.h";
				SWIFT_OPTIMIZATION_LEVEL = "-Onone";
				TEST_HOST = "$(BUILT_PRODUCTS_DIR)/Hakumai.app/Contents/MacOS/Hakumai";
			};
			name = Debug;
		};
		DB2AE0DF1A0EE2FD00B1CE4D /* Release */ = {
			isa = XCBuildConfiguration;
			buildSettings = {
				BUNDLE_LOADER = "$(TEST_HOST)";
				CLANG_ENABLE_MODULES = YES;
				COMBINE_HIDPI_IMAGES = YES;
				FRAMEWORK_SEARCH_PATHS = (
					"$(DEVELOPER_FRAMEWORKS_DIR)",
					"$(inherited)",
				);
				INFOPLIST_FILE = HakumaiTests/Info.plist;
				LD_RUNPATH_SEARCH_PATHS = "$(inherited) @executable_path/../Frameworks @loader_path/../Frameworks";
				PRODUCT_NAME = "$(TARGET_NAME)";
				SWIFT_OBJC_BRIDGING_HEADER = "HakumaiTests/HakumaiTests-Bridging-Header.h";
				TEST_HOST = "$(BUILT_PRODUCTS_DIR)/Hakumai.app/Contents/MacOS/Hakumai";
			};
			name = Release;
		};
/* End XCBuildConfiguration section */

/* Begin XCConfigurationList section */
		DB2AE0B91A0EE2FD00B1CE4D /* Build configuration list for PBXProject "Hakumai" */ = {
			isa = XCConfigurationList;
			buildConfigurations = (
				DB2AE0D81A0EE2FD00B1CE4D /* Debug */,
				DB2AE0D91A0EE2FD00B1CE4D /* Release */,
			);
			defaultConfigurationIsVisible = 0;
			defaultConfigurationName = Release;
		};
		DB2AE0DA1A0EE2FD00B1CE4D /* Build configuration list for PBXNativeTarget "Hakumai" */ = {
			isa = XCConfigurationList;
			buildConfigurations = (
				DB2AE0DB1A0EE2FD00B1CE4D /* Debug */,
				DB2AE0DC1A0EE2FD00B1CE4D /* Release */,
			);
			defaultConfigurationIsVisible = 0;
			defaultConfigurationName = Release;
		};
		DB2AE0DD1A0EE2FD00B1CE4D /* Build configuration list for PBXNativeTarget "HakumaiTests" */ = {
			isa = XCConfigurationList;
			buildConfigurations = (
				DB2AE0DE1A0EE2FD00B1CE4D /* Debug */,
				DB2AE0DF1A0EE2FD00B1CE4D /* Release */,
			);
			defaultConfigurationIsVisible = 0;
			defaultConfigurationName = Release;
		};
/* End XCConfigurationList section */
	};
	rootObject = DB2AE0B61A0EE2FD00B1CE4D /* Project object */;
}
