// !$*UTF8*$!
{
	archiveVersion = 1;
	classes = {
	};
	objectVersion = 46;
	objects = {

/* Begin PBXBuildFile section */
		9A3A22960489C07A1AB8A317 /* Pods_Hakumai.framework in Frameworks */ = {isa = PBXBuildFile; fileRef = 84A41989D935D7A03EBFCB87 /* Pods_Hakumai.framework */; };
		A7F49743094E5F56137600E8 /* Pods_HakumaiTests.framework in Frameworks */ = {isa = PBXBuildFile; fileRef = 624C843B0BCD6D9BBCFABC5C /* Pods_HakumaiTests.framework */; };
		DB022ED1271144CF003DC12A /* IconTableCellView.swift in Sources */ = {isa = PBXBuildFile; fileRef = DB022ED0271144CF003DC12A /* IconTableCellView.swift */; };
		DB022ED3271144F8003DC12A /* IconTableCellView.xib in Resources */ = {isa = PBXBuildFile; fileRef = DB022ED2271144F8003DC12A /* IconTableCellView.xib */; };
		DB0E10641A39B6C200A10E00 /* GeneralViewController.swift in Sources */ = {isa = PBXBuildFile; fileRef = DB0E10631A39B6C200A10E00 /* GeneralViewController.swift */; };
		DB0E10681A39B6DD00A10E00 /* MuteViewController.swift in Sources */ = {isa = PBXBuildFile; fileRef = DB0E10671A39B6DD00A10E00 /* MuteViewController.swift */; };
		DB0F0ECD1A16441D00F8BDC5 /* NicoUtilityTests.swift in Sources */ = {isa = PBXBuildFile; fileRef = DB0F0ECC1A16441D00F8BDC5 /* NicoUtilityTests.swift */; };
		DB15AF9626567A18009DACBE /* AuthWindowController.storyboard in Resources */ = {isa = PBXBuildFile; fileRef = DB15AF9526567A18009DACBE /* AuthWindowController.storyboard */; };
		DB15AF9826567A9D009DACBE /* AuthWindowController.swift in Sources */ = {isa = PBXBuildFile; fileRef = DB15AF9726567A9D009DACBE /* AuthWindowController.swift */; };
		DB15AF9A26567AF1009DACBE /* AuthViewController.swift in Sources */ = {isa = PBXBuildFile; fileRef = DB15AF9926567AF1009DACBE /* AuthViewController.swift */; };
		DB1DBD8F2668FB1900435D85 /* L10n+Extensions.swift in Sources */ = {isa = PBXBuildFile; fileRef = DB1DBD8E2668FB1900435D85 /* L10n+Extensions.swift */; };
		DB1E32C91A2CC85C00CD874A /* UserIdTableCellView.swift in Sources */ = {isa = PBXBuildFile; fileRef = DB1E32C81A2CC85C00CD874A /* UserIdTableCellView.swift */; };
		DB1E32CB1A2CC87200CD874A /* UserIdTableCellView.xib in Resources */ = {isa = PBXBuildFile; fileRef = DB1E32CA1A2CC87200CD874A /* UserIdTableCellView.xib */; };
		DB1E737026F237F600A6F4C0 /* ClickTableView.swift in Sources */ = {isa = PBXBuildFile; fileRef = DB1E736F26F237F600A6F4C0 /* ClickTableView.swift */; };
		DB2AE0C41A0EE2FD00B1CE4D /* AppDelegate.swift in Sources */ = {isa = PBXBuildFile; fileRef = DB2AE0C31A0EE2FD00B1CE4D /* AppDelegate.swift */; };
		DB2AE0C61A0EE2FD00B1CE4D /* MainViewController.swift in Sources */ = {isa = PBXBuildFile; fileRef = DB2AE0C51A0EE2FD00B1CE4D /* MainViewController.swift */; };
		DB2AE0C81A0EE2FD00B1CE4D /* Images.xcassets in Resources */ = {isa = PBXBuildFile; fileRef = DB2AE0C71A0EE2FD00B1CE4D /* Images.xcassets */; };
		DB2AE0D71A0EE2FD00B1CE4D /* HakumaiTests.swift in Sources */ = {isa = PBXBuildFile; fileRef = DB2AE0D61A0EE2FD00B1CE4D /* HakumaiTests.swift */; };
		DB2F516126669675000A1C58 /* Localizable.strings in Resources */ = {isa = PBXBuildFile; fileRef = DB2F516326669675000A1C58 /* Localizable.strings */; };
		DB2F516726669B3E000A1C58 /* Localize.swift in Sources */ = {isa = PBXBuildFile; fileRef = DB2F516626669B3E000A1C58 /* Localize.swift */; };
		DB346B9C1A548C3B00137639 /* CommunityTests.swift in Sources */ = {isa = PBXBuildFile; fileRef = DB346B9B1A548C3B00137639 /* CommunityTests.swift */; };
		DB3AE44226A1ABCF001681E9 /* OAuthCredential.swift in Sources */ = {isa = PBXBuildFile; fileRef = DB3AE44126A1ABCF001681E9 /* OAuthCredential.swift */; };
		DB414C071A4810A5008D2F40 /* UserViewController.swift in Sources */ = {isa = PBXBuildFile; fileRef = DB414C061A4810A5008D2F40 /* UserViewController.swift */; };
		DB414C091A481138008D2F40 /* UserWindowController.swift in Sources */ = {isa = PBXBuildFile; fileRef = DB414C081A481138008D2F40 /* UserWindowController.swift */; };
		DB414C0B1A4811C4008D2F40 /* Global.swift in Sources */ = {isa = PBXBuildFile; fileRef = DB414C0A1A4811C4008D2F40 /* Global.swift */; };
		DB5164FC264E662100F809B3 /* CommentTableCellView.swift in Sources */ = {isa = PBXBuildFile; fileRef = DB5164FB264E662100F809B3 /* CommentTableCellView.swift */; };
		DB5164FE264E664500F809B3 /* CommentTableCellView.xib in Resources */ = {isa = PBXBuildFile; fileRef = DB5164FD264E664500F809B3 /* CommentTableCellView.xib */; };
		DB52B0AD1A2102C700E78C6A /* User.swift in Sources */ = {isa = PBXBuildFile; fileRef = DB52B0AC1A2102C700E78C6A /* User.swift */; };
		DB55AC641A33905200CFAD99 /* PremiumTableCellView.xib in Resources */ = {isa = PBXBuildFile; fileRef = DB55AC631A33905200CFAD99 /* PremiumTableCellView.xib */; };
		DB55AC681A33908300CFAD99 /* PremiumTableCellView.swift in Sources */ = {isa = PBXBuildFile; fileRef = DB55AC671A33908300CFAD99 /* PremiumTableCellView.swift */; };
		DB576ED02657A4980041050A /* AuthManager.swift in Sources */ = {isa = PBXBuildFile; fileRef = DB576ECF2657A4980041050A /* AuthManager.swift */; };
		DB576ED32657A5BC0041050A /* AuthModel.swift in Sources */ = {isa = PBXBuildFile; fileRef = DB576ED22657A5BC0041050A /* AuthModel.swift */; };
		DB61AD82271B18DA001656F5 /* CircleImageView.swift in Sources */ = {isa = PBXBuildFile; fileRef = DB61AD81271B18DA001656F5 /* CircleImageView.swift */; };
		DB682D421A36E6AE00499C72 /* Parameter.swift in Sources */ = {isa = PBXBuildFile; fileRef = DB682D411A36E6AE00499C72 /* Parameter.swift */; };
		DB690973266372230081F24F /* BottomButtonScrollView.swift in Sources */ = {isa = PBXBuildFile; fileRef = DB690972266372230081F24F /* BottomButtonScrollView.swift */; };
		DB6C73142662894B0026A8C0 /* NSScrollView+Extensions.swift in Sources */ = {isa = PBXBuildFile; fileRef = DB6C73132662894B0026A8C0 /* NSScrollView+Extensions.swift */; };
		DB6DD2AA2650EC86009A9574 /* NicoWebSocketModel.swift in Sources */ = {isa = PBXBuildFile; fileRef = DB6DD2A92650EC86009A9574 /* NicoWebSocketModel.swift */; };
		DB6DD2AC2650ECD7009A9574 /* NicoWebModel.swift in Sources */ = {isa = PBXBuildFile; fileRef = DB6DD2AB2650ECD7009A9574 /* NicoWebModel.swift */; };
		DB6DD2AE2650F1B0009A9574 /* NicoUtilityProtocol.swift in Sources */ = {isa = PBXBuildFile; fileRef = DB6DD2AD2650F1B0009A9574 /* NicoUtilityProtocol.swift */; };
		DB73A38C1A4F43F6008423D0 /* MuteAddViewController.swift in Sources */ = {isa = PBXBuildFile; fileRef = DB73A38B1A4F43F6008423D0 /* MuteAddViewController.swift */; };
		DB74B86C1A6E790C0064AC28 /* BrowserHelper.swift in Sources */ = {isa = PBXBuildFile; fileRef = DB74B86B1A6E790C0064AC28 /* BrowserHelper.swift */; };
		DB7B3DDC1A23B35300205470 /* ColoredView.swift in Sources */ = {isa = PBXBuildFile; fileRef = DB7B3DDB1A23B35300205470 /* ColoredView.swift */; };
		DB7B3DE21A242D7B00205470 /* TimeTableCellView.xib in Resources */ = {isa = PBXBuildFile; fileRef = DB7B3DE11A242D7B00205470 /* TimeTableCellView.xib */; };
		DB7B3DE51A2434FB00205470 /* TimeTableCellView.swift in Sources */ = {isa = PBXBuildFile; fileRef = DB7B3DE41A2434FB00205470 /* TimeTableCellView.swift */; };
		DB7B3DE81A246EE200205470 /* UIHelper.swift in Sources */ = {isa = PBXBuildFile; fileRef = DB7B3DE71A246EE200205470 /* UIHelper.swift */; };
		DB7BA06E1A58B6B7000778CF /* ChatTests.swift in Sources */ = {isa = PBXBuildFile; fileRef = DB7BA06D1A58B6B7000778CF /* ChatTests.swift */; };
		DB7BA0721A58C021000778CF /* HandleNameAddViewController.swift in Sources */ = {isa = PBXBuildFile; fileRef = DB7BA0711A58C021000778CF /* HandleNameAddViewController.swift */; };
		DB7EB89C1A24AA3700C3BFB5 /* RoomPositionTableCellView.xib in Resources */ = {isa = PBXBuildFile; fileRef = DB7EB89B1A24AA3700C3BFB5 /* RoomPositionTableCellView.xib */; };
		DB7EB8A21A24AA5100C3BFB5 /* RoomPositionTableCellView.swift in Sources */ = {isa = PBXBuildFile; fileRef = DB7EB8A11A24AA5100C3BFB5 /* RoomPositionTableCellView.swift */; };
		DB7F21B01A210017008D17E0 /* Community.swift in Sources */ = {isa = PBXBuildFile; fileRef = DB7F21AF1A210017008D17E0 /* Community.swift */; };
		DB80CA821A256F9A002636E0 /* MessageContainer.swift in Sources */ = {isa = PBXBuildFile; fileRef = DB80CA811A256F9A002636E0 /* MessageContainer.swift */; };
		DB82B3A11C0724C000EFE3D9 /* SpeechManager.swift in Sources */ = {isa = PBXBuildFile; fileRef = DB82B3A01C0724C000EFE3D9 /* SpeechManager.swift */; };
		DB82B3A41C087BA200EFE3D9 /* SpeechManagerTests.swift in Sources */ = {isa = PBXBuildFile; fileRef = DB82B3A31C087BA200EFE3D9 /* SpeechManagerTests.swift */; };
		DB9EFC741A3E974A0087D302 /* NSWindow+Extensions.swift in Sources */ = {isa = PBXBuildFile; fileRef = DB9EFC731A3E974A0087D302 /* NSWindow+Extensions.swift */; };
		DB9EFC781A3E9EB10087D302 /* PreferenceWindow.swift in Sources */ = {isa = PBXBuildFile; fileRef = DB9EFC771A3E9EB10087D302 /* PreferenceWindow.swift */; };
		DBA414CC1A1A16F300E0CAD3 /* String+Extensions.swift in Sources */ = {isa = PBXBuildFile; fileRef = DBA414CB1A1A16F300E0CAD3 /* String+Extensions.swift */; };
		DBA414D21A1A176E00E0CAD3 /* StringExtensionTests.swift in Sources */ = {isa = PBXBuildFile; fileRef = DBA414D11A1A176E00E0CAD3 /* StringExtensionTests.swift */; };
		DBA541E31A4821D4005FF218 /* UserWindow.swift in Sources */ = {isa = PBXBuildFile; fileRef = DBA541E21A4821D4005FF218 /* UserWindow.swift */; };
		DBA541E81A483710005FF218 /* UserWindowController.storyboard in Resources */ = {isa = PBXBuildFile; fileRef = DBA541E71A483710005FF218 /* UserWindowController.storyboard */; };
		DBA541EA1A4838F4005FF218 /* PreferenceWindowController.storyboard in Resources */ = {isa = PBXBuildFile; fileRef = DBA541E91A4838F4005FF218 /* PreferenceWindowController.storyboard */; };
		DBAAA7511A0FDA4500981004 /* NicoUtility.swift in Sources */ = {isa = PBXBuildFile; fileRef = DBAAA7501A0FDA4500981004 /* NicoUtility.swift */; };
		DBAB69621A5C1A70002FCD95 /* KeychainUtility.swift in Sources */ = {isa = PBXBuildFile; fileRef = DBAB69611A5C1A70002FCD95 /* KeychainUtility.swift */; };
		DBAC3D3321C55E4C00B09673 /* MainWindowController.storyboard in Resources */ = {isa = PBXBuildFile; fileRef = DBAC3D3221C55E4C00B09673 /* MainWindowController.storyboard */; };
		DBAC3D3921C568B500B09673 /* Images.swift in Sources */ = {isa = PBXBuildFile; fileRef = DBAC3D3821C568B500B09673 /* Images.swift */; };
		DBAC3D3B21C569A900B09673 /* StoryBoards.swift in Sources */ = {isa = PBXBuildFile; fileRef = DBAC3D3A21C569A900B09673 /* StoryBoards.swift */; };
		DBADF3311A5EFA4D00A3A037 /* MainWindowController.swift in Sources */ = {isa = PBXBuildFile; fileRef = DBADF3301A5EFA4D00A3A037 /* MainWindowController.swift */; };
		DBAFE966266F501A00538916 /* AFError+Extensions.swift in Sources */ = {isa = PBXBuildFile; fileRef = DBAFE965266F501A00538916 /* AFError+Extensions.swift */; };
		DBB473041A359082002C797E /* Int+Extensions.swift in Sources */ = {isa = PBXBuildFile; fileRef = DBB473031A359082002C797E /* Int+Extensions.swift */; };
		DBB4730B1A35951C002C797E /* LiveStatistics.swift in Sources */ = {isa = PBXBuildFile; fileRef = DBB4730A1A35951C002C797E /* LiveStatistics.swift */; };
		DBB952161A8655AB0059850A /* LoggerHelper.swift in Sources */ = {isa = PBXBuildFile; fileRef = DBB952151A8655AB0059850A /* LoggerHelper.swift */; };
		DBBE416C266CB939004002F1 /* NicoOAuthApiModel.swift in Sources */ = {isa = PBXBuildFile; fileRef = DBBE416B266CB939004002F1 /* NicoOAuthApiModel.swift */; };
		DBBE416E266CCAF5004002F1 /* userinfo_response.json in Resources */ = {isa = PBXBuildFile; fileRef = DBBE416D266CCAF5004002F1 /* userinfo_response.json */; };
		DBBE4170266CCB83004002F1 /* wsendpoint_response.json in Resources */ = {isa = PBXBuildFile; fileRef = DBBE416F266CCB83004002F1 /* wsendpoint_response.json */; };
		DBC9A388265FD1BF007B40F1 /* TokenStore.swift in Sources */ = {isa = PBXBuildFile; fileRef = DBC9A387265FD1BF007B40F1 /* TokenStore.swift */; };
		DBCA2D242642BCF500B6147C /* NicoRestApiModel.swift in Sources */ = {isa = PBXBuildFile; fileRef = DBCA2D232642BCF500B6147C /* NicoRestApiModel.swift */; };
		DBCA40D41A30AD48006299A9 /* MenuDelegate.swift in Sources */ = {isa = PBXBuildFile; fileRef = DBCA40D31A30AD48006299A9 /* MenuDelegate.swift */; };
		DBD65C201A2EB08D00B84C97 /* Message.swift in Sources */ = {isa = PBXBuildFile; fileRef = DBD65C1F1A2EB08D00B84C97 /* Message.swift */; };
		DBD7A1E9265D5863001C87E0 /* NSView+Extensions.swift in Sources */ = {isa = PBXBuildFile; fileRef = DBD7A1E8265D5863001C87E0 /* NSView+Extensions.swift */; };
		DBE093FF1A5869A2004554FD /* HandleNameManagerTests.swift in Sources */ = {isa = PBXBuildFile; fileRef = DBE093FE1A5869A2004554FD /* HandleNameManagerTests.swift */; };
		DBE094021A586FFC004554FD /* HandleNameManager.swift in Sources */ = {isa = PBXBuildFile; fileRef = DBE094011A586FFC004554FD /* HandleNameManager.swift */; };
		DBFA887B1A1BC25A005349AD /* Chat.swift in Sources */ = {isa = PBXBuildFile; fileRef = DBFA887A1A1BC25A005349AD /* Chat.swift */; };
		DBFA88821A1BC8C9005349AD /* Enum.swift in Sources */ = {isa = PBXBuildFile; fileRef = DBFA88811A1BC8C9005349AD /* Enum.swift */; };
		DBFA888B1A1C9A56005349AD /* Live.swift in Sources */ = {isa = PBXBuildFile; fileRef = DBFA888A1A1C9A56005349AD /* Live.swift */; };
		DBFB81511A36B52E00294934 /* PreferenceWindowController.swift in Sources */ = {isa = PBXBuildFile; fileRef = DBFB81501A36B52E00294934 /* PreferenceWindowController.swift */; };
/* End PBXBuildFile section */

/* Begin PBXContainerItemProxy section */
		DB2AE0D11A0EE2FD00B1CE4D /* PBXContainerItemProxy */ = {
			isa = PBXContainerItemProxy;
			containerPortal = DB2AE0B61A0EE2FD00B1CE4D /* Project object */;
			proxyType = 1;
			remoteGlobalIDString = DB2AE0BD1A0EE2FD00B1CE4D;
			remoteInfo = Hakumai;
		};
/* End PBXContainerItemProxy section */

/* Begin PBXCopyFilesBuildPhase section */
		DB0FC12F1A262CF0000FADDD /* Embed Frameworks */ = {
			isa = PBXCopyFilesBuildPhase;
			buildActionMask = 2147483647;
			dstPath = "";
			dstSubfolderSpec = 10;
			files = (
			);
			name = "Embed Frameworks";
			runOnlyForDeploymentPostprocessing = 0;
		};
/* End PBXCopyFilesBuildPhase section */

/* Begin PBXFileReference section */
		1C70C20FABA74CB0DE9D6117 /* Pods-Hakumai.debug.xcconfig */ = {isa = PBXFileReference; includeInIndex = 1; lastKnownFileType = text.xcconfig; name = "Pods-Hakumai.debug.xcconfig"; path = "Pods/Target Support Files/Pods-Hakumai/Pods-Hakumai.debug.xcconfig"; sourceTree = "<group>"; };
		20EE9521898A5BBE307B4918 /* Pods-Hakumai.release.xcconfig */ = {isa = PBXFileReference; includeInIndex = 1; lastKnownFileType = text.xcconfig; name = "Pods-Hakumai.release.xcconfig"; path = "Pods/Target Support Files/Pods-Hakumai/Pods-Hakumai.release.xcconfig"; sourceTree = "<group>"; };
		624C843B0BCD6D9BBCFABC5C /* Pods_HakumaiTests.framework */ = {isa = PBXFileReference; explicitFileType = wrapper.framework; includeInIndex = 0; path = Pods_HakumaiTests.framework; sourceTree = BUILT_PRODUCTS_DIR; };
		84A41989D935D7A03EBFCB87 /* Pods_Hakumai.framework */ = {isa = PBXFileReference; explicitFileType = wrapper.framework; includeInIndex = 0; path = Pods_Hakumai.framework; sourceTree = BUILT_PRODUCTS_DIR; };
		C64D90E7D7263B8BAA24E4EB /* Pods-HakumaiTests.release.xcconfig */ = {isa = PBXFileReference; includeInIndex = 1; lastKnownFileType = text.xcconfig; name = "Pods-HakumaiTests.release.xcconfig"; path = "Pods/Target Support Files/Pods-HakumaiTests/Pods-HakumaiTests.release.xcconfig"; sourceTree = "<group>"; };
		DB022ED0271144CF003DC12A /* IconTableCellView.swift */ = {isa = PBXFileReference; lastKnownFileType = sourcecode.swift; path = IconTableCellView.swift; sourceTree = "<group>"; };
		DB022ED2271144F8003DC12A /* IconTableCellView.xib */ = {isa = PBXFileReference; lastKnownFileType = file.xib; path = IconTableCellView.xib; sourceTree = "<group>"; };
		DB0E10631A39B6C200A10E00 /* GeneralViewController.swift */ = {isa = PBXFileReference; fileEncoding = 4; lastKnownFileType = sourcecode.swift; path = GeneralViewController.swift; sourceTree = "<group>"; };
		DB0E10671A39B6DD00A10E00 /* MuteViewController.swift */ = {isa = PBXFileReference; fileEncoding = 4; lastKnownFileType = sourcecode.swift; path = MuteViewController.swift; sourceTree = "<group>"; };
		DB0F0ECC1A16441D00F8BDC5 /* NicoUtilityTests.swift */ = {isa = PBXFileReference; fileEncoding = 4; lastKnownFileType = sourcecode.swift; path = NicoUtilityTests.swift; sourceTree = "<group>"; };
		DB15AF9526567A18009DACBE /* AuthWindowController.storyboard */ = {isa = PBXFileReference; lastKnownFileType = file.storyboard; path = AuthWindowController.storyboard; sourceTree = "<group>"; };
		DB15AF9726567A9D009DACBE /* AuthWindowController.swift */ = {isa = PBXFileReference; lastKnownFileType = sourcecode.swift; path = AuthWindowController.swift; sourceTree = "<group>"; };
		DB15AF9926567AF1009DACBE /* AuthViewController.swift */ = {isa = PBXFileReference; lastKnownFileType = sourcecode.swift; path = AuthViewController.swift; sourceTree = "<group>"; };
		DB1DBD8E2668FB1900435D85 /* L10n+Extensions.swift */ = {isa = PBXFileReference; lastKnownFileType = sourcecode.swift; path = "L10n+Extensions.swift"; sourceTree = "<group>"; };
		DB1E32C81A2CC85C00CD874A /* UserIdTableCellView.swift */ = {isa = PBXFileReference; fileEncoding = 4; lastKnownFileType = sourcecode.swift; path = UserIdTableCellView.swift; sourceTree = "<group>"; };
		DB1E32CA1A2CC87200CD874A /* UserIdTableCellView.xib */ = {isa = PBXFileReference; fileEncoding = 4; lastKnownFileType = file.xib; path = UserIdTableCellView.xib; sourceTree = "<group>"; };
		DB1E736F26F237F600A6F4C0 /* ClickTableView.swift */ = {isa = PBXFileReference; lastKnownFileType = sourcecode.swift; path = ClickTableView.swift; sourceTree = "<group>"; };
		DB2AE0BE1A0EE2FD00B1CE4D /* Hakumai.app */ = {isa = PBXFileReference; explicitFileType = wrapper.application; includeInIndex = 0; path = Hakumai.app; sourceTree = BUILT_PRODUCTS_DIR; };
		DB2AE0C21A0EE2FD00B1CE4D /* Info.plist */ = {isa = PBXFileReference; lastKnownFileType = text.plist.xml; path = Info.plist; sourceTree = "<group>"; };
		DB2AE0C31A0EE2FD00B1CE4D /* AppDelegate.swift */ = {isa = PBXFileReference; lastKnownFileType = sourcecode.swift; path = AppDelegate.swift; sourceTree = "<group>"; };
		DB2AE0C51A0EE2FD00B1CE4D /* MainViewController.swift */ = {isa = PBXFileReference; lastKnownFileType = sourcecode.swift; path = MainViewController.swift; sourceTree = "<group>"; };
		DB2AE0C71A0EE2FD00B1CE4D /* Images.xcassets */ = {isa = PBXFileReference; lastKnownFileType = folder.assetcatalog; path = Images.xcassets; sourceTree = "<group>"; };
		DB2AE0D01A0EE2FD00B1CE4D /* HakumaiTests.xctest */ = {isa = PBXFileReference; explicitFileType = wrapper.cfbundle; includeInIndex = 0; path = HakumaiTests.xctest; sourceTree = BUILT_PRODUCTS_DIR; };
		DB2AE0D51A0EE2FD00B1CE4D /* Info.plist */ = {isa = PBXFileReference; lastKnownFileType = text.plist.xml; path = Info.plist; sourceTree = "<group>"; };
		DB2AE0D61A0EE2FD00B1CE4D /* HakumaiTests.swift */ = {isa = PBXFileReference; lastKnownFileType = sourcecode.swift; name = HakumaiTests.swift; path = HakumaiTests/HakumaiTests.swift; sourceTree = "<group>"; };
		DB2AE1031A0F2BAA00B1CE4D /* Hakumai-Bridging-Header.h */ = {isa = PBXFileReference; lastKnownFileType = sourcecode.c.h; path = "Hakumai-Bridging-Header.h"; sourceTree = "<group>"; };
		DB2AE1041A0F2BAA00B1CE4D /* HakumaiTests-Bridging-Header.h */ = {isa = PBXFileReference; lastKnownFileType = sourcecode.c.h; name = "HakumaiTests-Bridging-Header.h"; path = "HakumaiTests/HakumaiTests-Bridging-Header.h"; sourceTree = "<group>"; };
		DB2F516226669675000A1C58 /* en */ = {isa = PBXFileReference; lastKnownFileType = text.plist.strings; name = en; path = en.lproj/Localizable.strings; sourceTree = "<group>"; };
		DB2F5164266696FD000A1C58 /* ja */ = {isa = PBXFileReference; lastKnownFileType = text.plist.strings; name = ja; path = ja.lproj/Localizable.strings; sourceTree = "<group>"; };
		DB2F516626669B3E000A1C58 /* Localize.swift */ = {isa = PBXFileReference; fileEncoding = 4; lastKnownFileType = sourcecode.swift; path = Localize.swift; sourceTree = "<group>"; };
		DB346B9B1A548C3B00137639 /* CommunityTests.swift */ = {isa = PBXFileReference; fileEncoding = 4; lastKnownFileType = sourcecode.swift; path = CommunityTests.swift; sourceTree = "<group>"; };
		DB3AE44126A1ABCF001681E9 /* OAuthCredential.swift */ = {isa = PBXFileReference; lastKnownFileType = sourcecode.swift; path = OAuthCredential.swift; sourceTree = "<group>"; };
		DB3AE44526A1ACB9001681E9 /* OAuthCredential.sample.swift */ = {isa = PBXFileReference; lastKnownFileType = sourcecode.swift; path = OAuthCredential.sample.swift; sourceTree = "<group>"; };
		DB3AF8F22645A92500A52987 /* Hakumai.entitlements */ = {isa = PBXFileReference; lastKnownFileType = text.plist.entitlements; path = Hakumai.entitlements; sourceTree = "<group>"; };
		DB414C061A4810A5008D2F40 /* UserViewController.swift */ = {isa = PBXFileReference; fileEncoding = 4; lastKnownFileType = sourcecode.swift; path = UserViewController.swift; sourceTree = "<group>"; };
		DB414C081A481138008D2F40 /* UserWindowController.swift */ = {isa = PBXFileReference; fileEncoding = 4; lastKnownFileType = sourcecode.swift; path = UserWindowController.swift; sourceTree = "<group>"; };
		DB414C0A1A4811C4008D2F40 /* Global.swift */ = {isa = PBXFileReference; fileEncoding = 4; lastKnownFileType = sourcecode.swift; path = Global.swift; sourceTree = "<group>"; };
		DB5164FB264E662100F809B3 /* CommentTableCellView.swift */ = {isa = PBXFileReference; lastKnownFileType = sourcecode.swift; path = CommentTableCellView.swift; sourceTree = "<group>"; };
		DB5164FD264E664500F809B3 /* CommentTableCellView.xib */ = {isa = PBXFileReference; lastKnownFileType = file.xib; path = CommentTableCellView.xib; sourceTree = "<group>"; };
		DB52B0AC1A2102C700E78C6A /* User.swift */ = {isa = PBXFileReference; fileEncoding = 4; lastKnownFileType = sourcecode.swift; path = User.swift; sourceTree = "<group>"; };
		DB55AC631A33905200CFAD99 /* PremiumTableCellView.xib */ = {isa = PBXFileReference; fileEncoding = 4; lastKnownFileType = file.xib; path = PremiumTableCellView.xib; sourceTree = "<group>"; };
		DB55AC671A33908300CFAD99 /* PremiumTableCellView.swift */ = {isa = PBXFileReference; fileEncoding = 4; lastKnownFileType = sourcecode.swift; path = PremiumTableCellView.swift; sourceTree = "<group>"; };
		DB576ECF2657A4980041050A /* AuthManager.swift */ = {isa = PBXFileReference; lastKnownFileType = sourcecode.swift; path = AuthManager.swift; sourceTree = "<group>"; };
		DB576ED22657A5BC0041050A /* AuthModel.swift */ = {isa = PBXFileReference; lastKnownFileType = sourcecode.swift; path = AuthModel.swift; sourceTree = "<group>"; };
		DB61AD81271B18DA001656F5 /* CircleImageView.swift */ = {isa = PBXFileReference; lastKnownFileType = sourcecode.swift; path = CircleImageView.swift; sourceTree = "<group>"; };
		DB682D411A36E6AE00499C72 /* Parameter.swift */ = {isa = PBXFileReference; fileEncoding = 4; lastKnownFileType = sourcecode.swift; path = Parameter.swift; sourceTree = "<group>"; };
		DB690972266372230081F24F /* BottomButtonScrollView.swift */ = {isa = PBXFileReference; lastKnownFileType = sourcecode.swift; path = BottomButtonScrollView.swift; sourceTree = "<group>"; };
		DB6C73132662894B0026A8C0 /* NSScrollView+Extensions.swift */ = {isa = PBXFileReference; lastKnownFileType = sourcecode.swift; path = "NSScrollView+Extensions.swift"; sourceTree = "<group>"; };
		DB6DD2A92650EC86009A9574 /* NicoWebSocketModel.swift */ = {isa = PBXFileReference; lastKnownFileType = sourcecode.swift; path = NicoWebSocketModel.swift; sourceTree = "<group>"; };
		DB6DD2AB2650ECD7009A9574 /* NicoWebModel.swift */ = {isa = PBXFileReference; lastKnownFileType = sourcecode.swift; path = NicoWebModel.swift; sourceTree = "<group>"; };
		DB6DD2AD2650F1B0009A9574 /* NicoUtilityProtocol.swift */ = {isa = PBXFileReference; lastKnownFileType = sourcecode.swift; path = NicoUtilityProtocol.swift; sourceTree = "<group>"; };
		DB73A38B1A4F43F6008423D0 /* MuteAddViewController.swift */ = {isa = PBXFileReference; fileEncoding = 4; lastKnownFileType = sourcecode.swift; path = MuteAddViewController.swift; sourceTree = "<group>"; };
		DB74B86B1A6E790C0064AC28 /* BrowserHelper.swift */ = {isa = PBXFileReference; fileEncoding = 4; lastKnownFileType = sourcecode.swift; path = BrowserHelper.swift; sourceTree = "<group>"; };
		DB7B3DDB1A23B35300205470 /* ColoredView.swift */ = {isa = PBXFileReference; fileEncoding = 4; lastKnownFileType = sourcecode.swift; path = ColoredView.swift; sourceTree = "<group>"; };
		DB7B3DE11A242D7B00205470 /* TimeTableCellView.xib */ = {isa = PBXFileReference; fileEncoding = 4; lastKnownFileType = file.xib; path = TimeTableCellView.xib; sourceTree = "<group>"; };
		DB7B3DE41A2434FB00205470 /* TimeTableCellView.swift */ = {isa = PBXFileReference; fileEncoding = 4; lastKnownFileType = sourcecode.swift; path = TimeTableCellView.swift; sourceTree = "<group>"; };
		DB7B3DE71A246EE200205470 /* UIHelper.swift */ = {isa = PBXFileReference; fileEncoding = 4; lastKnownFileType = sourcecode.swift; path = UIHelper.swift; sourceTree = "<group>"; };
		DB7BA06D1A58B6B7000778CF /* ChatTests.swift */ = {isa = PBXFileReference; fileEncoding = 4; lastKnownFileType = sourcecode.swift; path = ChatTests.swift; sourceTree = "<group>"; };
		DB7BA0711A58C021000778CF /* HandleNameAddViewController.swift */ = {isa = PBXFileReference; fileEncoding = 4; lastKnownFileType = sourcecode.swift; path = HandleNameAddViewController.swift; sourceTree = "<group>"; };
		DB7EB89B1A24AA3700C3BFB5 /* RoomPositionTableCellView.xib */ = {isa = PBXFileReference; fileEncoding = 4; lastKnownFileType = file.xib; path = RoomPositionTableCellView.xib; sourceTree = "<group>"; };
		DB7EB8A11A24AA5100C3BFB5 /* RoomPositionTableCellView.swift */ = {isa = PBXFileReference; fileEncoding = 4; lastKnownFileType = sourcecode.swift; path = RoomPositionTableCellView.swift; sourceTree = "<group>"; };
		DB7F21AF1A210017008D17E0 /* Community.swift */ = {isa = PBXFileReference; fileEncoding = 4; lastKnownFileType = sourcecode.swift; path = Community.swift; sourceTree = "<group>"; };
		DB80CA811A256F9A002636E0 /* MessageContainer.swift */ = {isa = PBXFileReference; fileEncoding = 4; lastKnownFileType = sourcecode.swift; path = MessageContainer.swift; sourceTree = "<group>"; };
		DB82B3A01C0724C000EFE3D9 /* SpeechManager.swift */ = {isa = PBXFileReference; fileEncoding = 4; lastKnownFileType = sourcecode.swift; path = SpeechManager.swift; sourceTree = "<group>"; };
		DB82B3A31C087BA200EFE3D9 /* SpeechManagerTests.swift */ = {isa = PBXFileReference; fileEncoding = 4; lastKnownFileType = sourcecode.swift; path = SpeechManagerTests.swift; sourceTree = "<group>"; };
		DB9EFC731A3E974A0087D302 /* NSWindow+Extensions.swift */ = {isa = PBXFileReference; fileEncoding = 4; lastKnownFileType = sourcecode.swift; path = "NSWindow+Extensions.swift"; sourceTree = "<group>"; };
		DB9EFC771A3E9EB10087D302 /* PreferenceWindow.swift */ = {isa = PBXFileReference; fileEncoding = 4; lastKnownFileType = sourcecode.swift; path = PreferenceWindow.swift; sourceTree = "<group>"; };
		DBA414CB1A1A16F300E0CAD3 /* String+Extensions.swift */ = {isa = PBXFileReference; fileEncoding = 4; lastKnownFileType = sourcecode.swift; path = "String+Extensions.swift"; sourceTree = "<group>"; };
		DBA414D11A1A176E00E0CAD3 /* StringExtensionTests.swift */ = {isa = PBXFileReference; fileEncoding = 4; lastKnownFileType = sourcecode.swift; path = StringExtensionTests.swift; sourceTree = "<group>"; };
		DBA541E21A4821D4005FF218 /* UserWindow.swift */ = {isa = PBXFileReference; fileEncoding = 4; lastKnownFileType = sourcecode.swift; path = UserWindow.swift; sourceTree = "<group>"; };
		DBA541E71A483710005FF218 /* UserWindowController.storyboard */ = {isa = PBXFileReference; fileEncoding = 4; lastKnownFileType = file.storyboard; path = UserWindowController.storyboard; sourceTree = "<group>"; };
		DBA541E91A4838F4005FF218 /* PreferenceWindowController.storyboard */ = {isa = PBXFileReference; fileEncoding = 4; lastKnownFileType = file.storyboard; path = PreferenceWindowController.storyboard; sourceTree = "<group>"; };
		DBAAA7501A0FDA4500981004 /* NicoUtility.swift */ = {isa = PBXFileReference; fileEncoding = 4; lastKnownFileType = sourcecode.swift; path = NicoUtility.swift; sourceTree = "<group>"; };
		DBAB69611A5C1A70002FCD95 /* KeychainUtility.swift */ = {isa = PBXFileReference; fileEncoding = 4; lastKnownFileType = sourcecode.swift; path = KeychainUtility.swift; sourceTree = "<group>"; };
		DBAC3D2D21C411E900B09673 /* SystemConfiguration.framework */ = {isa = PBXFileReference; lastKnownFileType = wrapper.framework; name = SystemConfiguration.framework; path = System/Library/Frameworks/SystemConfiguration.framework; sourceTree = SDKROOT; };
		DBAC3D2E21C411E900B09673 /* Security.framework */ = {isa = PBXFileReference; lastKnownFileType = wrapper.framework; name = Security.framework; path = System/Library/Frameworks/Security.framework; sourceTree = SDKROOT; };
		DBAC3D3221C55E4C00B09673 /* MainWindowController.storyboard */ = {isa = PBXFileReference; fileEncoding = 4; lastKnownFileType = file.storyboard; path = MainWindowController.storyboard; sourceTree = "<group>"; };
		DBAC3D3821C568B500B09673 /* Images.swift */ = {isa = PBXFileReference; fileEncoding = 4; lastKnownFileType = sourcecode.swift; path = Images.swift; sourceTree = "<group>"; };
		DBAC3D3A21C569A900B09673 /* StoryBoards.swift */ = {isa = PBXFileReference; fileEncoding = 4; lastKnownFileType = sourcecode.swift; path = StoryBoards.swift; sourceTree = "<group>"; };
		DBADF3301A5EFA4D00A3A037 /* MainWindowController.swift */ = {isa = PBXFileReference; fileEncoding = 4; lastKnownFileType = sourcecode.swift; path = MainWindowController.swift; sourceTree = "<group>"; };
		DBAFE965266F501A00538916 /* AFError+Extensions.swift */ = {isa = PBXFileReference; lastKnownFileType = sourcecode.swift; path = "AFError+Extensions.swift"; sourceTree = "<group>"; };
		DBB473031A359082002C797E /* Int+Extensions.swift */ = {isa = PBXFileReference; fileEncoding = 4; lastKnownFileType = sourcecode.swift; path = "Int+Extensions.swift"; sourceTree = "<group>"; };
		DBB4730A1A35951C002C797E /* LiveStatistics.swift */ = {isa = PBXFileReference; fileEncoding = 4; lastKnownFileType = sourcecode.swift; path = LiveStatistics.swift; sourceTree = "<group>"; };
		DBB952151A8655AB0059850A /* LoggerHelper.swift */ = {isa = PBXFileReference; fileEncoding = 4; lastKnownFileType = sourcecode.swift; path = LoggerHelper.swift; sourceTree = "<group>"; };
		DBBE416B266CB939004002F1 /* NicoOAuthApiModel.swift */ = {isa = PBXFileReference; lastKnownFileType = sourcecode.swift; path = NicoOAuthApiModel.swift; sourceTree = "<group>"; };
		DBBE416D266CCAF5004002F1 /* userinfo_response.json */ = {isa = PBXFileReference; lastKnownFileType = text.json; path = userinfo_response.json; sourceTree = "<group>"; };
		DBBE416F266CCB83004002F1 /* wsendpoint_response.json */ = {isa = PBXFileReference; lastKnownFileType = text.json; path = wsendpoint_response.json; sourceTree = "<group>"; };
		DBC9A387265FD1BF007B40F1 /* TokenStore.swift */ = {isa = PBXFileReference; lastKnownFileType = sourcecode.swift; path = TokenStore.swift; sourceTree = "<group>"; };
		DBCA2D232642BCF500B6147C /* NicoRestApiModel.swift */ = {isa = PBXFileReference; lastKnownFileType = sourcecode.swift; path = NicoRestApiModel.swift; sourceTree = "<group>"; };
		DBCA40D31A30AD48006299A9 /* MenuDelegate.swift */ = {isa = PBXFileReference; fileEncoding = 4; lastKnownFileType = sourcecode.swift; path = MenuDelegate.swift; sourceTree = "<group>"; };
		DBD65C1F1A2EB08D00B84C97 /* Message.swift */ = {isa = PBXFileReference; fileEncoding = 4; lastKnownFileType = sourcecode.swift; path = Message.swift; sourceTree = "<group>"; };
		DBD7A1E8265D5863001C87E0 /* NSView+Extensions.swift */ = {isa = PBXFileReference; lastKnownFileType = sourcecode.swift; path = "NSView+Extensions.swift"; sourceTree = "<group>"; };
		DBE093FE1A5869A2004554FD /* HandleNameManagerTests.swift */ = {isa = PBXFileReference; fileEncoding = 4; lastKnownFileType = sourcecode.swift; path = HandleNameManagerTests.swift; sourceTree = "<group>"; };
		DBE094011A586FFC004554FD /* HandleNameManager.swift */ = {isa = PBXFileReference; fileEncoding = 4; lastKnownFileType = sourcecode.swift; path = HandleNameManager.swift; sourceTree = "<group>"; };
		DBFA887A1A1BC25A005349AD /* Chat.swift */ = {isa = PBXFileReference; fileEncoding = 4; lastKnownFileType = sourcecode.swift; path = Chat.swift; sourceTree = "<group>"; };
		DBFA88811A1BC8C9005349AD /* Enum.swift */ = {isa = PBXFileReference; fileEncoding = 4; lastKnownFileType = sourcecode.swift; path = Enum.swift; sourceTree = "<group>"; };
		DBFA888A1A1C9A56005349AD /* Live.swift */ = {isa = PBXFileReference; fileEncoding = 4; lastKnownFileType = sourcecode.swift; path = Live.swift; sourceTree = "<group>"; };
		DBFB81501A36B52E00294934 /* PreferenceWindowController.swift */ = {isa = PBXFileReference; fileEncoding = 4; lastKnownFileType = sourcecode.swift; path = PreferenceWindowController.swift; sourceTree = "<group>"; };
		E7BB54305BC1250CD75E68A4 /* Pods-HakumaiTests.debug.xcconfig */ = {isa = PBXFileReference; includeInIndex = 1; lastKnownFileType = text.xcconfig; name = "Pods-HakumaiTests.debug.xcconfig"; path = "Pods/Target Support Files/Pods-HakumaiTests/Pods-HakumaiTests.debug.xcconfig"; sourceTree = "<group>"; };
/* End PBXFileReference section */

/* Begin PBXFrameworksBuildPhase section */
		DB2AE0BB1A0EE2FD00B1CE4D /* Frameworks */ = {
			isa = PBXFrameworksBuildPhase;
			buildActionMask = 2147483647;
			files = (
				9A3A22960489C07A1AB8A317 /* Pods_Hakumai.framework in Frameworks */,
			);
			runOnlyForDeploymentPostprocessing = 0;
		};
		DB2AE0CD1A0EE2FD00B1CE4D /* Frameworks */ = {
			isa = PBXFrameworksBuildPhase;
			buildActionMask = 2147483647;
			files = (
				A7F49743094E5F56137600E8 /* Pods_HakumaiTests.framework in Frameworks */,
			);
			runOnlyForDeploymentPostprocessing = 0;
		};
/* End PBXFrameworksBuildPhase section */

/* Begin PBXGroup section */
		4A163BC4A3936157E6B4E259 /* Frameworks */ = {
			isa = PBXGroup;
			children = (
				84A41989D935D7A03EBFCB87 /* Pods_Hakumai.framework */,
				624C843B0BCD6D9BBCFABC5C /* Pods_HakumaiTests.framework */,
				DBAC3D2E21C411E900B09673 /* Security.framework */,
				DBAC3D2D21C411E900B09673 /* SystemConfiguration.framework */,
			);
			name = Frameworks;
			sourceTree = "<group>";
		};
		DB15AF94265679E4009DACBE /* AuthWindowController */ = {
			isa = PBXGroup;
			children = (
				DB15AF9926567AF1009DACBE /* AuthViewController.swift */,
				DB15AF9726567A9D009DACBE /* AuthWindowController.swift */,
			);
			path = AuthWindowController;
			sourceTree = "<group>";
		};
		DB1E32C41A2C0CCE00CD874A /* MessageContainer */ = {
			isa = PBXGroup;
			children = (
				DBD65C1F1A2EB08D00B84C97 /* Message.swift */,
				DB80CA811A256F9A002636E0 /* MessageContainer.swift */,
			);
			path = MessageContainer;
			sourceTree = "<group>";
		};
		DB2AE0B51A0EE2FD00B1CE4D = {
			isa = PBXGroup;
			children = (
				4A163BC4A3936157E6B4E259 /* Frameworks */,
				DB2AE0C01A0EE2FD00B1CE4D /* Hakumai */,
				DB2AE0D31A0EE2FD00B1CE4D /* HakumaiTests */,
				F02D900D06C81401D99C81D0 /* Pods */,
				DB2AE0BF1A0EE2FD00B1CE4D /* Products */,
				DB2AE1041A0F2BAA00B1CE4D /* HakumaiTests-Bridging-Header.h */,
				DB2AE0D61A0EE2FD00B1CE4D /* HakumaiTests.swift */,
			);
			indentWidth = 4;
			sourceTree = "<group>";
			tabWidth = 4;
		};
		DB2AE0BF1A0EE2FD00B1CE4D /* Products */ = {
			isa = PBXGroup;
			children = (
				DB2AE0BE1A0EE2FD00B1CE4D /* Hakumai.app */,
				DB2AE0D01A0EE2FD00B1CE4D /* HakumaiTests.xctest */,
			);
			name = Products;
			sourceTree = "<group>";
		};
		DB2AE0C01A0EE2FD00B1CE4D /* Hakumai */ = {
			isa = PBXGroup;
			children = (
				DBE73ECC1A1A1B9600A8BCA9 /* Controllers */,
				DBA414CE1A1A16FB00E0CAD3 /* Extensions */,
				DBAC3D3721C564DD00B09673 /* Generated */,
				DB6DD2A72650E984009A9574 /* Infrastructures */,
				DB6DD2A62650E958009A9574 /* Managers */,
				DBA414CA1A1A13FC00E0CAD3 /* Models */,
				DBAC3D3621C5649300B09673 /* Resources */,
				DBAC3D3421C55EFB00B09673 /* Storyboards */,
				DB2AE0C11A0EE2FD00B1CE4D /* Supporting Files */,
				DB2AE0C31A0EE2FD00B1CE4D /* AppDelegate.swift */,
				DB414C0A1A4811C4008D2F40 /* Global.swift */,
				DB2AE1031A0F2BAA00B1CE4D /* Hakumai-Bridging-Header.h */,
				DB3AF8F22645A92500A52987 /* Hakumai.entitlements */,
				DB3AE44526A1ACB9001681E9 /* OAuthCredential.sample.swift */,
				DB3AE44126A1ABCF001681E9 /* OAuthCredential.swift */,
				DB682D411A36E6AE00499C72 /* Parameter.swift */,
			);
			path = Hakumai;
			sourceTree = "<group>";
		};
		DB2AE0C11A0EE2FD00B1CE4D /* Supporting Files */ = {
			isa = PBXGroup;
			children = (
				DB2AE0C21A0EE2FD00B1CE4D /* Info.plist */,
			);
			name = "Supporting Files";
			sourceTree = "<group>";
		};
		DB2AE0D31A0EE2FD00B1CE4D /* HakumaiTests */ = {
			isa = PBXGroup;
			children = (
				DBA414D01A1A175000E0CAD3 /* Extensions */,
				DBA414CF1A1A174500E0CAD3 /* Models */,
				DBFA88921A1CAE8B005349AD /* Resources */,
				DB2AE0D41A0EE2FD00B1CE4D /* Supporting Files */,
			);
			path = HakumaiTests;
			sourceTree = "<group>";
		};
		DB2AE0D41A0EE2FD00B1CE4D /* Supporting Files */ = {
			isa = PBXGroup;
			children = (
				DB2AE0D51A0EE2FD00B1CE4D /* Info.plist */,
			);
			name = "Supporting Files";
			sourceTree = "<group>";
		};
		DB2F51652666998F000A1C58 /* Localization */ = {
			isa = PBXGroup;
			children = (
				DB2F516326669675000A1C58 /* Localizable.strings */,
			);
			path = Localization;
			sourceTree = "<group>";
		};
		DB414C031A48106B008D2F40 /* UserWindowController */ = {
			isa = PBXGroup;
			children = (
				DB414C061A4810A5008D2F40 /* UserViewController.swift */,
				DBA541E21A4821D4005FF218 /* UserWindow.swift */,
				DB414C081A481138008D2F40 /* UserWindowController.swift */,
			);
			path = UserWindowController;
			sourceTree = "<group>";
		};
		DB576ECE2657A4860041050A /* AuthManager */ = {
			isa = PBXGroup;
			children = (
				DB576ECF2657A4980041050A /* AuthManager.swift */,
				DBC9A387265FD1BF007B40F1 /* TokenStore.swift */,
			);
			path = AuthManager;
			sourceTree = "<group>";
		};
		DB576ED12657A5990041050A /* AuthManager */ = {
			isa = PBXGroup;
			children = (
				DB576ED22657A5BC0041050A /* AuthModel.swift */,
			);
			path = AuthManager;
			sourceTree = "<group>";
		};
		DB690971266372080081F24F /* CustomView */ = {
			isa = PBXGroup;
			children = (
				DB690972266372230081F24F /* BottomButtonScrollView.swift */,
				DB61AD81271B18DA001656F5 /* CircleImageView.swift */,
				DB1E736F26F237F600A6F4C0 /* ClickTableView.swift */,
			);
			path = CustomView;
			sourceTree = "<group>";
		};
		DB6DD2A62650E958009A9574 /* Managers */ = {
			isa = PBXGroup;
			children = (
				DB576ECE2657A4860041050A /* AuthManager */,
				DBE093F91A5867A7004554FD /* HandleNameManager */,
				DB1E32C41A2C0CCE00CD874A /* MessageContainer */,
				DBE093F61A585EC5004554FD /* NicoUtility */,
				DB82B39F1C07248700EFE3D9 /* SpeechManager */,
			);
			path = Managers;
			sourceTree = "<group>";
		};
		DB6DD2A72650E984009A9574 /* Infrastructures */ = {
			isa = PBXGroup;
			children = (
				DBAB69601A5C1A2F002FCD95 /* Keychain */,
				DBB952151A8655AB0059850A /* LoggerHelper.swift */,
			);
			path = Infrastructures;
			sourceTree = "<group>";
		};
		DB6DD2A82650EB95009A9574 /* NicoUtility */ = {
			isa = PBXGroup;
			children = (
				DBBE416B266CB939004002F1 /* NicoOAuthApiModel.swift */,
				DBCA2D232642BCF500B6147C /* NicoRestApiModel.swift */,
				DB6DD2AB2650ECD7009A9574 /* NicoWebModel.swift */,
				DB6DD2A92650EC86009A9574 /* NicoWebSocketModel.swift */,
			);
			path = NicoUtility;
			sourceTree = "<group>";
		};
		DB7B3DE01A242D4100205470 /* TableCellView */ = {
			isa = PBXGroup;
			children = (
				DB7B3DDB1A23B35300205470 /* ColoredView.swift */,
				DB5164FB264E662100F809B3 /* CommentTableCellView.swift */,
				DB5164FD264E664500F809B3 /* CommentTableCellView.xib */,
				DB022ED0271144CF003DC12A /* IconTableCellView.swift */,
				DB022ED2271144F8003DC12A /* IconTableCellView.xib */,
				DB55AC671A33908300CFAD99 /* PremiumTableCellView.swift */,
				DB55AC631A33905200CFAD99 /* PremiumTableCellView.xib */,
				DB7EB8A11A24AA5100C3BFB5 /* RoomPositionTableCellView.swift */,
				DB7EB89B1A24AA3700C3BFB5 /* RoomPositionTableCellView.xib */,
				DB7B3DE41A2434FB00205470 /* TimeTableCellView.swift */,
				DB7B3DE11A242D7B00205470 /* TimeTableCellView.xib */,
				DB1E32C81A2CC85C00CD874A /* UserIdTableCellView.swift */,
				DB1E32CA1A2CC87200CD874A /* UserIdTableCellView.xib */,
			);
			path = TableCellView;
			sourceTree = "<group>";
		};
		DB82B39F1C07248700EFE3D9 /* SpeechManager */ = {
			isa = PBXGroup;
			children = (
				DB82B3A01C0724C000EFE3D9 /* SpeechManager.swift */,
			);
			path = SpeechManager;
			sourceTree = "<group>";
		};
		DBA414CA1A1A13FC00E0CAD3 /* Models */ = {
			isa = PBXGroup;
			children = (
				DBFA887D1A1BC264005349AD /* Application */,
				DB576ED12657A5990041050A /* AuthManager */,
				DB6DD2A82650EB95009A9574 /* NicoUtility */,
			);
			path = Models;
			sourceTree = "<group>";
		};
		DBA414CE1A1A16FB00E0CAD3 /* Extensions */ = {
			isa = PBXGroup;
			children = (
				DBAFE965266F501A00538916 /* AFError+Extensions.swift */,
				DBB473031A359082002C797E /* Int+Extensions.swift */,
				DB1DBD8E2668FB1900435D85 /* L10n+Extensions.swift */,
				DB6C73132662894B0026A8C0 /* NSScrollView+Extensions.swift */,
				DBD7A1E8265D5863001C87E0 /* NSView+Extensions.swift */,
				DB9EFC731A3E974A0087D302 /* NSWindow+Extensions.swift */,
				DBA414CB1A1A16F300E0CAD3 /* String+Extensions.swift */,
			);
			path = Extensions;
			sourceTree = "<group>";
		};
		DBA414CF1A1A174500E0CAD3 /* Models */ = {
			isa = PBXGroup;
			children = (
				DB7BA06D1A58B6B7000778CF /* ChatTests.swift */,
				DB346B9B1A548C3B00137639 /* CommunityTests.swift */,
				DBE093FE1A5869A2004554FD /* HandleNameManagerTests.swift */,
				DB0F0ECC1A16441D00F8BDC5 /* NicoUtilityTests.swift */,
				DB82B3A31C087BA200EFE3D9 /* SpeechManagerTests.swift */,
			);
			path = Models;
			sourceTree = "<group>";
		};
		DBA414D01A1A175000E0CAD3 /* Extensions */ = {
			isa = PBXGroup;
			children = (
				DBA414D11A1A176E00E0CAD3 /* StringExtensionTests.swift */,
			);
			path = Extensions;
			sourceTree = "<group>";
		};
		DBAB69601A5C1A2F002FCD95 /* Keychain */ = {
			isa = PBXGroup;
			children = (
				DBAB69611A5C1A70002FCD95 /* KeychainUtility.swift */,
			);
			path = Keychain;
			sourceTree = "<group>";
		};
		DBAC3D3421C55EFB00B09673 /* Storyboards */ = {
			isa = PBXGroup;
			children = (
				DB15AF9526567A18009DACBE /* AuthWindowController.storyboard */,
				DBAC3D3221C55E4C00B09673 /* MainWindowController.storyboard */,
				DBA541E91A4838F4005FF218 /* PreferenceWindowController.storyboard */,
				DBA541E71A483710005FF218 /* UserWindowController.storyboard */,
			);
			path = Storyboards;
			sourceTree = "<group>";
		};
		DBAC3D3621C5649300B09673 /* Resources */ = {
			isa = PBXGroup;
			children = (
				DB2F51652666998F000A1C58 /* Localization */,
				DB2AE0C71A0EE2FD00B1CE4D /* Images.xcassets */,
			);
			path = Resources;
			sourceTree = "<group>";
		};
		DBAC3D3721C564DD00B09673 /* Generated */ = {
			isa = PBXGroup;
			children = (
				DBAC3D3821C568B500B09673 /* Images.swift */,
				DB2F516626669B3E000A1C58 /* Localize.swift */,
				DBAC3D3A21C569A900B09673 /* StoryBoards.swift */,
			);
			path = Generated;
			sourceTree = "<group>";
		};
		DBD65C191A2E0C3200B84C97 /* MainWindowController */ = {
			isa = PBXGroup;
			children = (
				DB7B3DE01A242D4100205470 /* TableCellView */,
				DB7BA0711A58C021000778CF /* HandleNameAddViewController.swift */,
				DB2AE0C51A0EE2FD00B1CE4D /* MainViewController.swift */,
				DBADF3301A5EFA4D00A3A037 /* MainWindowController.swift */,
				DBCA40D31A30AD48006299A9 /* MenuDelegate.swift */,
			);
			path = MainWindowController;
			sourceTree = "<group>";
		};
		DBE093F61A585EC5004554FD /* NicoUtility */ = {
			isa = PBXGroup;
			children = (
				DBAAA7501A0FDA4500981004 /* NicoUtility.swift */,
				DB6DD2AD2650F1B0009A9574 /* NicoUtilityProtocol.swift */,
			);
			path = NicoUtility;
			sourceTree = "<group>";
		};
		DBE093F91A5867A7004554FD /* HandleNameManager */ = {
			isa = PBXGroup;
			children = (
				DBE094011A586FFC004554FD /* HandleNameManager.swift */,
			);
			path = HandleNameManager;
			sourceTree = "<group>";
		};
		DBE73ECC1A1A1B9600A8BCA9 /* Controllers */ = {
			isa = PBXGroup;
			children = (
				DB15AF94265679E4009DACBE /* AuthWindowController */,
				DB690971266372080081F24F /* CustomView */,
				DBD65C191A2E0C3200B84C97 /* MainWindowController */,
				DBFB814D1A36B4F300294934 /* PreferenceWindowController */,
				DB414C031A48106B008D2F40 /* UserWindowController */,
				DB74B86B1A6E790C0064AC28 /* BrowserHelper.swift */,
				DB7B3DE71A246EE200205470 /* UIHelper.swift */,
			);
			path = Controllers;
			sourceTree = "<group>";
		};
		DBFA887D1A1BC264005349AD /* Application */ = {
			isa = PBXGroup;
			children = (
				DBFA887A1A1BC25A005349AD /* Chat.swift */,
				DB7F21AF1A210017008D17E0 /* Community.swift */,
				DBFA88811A1BC8C9005349AD /* Enum.swift */,
				DBFA888A1A1C9A56005349AD /* Live.swift */,
				DBB4730A1A35951C002C797E /* LiveStatistics.swift */,
				DB52B0AC1A2102C700E78C6A /* User.swift */,
			);
			path = Application;
			sourceTree = "<group>";
		};
		DBFA88921A1CAE8B005349AD /* Resources */ = {
			isa = PBXGroup;
			children = (
				DBBE416D266CCAF5004002F1 /* userinfo_response.json */,
				DBBE416F266CCB83004002F1 /* wsendpoint_response.json */,
			);
			path = Resources;
			sourceTree = "<group>";
		};
		DBFB814D1A36B4F300294934 /* PreferenceWindowController */ = {
			isa = PBXGroup;
			children = (
				DB0E10631A39B6C200A10E00 /* GeneralViewController.swift */,
				DB73A38B1A4F43F6008423D0 /* MuteAddViewController.swift */,
				DB0E10671A39B6DD00A10E00 /* MuteViewController.swift */,
				DB9EFC771A3E9EB10087D302 /* PreferenceWindow.swift */,
				DBFB81501A36B52E00294934 /* PreferenceWindowController.swift */,
			);
			path = PreferenceWindowController;
			sourceTree = "<group>";
		};
		F02D900D06C81401D99C81D0 /* Pods */ = {
			isa = PBXGroup;
			children = (
				1C70C20FABA74CB0DE9D6117 /* Pods-Hakumai.debug.xcconfig */,
				20EE9521898A5BBE307B4918 /* Pods-Hakumai.release.xcconfig */,
				E7BB54305BC1250CD75E68A4 /* Pods-HakumaiTests.debug.xcconfig */,
				C64D90E7D7263B8BAA24E4EB /* Pods-HakumaiTests.release.xcconfig */,
			);
			name = Pods;
			sourceTree = "<group>";
		};
/* End PBXGroup section */

/* Begin PBXNativeTarget section */
		DB2AE0BD1A0EE2FD00B1CE4D /* Hakumai */ = {
			isa = PBXNativeTarget;
			buildConfigurationList = DB2AE0DA1A0EE2FD00B1CE4D /* Build configuration list for PBXNativeTarget "Hakumai" */;
			buildPhases = (
				9B05742C4603611DD9579258 /* [CP] Check Pods Manifest.lock */,
				DBAC3D3521C563DF00B09673 /* SwiftGen Script */,
				DBAC3D2C21C4100C00B09673 /* Sort Project Script */,
				DB2AE0BA1A0EE2FD00B1CE4D /* Sources */,
				DB2AE0BB1A0EE2FD00B1CE4D /* Frameworks */,
				DB2AE0BC1A0EE2FD00B1CE4D /* Resources */,
				DB0FC12F1A262CF0000FADDD /* Embed Frameworks */,
				1720CD095F2EF064B1086037 /* [CP] Embed Pods Frameworks */,
				DBD940CF1BF6EA76001BDB47 /* Sparkle Script */,
				DBAC3D2F21C414AB00B09673 /* SwiftLint Script */,
			);
			buildRules = (
			);
			dependencies = (
			);
			name = Hakumai;
			productName = Hakumai;
			productReference = DB2AE0BE1A0EE2FD00B1CE4D /* Hakumai.app */;
			productType = "com.apple.product-type.application";
		};
		DB2AE0CF1A0EE2FD00B1CE4D /* HakumaiTests */ = {
			isa = PBXNativeTarget;
			buildConfigurationList = DB2AE0DD1A0EE2FD00B1CE4D /* Build configuration list for PBXNativeTarget "HakumaiTests" */;
			buildPhases = (
				FAA9E0AD040E4264620CB42D /* [CP] Check Pods Manifest.lock */,
				DB2AE0CC1A0EE2FD00B1CE4D /* Sources */,
				DB2AE0CD1A0EE2FD00B1CE4D /* Frameworks */,
				DB2AE0CE1A0EE2FD00B1CE4D /* Resources */,
			);
			buildRules = (
			);
			dependencies = (
				DB2AE0D21A0EE2FD00B1CE4D /* PBXTargetDependency */,
			);
			name = HakumaiTests;
			productName = HakumaiTests;
			productReference = DB2AE0D01A0EE2FD00B1CE4D /* HakumaiTests.xctest */;
			productType = "com.apple.product-type.bundle.unit-test";
		};
/* End PBXNativeTarget section */

/* Begin PBXProject section */
		DB2AE0B61A0EE2FD00B1CE4D /* Project object */ = {
			isa = PBXProject;
			attributes = {
				LastSwiftMigration = 0700;
				LastSwiftUpdateCheck = 0700;
				LastUpgradeCheck = 1020;
				ORGANIZATIONNAME = "Hiroyuki Onishi";
				TargetAttributes = {
					DB2AE0BD1A0EE2FD00B1CE4D = {
						CreatedOnToolsVersion = 6.1;
						DevelopmentTeam = N4SRN3NAQ3;
						LastSwiftMigration = 1010;
						ProvisioningStyle = Automatic;
					};
					DB2AE0CF1A0EE2FD00B1CE4D = {
						CreatedOnToolsVersion = 6.1;
						DevelopmentTeam = N4SRN3NAQ3;
						LastSwiftMigration = 1010;
						TestTargetID = DB2AE0BD1A0EE2FD00B1CE4D;
					};
				};
			};
			buildConfigurationList = DB2AE0B91A0EE2FD00B1CE4D /* Build configuration list for PBXProject "Hakumai" */;
			compatibilityVersion = "Xcode 3.2";
			developmentRegion = en;
			hasScannedForEncodings = 0;
			knownRegions = (
				en,
				Base,
				ja,
			);
			mainGroup = DB2AE0B51A0EE2FD00B1CE4D;
			productRefGroup = DB2AE0BF1A0EE2FD00B1CE4D /* Products */;
			projectDirPath = "";
			projectRoot = "";
			targets = (
				DB2AE0BD1A0EE2FD00B1CE4D /* Hakumai */,
				DB2AE0CF1A0EE2FD00B1CE4D /* HakumaiTests */,
			);
		};
/* End PBXProject section */

/* Begin PBXResourcesBuildPhase section */
		DB2AE0BC1A0EE2FD00B1CE4D /* Resources */ = {
			isa = PBXResourcesBuildPhase;
			buildActionMask = 2147483647;
			files = (
				DB15AF9626567A18009DACBE /* AuthWindowController.storyboard in Resources */,
				DB5164FE264E664500F809B3 /* CommentTableCellView.xib in Resources */,
				DB022ED3271144F8003DC12A /* IconTableCellView.xib in Resources */,
				DB2AE0C81A0EE2FD00B1CE4D /* Images.xcassets in Resources */,
				DB2F516126669675000A1C58 /* Localizable.strings in Resources */,
				DBAC3D3321C55E4C00B09673 /* MainWindowController.storyboard in Resources */,
				DBA541EA1A4838F4005FF218 /* PreferenceWindowController.storyboard in Resources */,
				DB55AC641A33905200CFAD99 /* PremiumTableCellView.xib in Resources */,
				DB7EB89C1A24AA3700C3BFB5 /* RoomPositionTableCellView.xib in Resources */,
				DB7B3DE21A242D7B00205470 /* TimeTableCellView.xib in Resources */,
				DB1E32CB1A2CC87200CD874A /* UserIdTableCellView.xib in Resources */,
				DBA541E81A483710005FF218 /* UserWindowController.storyboard in Resources */,
			);
			runOnlyForDeploymentPostprocessing = 0;
		};
		DB2AE0CE1A0EE2FD00B1CE4D /* Resources */ = {
			isa = PBXResourcesBuildPhase;
			buildActionMask = 2147483647;
			files = (
				DBBE416E266CCAF5004002F1 /* userinfo_response.json in Resources */,
				DBBE4170266CCB83004002F1 /* wsendpoint_response.json in Resources */,
			);
			runOnlyForDeploymentPostprocessing = 0;
		};
/* End PBXResourcesBuildPhase section */

/* Begin PBXShellScriptBuildPhase section */
		1720CD095F2EF064B1086037 /* [CP] Embed Pods Frameworks */ = {
			isa = PBXShellScriptBuildPhase;
			buildActionMask = 2147483647;
			files = (
			);
			inputPaths = (
				"${PODS_ROOT}/Target Support Files/Pods-Hakumai/Pods-Hakumai-frameworks.sh",
				"${BUILT_PRODUCTS_DIR}/Alamofire/Alamofire.framework",
				"${BUILT_PRODUCTS_DIR}/Charts/Charts.framework",
				"${BUILT_PRODUCTS_DIR}/FMDB/FMDB.framework",
				"${BUILT_PRODUCTS_DIR}/Kingfisher/Kingfisher.framework",
				"${BUILT_PRODUCTS_DIR}/ObjcExceptionBridging/ObjcExceptionBridging.framework",
				"${BUILT_PRODUCTS_DIR}/SAMKeychain/SAMKeychain.framework",
				"${BUILT_PRODUCTS_DIR}/SnapKit/SnapKit.framework",
				"${PODS_ROOT}/Sparkle/Sparkle.framework",
				"${BUILT_PRODUCTS_DIR}/Starscream/Starscream.framework",
				"${BUILT_PRODUCTS_DIR}/XCGLogger/XCGLogger.framework",
			);
			name = "[CP] Embed Pods Frameworks";
			outputPaths = (
				"${TARGET_BUILD_DIR}/${FRAMEWORKS_FOLDER_PATH}/Alamofire.framework",
				"${TARGET_BUILD_DIR}/${FRAMEWORKS_FOLDER_PATH}/Charts.framework",
				"${TARGET_BUILD_DIR}/${FRAMEWORKS_FOLDER_PATH}/FMDB.framework",
				"${TARGET_BUILD_DIR}/${FRAMEWORKS_FOLDER_PATH}/Kingfisher.framework",
				"${TARGET_BUILD_DIR}/${FRAMEWORKS_FOLDER_PATH}/ObjcExceptionBridging.framework",
				"${TARGET_BUILD_DIR}/${FRAMEWORKS_FOLDER_PATH}/SAMKeychain.framework",
				"${TARGET_BUILD_DIR}/${FRAMEWORKS_FOLDER_PATH}/SnapKit.framework",
				"${TARGET_BUILD_DIR}/${FRAMEWORKS_FOLDER_PATH}/Sparkle.framework",
				"${TARGET_BUILD_DIR}/${FRAMEWORKS_FOLDER_PATH}/Starscream.framework",
				"${TARGET_BUILD_DIR}/${FRAMEWORKS_FOLDER_PATH}/XCGLogger.framework",
			);
			runOnlyForDeploymentPostprocessing = 0;
			shellPath = /bin/sh;
			shellScript = "\"${PODS_ROOT}/Target Support Files/Pods-Hakumai/Pods-Hakumai-frameworks.sh\"\n";
			showEnvVarsInLog = 0;
		};
		9B05742C4603611DD9579258 /* [CP] Check Pods Manifest.lock */ = {
			isa = PBXShellScriptBuildPhase;
			buildActionMask = 2147483647;
			files = (
			);
			inputPaths = (
				"${PODS_PODFILE_DIR_PATH}/Podfile.lock",
				"${PODS_ROOT}/Manifest.lock",
			);
			name = "[CP] Check Pods Manifest.lock";
			outputPaths = (
				"$(DERIVED_FILE_DIR)/Pods-Hakumai-checkManifestLockResult.txt",
			);
			runOnlyForDeploymentPostprocessing = 0;
			shellPath = /bin/sh;
			shellScript = "diff \"${PODS_PODFILE_DIR_PATH}/Podfile.lock\" \"${PODS_ROOT}/Manifest.lock\" > /dev/null\nif [ $? != 0 ] ; then\n    # print error to STDERR\n    echo \"error: The sandbox is not in sync with the Podfile.lock. Run 'pod install' or update your CocoaPods installation.\" >&2\n    exit 1\nfi\n# This output is used by Xcode 'outputs' to avoid re-running this script phase.\necho \"SUCCESS\" > \"${SCRIPT_OUTPUT_FILE_0}\"\n";
			showEnvVarsInLog = 0;
		};
		DBAC3D2C21C4100C00B09673 /* Sort Project Script */ = {
			isa = PBXShellScriptBuildPhase;
			buildActionMask = 2147483647;
			files = (
			);
			inputFileListPaths = (
			);
			inputPaths = (
			);
			name = "Sort Project Script";
			outputFileListPaths = (
			);
			outputPaths = (
			);
			runOnlyForDeploymentPostprocessing = 0;
			shellPath = /bin/sh;
			shellScript = "perl \"${PROJECT_DIR}/script/sort-Xcode-project-file\" \"${PROJECT_FILE_PATH}/project.pbxproj\"\n";
		};
		DBAC3D2F21C414AB00B09673 /* SwiftLint Script */ = {
			isa = PBXShellScriptBuildPhase;
			buildActionMask = 2147483647;
			files = (
			);
			inputFileListPaths = (
			);
			inputPaths = (
			);
			name = "SwiftLint Script";
			outputFileListPaths = (
			);
			outputPaths = (
			);
			runOnlyForDeploymentPostprocessing = 0;
			shellPath = /bin/sh;
			shellScript = "if which \"${PODS_ROOT}/SwiftLint/swiftlint\" >/dev/null; then\n\"${PODS_ROOT}/SwiftLint/swiftlint\" autocorrect --format\n\"${PODS_ROOT}/SwiftLint/swiftlint\"\nelse\necho \"warning: SwiftLint not installed, download from https://github.com/realm/SwiftLint\"\nfi\n";
		};
		DBAC3D3521C563DF00B09673 /* SwiftGen Script */ = {
			isa = PBXShellScriptBuildPhase;
			buildActionMask = 2147483647;
			files = (
			);
			inputFileListPaths = (
			);
			inputPaths = (
			);
			name = "SwiftGen Script";
			outputFileListPaths = (
			);
			outputPaths = (
			);
			runOnlyForDeploymentPostprocessing = 0;
			shellPath = /bin/sh;
			shellScript = "if which \"$PODS_ROOT/SwiftGen/bin/swiftgen\" >/dev/null; then\n\"$PODS_ROOT/SwiftGen/bin/swiftgen\"\nelse\necho \"warning: SwiftGen not installed, download it from https://github.com/SwiftGen/SwiftGen\"\nfi\n";
		};
		DBD940CF1BF6EA76001BDB47 /* Sparkle Script */ = {
			isa = PBXShellScriptBuildPhase;
			buildActionMask = 2147483647;
			files = (
			);
			inputPaths = (
			);
			name = "Sparkle Script";
			outputPaths = (
			);
			runOnlyForDeploymentPostprocessing = 0;
			shellPath = /bin/sh;
			shellScript = "#\n# code sign script, based on http://sparkle-project.org/documentation/cocoapods/\n#\nLOCATION=\"${BUILT_PRODUCTS_DIR}/${FRAMEWORKS_FOLDER_PATH}\"\n\n# Usually set by Xcode\n# CODE_SIGN_IDENTITY=\"xDeveloper ID Application: XXX\"\n\necho \"Code Signing Sparkle.framework with Identity \\\"$CODE_SIGN_IDENTITY\\\"\"\n\n# for ci, allow signing error by using '|| true'\ncodesign --verbose --force --sign \"$CODE_SIGN_IDENTITY\" \"$LOCATION/Sparkle.framework/Versions/A\" || true\n";
		};
		FAA9E0AD040E4264620CB42D /* [CP] Check Pods Manifest.lock */ = {
			isa = PBXShellScriptBuildPhase;
			buildActionMask = 2147483647;
			files = (
			);
			inputPaths = (
				"${PODS_PODFILE_DIR_PATH}/Podfile.lock",
				"${PODS_ROOT}/Manifest.lock",
			);
			name = "[CP] Check Pods Manifest.lock";
			outputPaths = (
				"$(DERIVED_FILE_DIR)/Pods-HakumaiTests-checkManifestLockResult.txt",
			);
			runOnlyForDeploymentPostprocessing = 0;
			shellPath = /bin/sh;
			shellScript = "diff \"${PODS_PODFILE_DIR_PATH}/Podfile.lock\" \"${PODS_ROOT}/Manifest.lock\" > /dev/null\nif [ $? != 0 ] ; then\n    # print error to STDERR\n    echo \"error: The sandbox is not in sync with the Podfile.lock. Run 'pod install' or update your CocoaPods installation.\" >&2\n    exit 1\nfi\n# This output is used by Xcode 'outputs' to avoid re-running this script phase.\necho \"SUCCESS\" > \"${SCRIPT_OUTPUT_FILE_0}\"\n";
			showEnvVarsInLog = 0;
		};
/* End PBXShellScriptBuildPhase section */

/* Begin PBXSourcesBuildPhase section */
		DB2AE0BA1A0EE2FD00B1CE4D /* Sources */ = {
			isa = PBXSourcesBuildPhase;
			buildActionMask = 2147483647;
			files = (
				DBAFE966266F501A00538916 /* AFError+Extensions.swift in Sources */,
				DB2AE0C41A0EE2FD00B1CE4D /* AppDelegate.swift in Sources */,
				DB576ED02657A4980041050A /* AuthManager.swift in Sources */,
				DB576ED32657A5BC0041050A /* AuthModel.swift in Sources */,
				DB15AF9A26567AF1009DACBE /* AuthViewController.swift in Sources */,
				DB15AF9826567A9D009DACBE /* AuthWindowController.swift in Sources */,
				DB690973266372230081F24F /* BottomButtonScrollView.swift in Sources */,
				DB74B86C1A6E790C0064AC28 /* BrowserHelper.swift in Sources */,
				DBFA887B1A1BC25A005349AD /* Chat.swift in Sources */,
				DB61AD82271B18DA001656F5 /* CircleImageView.swift in Sources */,
				DB1E737026F237F600A6F4C0 /* ClickTableView.swift in Sources */,
				DB7B3DDC1A23B35300205470 /* ColoredView.swift in Sources */,
				DB5164FC264E662100F809B3 /* CommentTableCellView.swift in Sources */,
				DB7F21B01A210017008D17E0 /* Community.swift in Sources */,
				DBFA88821A1BC8C9005349AD /* Enum.swift in Sources */,
				DB0E10641A39B6C200A10E00 /* GeneralViewController.swift in Sources */,
				DB414C0B1A4811C4008D2F40 /* Global.swift in Sources */,
				DB7BA0721A58C021000778CF /* HandleNameAddViewController.swift in Sources */,
				DBE094021A586FFC004554FD /* HandleNameManager.swift in Sources */,
				DB022ED1271144CF003DC12A /* IconTableCellView.swift in Sources */,
				DBAC3D3921C568B500B09673 /* Images.swift in Sources */,
				DBB473041A359082002C797E /* Int+Extensions.swift in Sources */,
				DBAB69621A5C1A70002FCD95 /* KeychainUtility.swift in Sources */,
				DB1DBD8F2668FB1900435D85 /* L10n+Extensions.swift in Sources */,
				DBFA888B1A1C9A56005349AD /* Live.swift in Sources */,
				DBB4730B1A35951C002C797E /* LiveStatistics.swift in Sources */,
				DB2F516726669B3E000A1C58 /* Localize.swift in Sources */,
				DBB952161A8655AB0059850A /* LoggerHelper.swift in Sources */,
				DB2AE0C61A0EE2FD00B1CE4D /* MainViewController.swift in Sources */,
				DBADF3311A5EFA4D00A3A037 /* MainWindowController.swift in Sources */,
				DBCA40D41A30AD48006299A9 /* MenuDelegate.swift in Sources */,
				DBD65C201A2EB08D00B84C97 /* Message.swift in Sources */,
				DB80CA821A256F9A002636E0 /* MessageContainer.swift in Sources */,
				DB73A38C1A4F43F6008423D0 /* MuteAddViewController.swift in Sources */,
				DB0E10681A39B6DD00A10E00 /* MuteViewController.swift in Sources */,
				DBBE416C266CB939004002F1 /* NicoOAuthApiModel.swift in Sources */,
				DBCA2D242642BCF500B6147C /* NicoRestApiModel.swift in Sources */,
				DBAAA7511A0FDA4500981004 /* NicoUtility.swift in Sources */,
				DB6DD2AE2650F1B0009A9574 /* NicoUtilityProtocol.swift in Sources */,
				DB6DD2AC2650ECD7009A9574 /* NicoWebModel.swift in Sources */,
				DB6DD2AA2650EC86009A9574 /* NicoWebSocketModel.swift in Sources */,
				DB6C73142662894B0026A8C0 /* NSScrollView+Extensions.swift in Sources */,
				DBD7A1E9265D5863001C87E0 /* NSView+Extensions.swift in Sources */,
				DB9EFC741A3E974A0087D302 /* NSWindow+Extensions.swift in Sources */,
				DB3AE44226A1ABCF001681E9 /* OAuthCredential.swift in Sources */,
				DB682D421A36E6AE00499C72 /* Parameter.swift in Sources */,
				DB9EFC781A3E9EB10087D302 /* PreferenceWindow.swift in Sources */,
				DBFB81511A36B52E00294934 /* PreferenceWindowController.swift in Sources */,
				DB55AC681A33908300CFAD99 /* PremiumTableCellView.swift in Sources */,
				DB7EB8A21A24AA5100C3BFB5 /* RoomPositionTableCellView.swift in Sources */,
				DB82B3A11C0724C000EFE3D9 /* SpeechManager.swift in Sources */,
				DBAC3D3B21C569A900B09673 /* StoryBoards.swift in Sources */,
				DBA414CC1A1A16F300E0CAD3 /* String+Extensions.swift in Sources */,
				DB7B3DE51A2434FB00205470 /* TimeTableCellView.swift in Sources */,
				DBC9A388265FD1BF007B40F1 /* TokenStore.swift in Sources */,
				DB7B3DE81A246EE200205470 /* UIHelper.swift in Sources */,
				DB52B0AD1A2102C700E78C6A /* User.swift in Sources */,
				DB1E32C91A2CC85C00CD874A /* UserIdTableCellView.swift in Sources */,
				DB414C071A4810A5008D2F40 /* UserViewController.swift in Sources */,
				DBA541E31A4821D4005FF218 /* UserWindow.swift in Sources */,
				DB414C091A481138008D2F40 /* UserWindowController.swift in Sources */,
			);
			runOnlyForDeploymentPostprocessing = 0;
		};
		DB2AE0CC1A0EE2FD00B1CE4D /* Sources */ = {
			isa = PBXSourcesBuildPhase;
			buildActionMask = 2147483647;
			files = (
				DB7BA06E1A58B6B7000778CF /* ChatTests.swift in Sources */,
				DB346B9C1A548C3B00137639 /* CommunityTests.swift in Sources */,
				DB2AE0D71A0EE2FD00B1CE4D /* HakumaiTests.swift in Sources */,
				DBE093FF1A5869A2004554FD /* HandleNameManagerTests.swift in Sources */,
				DB0F0ECD1A16441D00F8BDC5 /* NicoUtilityTests.swift in Sources */,
				DB82B3A41C087BA200EFE3D9 /* SpeechManagerTests.swift in Sources */,
				DBA414D21A1A176E00E0CAD3 /* StringExtensionTests.swift in Sources */,
			);
			runOnlyForDeploymentPostprocessing = 0;
		};
/* End PBXSourcesBuildPhase section */

/* Begin PBXTargetDependency section */
		DB2AE0D21A0EE2FD00B1CE4D /* PBXTargetDependency */ = {
			isa = PBXTargetDependency;
			target = DB2AE0BD1A0EE2FD00B1CE4D /* Hakumai */;
			targetProxy = DB2AE0D11A0EE2FD00B1CE4D /* PBXContainerItemProxy */;
		};
/* End PBXTargetDependency section */

/* Begin PBXVariantGroup section */
		DB2F516326669675000A1C58 /* Localizable.strings */ = {
			isa = PBXVariantGroup;
			children = (
				DB2F516226669675000A1C58 /* en */,
				DB2F5164266696FD000A1C58 /* ja */,
			);
			name = Localizable.strings;
			sourceTree = "<group>";
		};
/* End PBXVariantGroup section */

/* Begin XCBuildConfiguration section */
		DB2AE0D81A0EE2FD00B1CE4D /* Debug */ = {
			isa = XCBuildConfiguration;
			buildSettings = {
				ALWAYS_SEARCH_USER_PATHS = NO;
				CLANG_ANALYZER_LOCALIZABILITY_NONLOCALIZED = YES;
				CLANG_CXX_LANGUAGE_STANDARD = "gnu++0x";
				CLANG_CXX_LIBRARY = "libc++";
				CLANG_ENABLE_MODULES = YES;
				CLANG_ENABLE_OBJC_ARC = YES;
				CLANG_WARN_BLOCK_CAPTURE_AUTORELEASING = YES;
				CLANG_WARN_BOOL_CONVERSION = YES;
				CLANG_WARN_COMMA = YES;
				CLANG_WARN_CONSTANT_CONVERSION = YES;
				CLANG_WARN_DEPRECATED_OBJC_IMPLEMENTATIONS = YES;
				CLANG_WARN_DIRECT_OBJC_ISA_USAGE = YES_ERROR;
				CLANG_WARN_EMPTY_BODY = YES;
				CLANG_WARN_ENUM_CONVERSION = YES;
				CLANG_WARN_INFINITE_RECURSION = YES;
				CLANG_WARN_INT_CONVERSION = YES;
				CLANG_WARN_NON_LITERAL_NULL_CONVERSION = YES;
				CLANG_WARN_OBJC_IMPLICIT_RETAIN_SELF = YES;
				CLANG_WARN_OBJC_LITERAL_CONVERSION = YES;
				CLANG_WARN_OBJC_ROOT_CLASS = YES_ERROR;
				CLANG_WARN_RANGE_LOOP_ANALYSIS = YES;
				CLANG_WARN_STRICT_PROTOTYPES = YES;
				CLANG_WARN_SUSPICIOUS_MOVE = YES;
				CLANG_WARN_UNREACHABLE_CODE = YES;
				CLANG_WARN__DUPLICATE_METHOD_MATCH = YES;
				CODE_SIGN_IDENTITY = "";
				COPY_PHASE_STRIP = NO;
				ENABLE_STRICT_OBJC_MSGSEND = YES;
				ENABLE_TESTABILITY = YES;
				GCC_C_LANGUAGE_STANDARD = gnu99;
				GCC_DYNAMIC_NO_PIC = NO;
				GCC_NO_COMMON_BLOCKS = YES;
				GCC_OPTIMIZATION_LEVEL = 0;
				GCC_PREPROCESSOR_DEFINITIONS = (
					"DEBUG=1",
					"$(inherited)",
				);
				GCC_SYMBOLS_PRIVATE_EXTERN = NO;
				GCC_WARN_64_TO_32_BIT_CONVERSION = YES;
				GCC_WARN_ABOUT_RETURN_TYPE = YES_ERROR;
				GCC_WARN_UNDECLARED_SELECTOR = YES;
				GCC_WARN_UNINITIALIZED_AUTOS = YES_AGGRESSIVE;
				GCC_WARN_UNUSED_FUNCTION = YES;
				GCC_WARN_UNUSED_VARIABLE = YES;
				HEADER_SEARCH_PATHS = (
					"$(inherited)",
					/Applications/Xcode.app/Contents/Developer/Toolchains/XcodeDefault.xctoolchain/usr/include,
					"\"$(SDKROOT)/usr/include/libxml2\"",
					"\"$(PROJECT_DIR)/Hakumai/Libraries/YukkuroidClient\"",
				);
				MACOSX_DEPLOYMENT_TARGET = 10.12;
				MTL_ENABLE_DEBUG_INFO = YES;
				ONLY_ACTIVE_ARCH = YES;
				SDKROOT = macosx;
				SWIFT_OPTIMIZATION_LEVEL = "-Onone";
			};
			name = Debug;
		};
		DB2AE0D91A0EE2FD00B1CE4D /* Release */ = {
			isa = XCBuildConfiguration;
			buildSettings = {
				ALWAYS_SEARCH_USER_PATHS = NO;
				CLANG_ANALYZER_LOCALIZABILITY_NONLOCALIZED = YES;
				CLANG_CXX_LANGUAGE_STANDARD = "gnu++0x";
				CLANG_CXX_LIBRARY = "libc++";
				CLANG_ENABLE_MODULES = YES;
				CLANG_ENABLE_OBJC_ARC = YES;
				CLANG_WARN_BLOCK_CAPTURE_AUTORELEASING = YES;
				CLANG_WARN_BOOL_CONVERSION = YES;
				CLANG_WARN_COMMA = YES;
				CLANG_WARN_CONSTANT_CONVERSION = YES;
				CLANG_WARN_DEPRECATED_OBJC_IMPLEMENTATIONS = YES;
				CLANG_WARN_DIRECT_OBJC_ISA_USAGE = YES_ERROR;
				CLANG_WARN_EMPTY_BODY = YES;
				CLANG_WARN_ENUM_CONVERSION = YES;
				CLANG_WARN_INFINITE_RECURSION = YES;
				CLANG_WARN_INT_CONVERSION = YES;
				CLANG_WARN_NON_LITERAL_NULL_CONVERSION = YES;
				CLANG_WARN_OBJC_IMPLICIT_RETAIN_SELF = YES;
				CLANG_WARN_OBJC_LITERAL_CONVERSION = YES;
				CLANG_WARN_OBJC_ROOT_CLASS = YES_ERROR;
				CLANG_WARN_RANGE_LOOP_ANALYSIS = YES;
				CLANG_WARN_STRICT_PROTOTYPES = YES;
				CLANG_WARN_SUSPICIOUS_MOVE = YES;
				CLANG_WARN_UNREACHABLE_CODE = YES;
				CLANG_WARN__DUPLICATE_METHOD_MATCH = YES;
				CODE_SIGN_IDENTITY = "";
				COPY_PHASE_STRIP = YES;
				DEBUG_INFORMATION_FORMAT = "dwarf-with-dsym";
				ENABLE_NS_ASSERTIONS = NO;
				ENABLE_STRICT_OBJC_MSGSEND = YES;
				GCC_C_LANGUAGE_STANDARD = gnu99;
				GCC_NO_COMMON_BLOCKS = YES;
				GCC_WARN_64_TO_32_BIT_CONVERSION = YES;
				GCC_WARN_ABOUT_RETURN_TYPE = YES_ERROR;
				GCC_WARN_UNDECLARED_SELECTOR = YES;
				GCC_WARN_UNINITIALIZED_AUTOS = YES_AGGRESSIVE;
				GCC_WARN_UNUSED_FUNCTION = YES;
				GCC_WARN_UNUSED_VARIABLE = YES;
				HEADER_SEARCH_PATHS = (
					"$(inherited)",
					/Applications/Xcode.app/Contents/Developer/Toolchains/XcodeDefault.xctoolchain/usr/include,
					"\"$(SDKROOT)/usr/include/libxml2\"",
					"\"$(PROJECT_DIR)/Hakumai/Libraries/YukkuroidClient\"",
				);
				MACOSX_DEPLOYMENT_TARGET = 10.12;
				MTL_ENABLE_DEBUG_INFO = NO;
				SDKROOT = macosx;
			};
			name = Release;
		};
		DB2AE0DB1A0EE2FD00B1CE4D /* Debug */ = {
			isa = XCBuildConfiguration;
			baseConfigurationReference = 1C70C20FABA74CB0DE9D6117 /* Pods-Hakumai.debug.xcconfig */;
			buildSettings = {
				ASSETCATALOG_COMPILER_APPICON_NAME = AppIcon;
				CLANG_ENABLE_MODULES = YES;
				CODE_SIGN_ENTITLEMENTS = Hakumai/Hakumai.entitlements;
				CODE_SIGN_IDENTITY = "Mac Developer";
				COMBINE_HIDPI_IMAGES = YES;
				CURRENT_PROJECT_VERSION = 1092;
				DEVELOPMENT_TEAM = N4SRN3NAQ3;
				ENABLE_HARDENED_RUNTIME = YES;
				INFOPLIST_FILE = Hakumai/Info.plist;
				LD_RUNPATH_SEARCH_PATHS = "$(inherited) @executable_path/../Frameworks";
				LIBRARY_SEARCH_PATHS = (
					"$(inherited)",
					"$(SDKROOT)/usr/lib/system",
				);
				MARKETING_VERSION = 0.92.0;
				OTHER_CODE_SIGN_FLAGS = "--deep";
				OTHER_LDFLAGS = (
					"$(inherited)",
					"-Wl,-rpath,@loader_path/../Frameworks",
				);
				OTHER_SWIFT_FLAGS = "$(inherited) -D DEBUG";
				PRODUCT_BUNDLE_IDENTIFIER = "com.honishi.$(PRODUCT_NAME:rfc1034identifier)";
				PRODUCT_NAME = "$(TARGET_NAME)";
				SWIFT_OBJC_BRIDGING_HEADER = "Hakumai/Hakumai-Bridging-Header.h";
				SWIFT_OPTIMIZATION_LEVEL = "-Onone";
				SWIFT_VERSION = 5.0;
			};
			name = Debug;
		};
		DB2AE0DC1A0EE2FD00B1CE4D /* Release */ = {
			isa = XCBuildConfiguration;
			baseConfigurationReference = 20EE9521898A5BBE307B4918 /* Pods-Hakumai.release.xcconfig */;
			buildSettings = {
				ASSETCATALOG_COMPILER_APPICON_NAME = AppIcon;
				CLANG_ENABLE_MODULES = YES;
				CODE_SIGN_ENTITLEMENTS = Hakumai/Hakumai.entitlements;
				CODE_SIGN_IDENTITY = "Mac Developer";
				COMBINE_HIDPI_IMAGES = YES;
				CURRENT_PROJECT_VERSION = 1092;
				DEVELOPMENT_TEAM = N4SRN3NAQ3;
				ENABLE_HARDENED_RUNTIME = YES;
				INFOPLIST_FILE = Hakumai/Info.plist;
				LD_RUNPATH_SEARCH_PATHS = "$(inherited) @executable_path/../Frameworks";
				LIBRARY_SEARCH_PATHS = (
					"$(inherited)",
					"$(SDKROOT)/usr/lib/system",
				);
				MARKETING_VERSION = 0.92.0;
				OTHER_CODE_SIGN_FLAGS = "--deep";
				OTHER_LDFLAGS = (
					"$(inherited)",
					"-Wl,-rpath,@loader_path/../Frameworks",
				);
				PRODUCT_BUNDLE_IDENTIFIER = "com.honishi.$(PRODUCT_NAME:rfc1034identifier)";
				PRODUCT_NAME = "$(TARGET_NAME)";
				SWIFT_OBJC_BRIDGING_HEADER = "Hakumai/Hakumai-Bridging-Header.h";
				SWIFT_OPTIMIZATION_LEVEL = "-Owholemodule";
				SWIFT_VERSION = 5.0;
			};
			name = Release;
		};
		DB2AE0DE1A0EE2FD00B1CE4D /* Debug */ = {
			isa = XCBuildConfiguration;
			baseConfigurationReference = E7BB54305BC1250CD75E68A4 /* Pods-HakumaiTests.debug.xcconfig */;
			buildSettings = {
				BUNDLE_LOADER = "$(TEST_HOST)";
				CLANG_ENABLE_MODULES = YES;
				CODE_SIGN_IDENTITY = "Apple Development";
				COMBINE_HIDPI_IMAGES = YES;
				DEVELOPMENT_TEAM = N4SRN3NAQ3;
				FRAMEWORK_SEARCH_PATHS = (
					"$(DEVELOPER_FRAMEWORKS_DIR)",
					"$(inherited)",
				);
				GCC_PREPROCESSOR_DEFINITIONS = (
					"DEBUG=1",
					"$(inherited)",
				);
				INFOPLIST_FILE = HakumaiTests/Info.plist;
				LD_RUNPATH_SEARCH_PATHS = "$(inherited) @executable_path/../Frameworks @loader_path/../Frameworks";
				PRODUCT_BUNDLE_IDENTIFIER = "com.honishi.$(PRODUCT_NAME:rfc1034identifier)";
				PRODUCT_NAME = "$(TARGET_NAME)";
				SWIFT_OBJC_BRIDGING_HEADER = "HakumaiTests/HakumaiTests-Bridging-Header.h";
				SWIFT_OPTIMIZATION_LEVEL = "-Onone";
				SWIFT_VERSION = 5.0;
				TEST_HOST = "$(BUILT_PRODUCTS_DIR)/Hakumai.app/Contents/MacOS/Hakumai";
			};
			name = Debug;
		};
		DB2AE0DF1A0EE2FD00B1CE4D /* Release */ = {
			isa = XCBuildConfiguration;
			baseConfigurationReference = C64D90E7D7263B8BAA24E4EB /* Pods-HakumaiTests.release.xcconfig */;
			buildSettings = {
				BUNDLE_LOADER = "$(TEST_HOST)";
				CLANG_ENABLE_MODULES = YES;
				CODE_SIGN_IDENTITY = "Apple Development";
				COMBINE_HIDPI_IMAGES = YES;
				DEVELOPMENT_TEAM = N4SRN3NAQ3;
				FRAMEWORK_SEARCH_PATHS = (
					"$(DEVELOPER_FRAMEWORKS_DIR)",
					"$(inherited)",
				);
				INFOPLIST_FILE = HakumaiTests/Info.plist;
				LD_RUNPATH_SEARCH_PATHS = "$(inherited) @executable_path/../Frameworks @loader_path/../Frameworks";
				PRODUCT_BUNDLE_IDENTIFIER = "com.honishi.$(PRODUCT_NAME:rfc1034identifier)";
				PRODUCT_NAME = "$(TARGET_NAME)";
				SWIFT_OBJC_BRIDGING_HEADER = "HakumaiTests/HakumaiTests-Bridging-Header.h";
				SWIFT_OPTIMIZATION_LEVEL = "-Owholemodule";
				SWIFT_VERSION = 5.0;
				TEST_HOST = "$(BUILT_PRODUCTS_DIR)/Hakumai.app/Contents/MacOS/Hakumai";
			};
			name = Release;
		};
/* End XCBuildConfiguration section */

/* Begin XCConfigurationList section */
		DB2AE0B91A0EE2FD00B1CE4D /* Build configuration list for PBXProject "Hakumai" */ = {
			isa = XCConfigurationList;
			buildConfigurations = (
				DB2AE0D81A0EE2FD00B1CE4D /* Debug */,
				DB2AE0D91A0EE2FD00B1CE4D /* Release */,
			);
			defaultConfigurationIsVisible = 0;
			defaultConfigurationName = Release;
		};
		DB2AE0DA1A0EE2FD00B1CE4D /* Build configuration list for PBXNativeTarget "Hakumai" */ = {
			isa = XCConfigurationList;
			buildConfigurations = (
				DB2AE0DB1A0EE2FD00B1CE4D /* Debug */,
				DB2AE0DC1A0EE2FD00B1CE4D /* Release */,
			);
			defaultConfigurationIsVisible = 0;
			defaultConfigurationName = Release;
		};
		DB2AE0DD1A0EE2FD00B1CE4D /* Build configuration list for PBXNativeTarget "HakumaiTests" */ = {
			isa = XCConfigurationList;
			buildConfigurations = (
				DB2AE0DE1A0EE2FD00B1CE4D /* Debug */,
				DB2AE0DF1A0EE2FD00B1CE4D /* Release */,
			);
			defaultConfigurationIsVisible = 0;
			defaultConfigurationName = Release;
		};
/* End XCConfigurationList section */
	};
	rootObject = DB2AE0B61A0EE2FD00B1CE4D /* Project object */;
}
